
Microsoft Visual Studio Solution File, Format Version 12.00
# Visual Studio Version 16
VisualStudioVersion = 16.0.29318.209
MinimumVisualStudioVersion = 10.0.40219.1
Project("{2150E333-8FDC-42A3-9474-1A3956D46DE8}") = "Topics", "Topics", "{381E6158-59BC-4D40-9F33-084C4140E44D}"
EndProject
Project("{2150E333-8FDC-42A3-9474-1A3956D46DE8}") = "Shared", "Shared", "{892E4AFA-6526-4CA8-BB3F-B47C8F293C6C}"
EndProject
Project("{FAE04EC0-301F-11D3-BF4B-00C04F79EFBC}") = "Physics.Shared.UI", "src\Shared\Physics.Shared\Physics.Shared.UI.csproj", "{80C65FA4-C269-470B-9499-0D26A549E2FA}"
EndProject
Project("{FAE04EC0-301F-11D3-BF4B-00C04F79EFBC}") = "Physics.HomogenousMovement", "src\Topics\Physics.HomogenousMovement\Physics.HomogenousMovement.csproj", "{3C77F98D-CFDA-416E-8B59-6F866EE6C0AD}"
EndProject
Project("{2150E333-8FDC-42A3-9474-1A3956D46DE8}") = "01_HomogenousMovement", "01_HomogenousMovement", "{2ACD650E-2887-498C-AC90-17233B5AD306}"
EndProject
Project("{9A19103F-16F7-4668-BE54-9A1E7A4F7556}") = "Physics.HomogenousMovement.Logic", "src\Topics\Physics.HomogenousMovements.Logic\Physics.HomogenousMovement.Logic.csproj", "{B6D4F82A-CDE3-4797-B2C3-45A18FDADC85}"
EndProject
Project("{9A19103F-16F7-4668-BE54-9A1E7A4F7556}") = "Physics.Shared", "src\Shared\Physics.Shared.Logic\Physics.Shared.csproj", "{627635C3-AD48-4CC1-960D-F3C60D8E3C3B}"
EndProject
Project("{9A19103F-16F7-4668-BE54-9A1E7A4F7556}") = "Physics.HomogenousMovement.Logic.Tests", "tests\Topics\Physics.HomogenousMovement.Logic.Tests\Physics.HomogenousMovement.Logic.Tests.csproj", "{21F1B8EE-FCA1-43F2-BC94-34D6E014F33F}"
EndProject
Project("{2150E333-8FDC-42A3-9474-1A3956D46DE8}") = "04_InclinedPlane", "04_InclinedPlane", "{ED8BB6C9-1ECB-46A3-8B42-47E7D765213B}"
EndProject
Project("{FAE04EC0-301F-11D3-BF4B-00C04F79EFBC}") = "Physics.InclinedPlane", "src\Topics\Physics.InclinedPlane\Physics.InclinedPlane.csproj", "{42CB8100-9E7C-4F4F-9A99-1A1EC746AB09}"
EndProject
Project("{9A19103F-16F7-4668-BE54-9A1E7A4F7556}") = "Physics.InclinedPlane.Logic", "src\Topics\Physics.InclinedPlane\Physics.InclinedPlane.Logic\Physics.InclinedPlane.Logic.csproj", "{D4C13232-6439-440F-912E-EAB8B5E93335}"
EndProject
Project("{2150E333-8FDC-42A3-9474-1A3956D46DE8}") = "14_HomogenousParticle", "14_HomogenousParticle", "{FC271327-552A-4F0E-90BD-4DF426E88F0B}"
EndProject
Project("{FAE04EC0-301F-11D3-BF4B-00C04F79EFBC}") = "Physics.HomogenousParticle", "src\Topics\Physics.HomogenousParticle\Physics.HomogenousParticle.csproj", "{345BA2CF-EA5C-4081-B5B4-E9DEED03DBF4}"
EndProject
Project("{9A19103F-16F7-4668-BE54-9A1E7A4F7556}") = "Physics.HomongenousParticle.Logic", "src\Topics\Physics.HomongenousParticle.Logic\Physics.HomongenousParticle.Logic.csproj", "{85553A30-6C09-40F6-8CAF-9CE69F08B2C4}"
EndProject
Project("{2150E333-8FDC-42A3-9474-1A3956D46DE8}") = "SelfStudy", "SelfStudy", "{B5D566BC-D7FC-4658-ABDC-B6993A77EF0A}"
EndProject
Project("{FAE04EC0-301F-11D3-BF4B-00C04F79EFBC}") = "Physics.SelfStudy.Editor", "src\SelfStudy\Physics.Shared.SelfStudyEditor\Physics.SelfStudy.Editor.csproj", "{0D154D72-5986-4689-BDF2-6A9262FD36DB}"
EndProject
Project("{FAE04EC0-301F-11D3-BF4B-00C04F79EFBC}") = "Physics.SelfStudy", "src\SelfStudy\Physics.SelfStudy\Physics.SelfStudy.csproj", "{C19A64CD-7662-4572-9FE7-573E7BEA90F4}"
EndProject
Global
	GlobalSection(SolutionConfigurationPlatforms) = preSolution
		Debug|Any CPU = Debug|Any CPU
		Debug|ARM = Debug|ARM
		Debug|ARM64 = Debug|ARM64
		Debug|x64 = Debug|x64
		Debug|x86 = Debug|x86
		Release|Any CPU = Release|Any CPU
		Release|ARM = Release|ARM
		Release|ARM64 = Release|ARM64
		Release|x64 = Release|x64
		Release|x86 = Release|x86
	EndGlobalSection
	GlobalSection(ProjectConfigurationPlatforms) = postSolution
		{80C65FA4-C269-470B-9499-0D26A549E2FA}.Debug|Any CPU.ActiveCfg = Debug|Any CPU
		{80C65FA4-C269-470B-9499-0D26A549E2FA}.Debug|Any CPU.Build.0 = Debug|Any CPU
		{80C65FA4-C269-470B-9499-0D26A549E2FA}.Debug|ARM.ActiveCfg = Debug|ARM
		{80C65FA4-C269-470B-9499-0D26A549E2FA}.Debug|ARM.Build.0 = Debug|ARM
		{80C65FA4-C269-470B-9499-0D26A549E2FA}.Debug|ARM64.ActiveCfg = Debug|ARM64
		{80C65FA4-C269-470B-9499-0D26A549E2FA}.Debug|ARM64.Build.0 = Debug|ARM64
		{80C65FA4-C269-470B-9499-0D26A549E2FA}.Debug|x64.ActiveCfg = Debug|x64
		{80C65FA4-C269-470B-9499-0D26A549E2FA}.Debug|x64.Build.0 = Debug|x64
		{80C65FA4-C269-470B-9499-0D26A549E2FA}.Debug|x86.ActiveCfg = Debug|x86
		{80C65FA4-C269-470B-9499-0D26A549E2FA}.Debug|x86.Build.0 = Debug|x86
		{80C65FA4-C269-470B-9499-0D26A549E2FA}.Release|Any CPU.ActiveCfg = Release|Any CPU
		{80C65FA4-C269-470B-9499-0D26A549E2FA}.Release|Any CPU.Build.0 = Release|Any CPU
		{80C65FA4-C269-470B-9499-0D26A549E2FA}.Release|ARM.ActiveCfg = Release|ARM
		{80C65FA4-C269-470B-9499-0D26A549E2FA}.Release|ARM.Build.0 = Release|ARM
		{80C65FA4-C269-470B-9499-0D26A549E2FA}.Release|ARM64.ActiveCfg = Release|ARM64
		{80C65FA4-C269-470B-9499-0D26A549E2FA}.Release|ARM64.Build.0 = Release|ARM64
		{80C65FA4-C269-470B-9499-0D26A549E2FA}.Release|x64.ActiveCfg = Release|x64
		{80C65FA4-C269-470B-9499-0D26A549E2FA}.Release|x64.Build.0 = Release|x64
		{80C65FA4-C269-470B-9499-0D26A549E2FA}.Release|x86.ActiveCfg = Release|x86
		{80C65FA4-C269-470B-9499-0D26A549E2FA}.Release|x86.Build.0 = Release|x86
		{3C77F98D-CFDA-416E-8B59-6F866EE6C0AD}.Debug|Any CPU.ActiveCfg = Debug|x86
		{3C77F98D-CFDA-416E-8B59-6F866EE6C0AD}.Debug|ARM.ActiveCfg = Debug|ARM
		{3C77F98D-CFDA-416E-8B59-6F866EE6C0AD}.Debug|ARM.Build.0 = Debug|ARM
		{3C77F98D-CFDA-416E-8B59-6F866EE6C0AD}.Debug|ARM.Deploy.0 = Debug|ARM
		{3C77F98D-CFDA-416E-8B59-6F866EE6C0AD}.Debug|ARM64.ActiveCfg = Debug|ARM64
		{3C77F98D-CFDA-416E-8B59-6F866EE6C0AD}.Debug|ARM64.Build.0 = Debug|ARM64
		{3C77F98D-CFDA-416E-8B59-6F866EE6C0AD}.Debug|ARM64.Deploy.0 = Debug|ARM64
		{3C77F98D-CFDA-416E-8B59-6F866EE6C0AD}.Debug|x64.ActiveCfg = Debug|x64
		{3C77F98D-CFDA-416E-8B59-6F866EE6C0AD}.Debug|x64.Build.0 = Debug|x64
		{3C77F98D-CFDA-416E-8B59-6F866EE6C0AD}.Debug|x64.Deploy.0 = Debug|x64
		{3C77F98D-CFDA-416E-8B59-6F866EE6C0AD}.Debug|x86.ActiveCfg = Debug|x86
		{3C77F98D-CFDA-416E-8B59-6F866EE6C0AD}.Debug|x86.Build.0 = Debug|x86
		{3C77F98D-CFDA-416E-8B59-6F866EE6C0AD}.Debug|x86.Deploy.0 = Debug|x86
		{3C77F98D-CFDA-416E-8B59-6F866EE6C0AD}.Release|Any CPU.ActiveCfg = Release|x86
		{3C77F98D-CFDA-416E-8B59-6F866EE6C0AD}.Release|ARM.ActiveCfg = Release|ARM
		{3C77F98D-CFDA-416E-8B59-6F866EE6C0AD}.Release|ARM.Build.0 = Release|ARM
		{3C77F98D-CFDA-416E-8B59-6F866EE6C0AD}.Release|ARM.Deploy.0 = Release|ARM
		{3C77F98D-CFDA-416E-8B59-6F866EE6C0AD}.Release|ARM64.ActiveCfg = Release|ARM64
		{3C77F98D-CFDA-416E-8B59-6F866EE6C0AD}.Release|ARM64.Build.0 = Release|ARM64
		{3C77F98D-CFDA-416E-8B59-6F866EE6C0AD}.Release|ARM64.Deploy.0 = Release|ARM64
		{3C77F98D-CFDA-416E-8B59-6F866EE6C0AD}.Release|x64.ActiveCfg = Release|x64
		{3C77F98D-CFDA-416E-8B59-6F866EE6C0AD}.Release|x64.Build.0 = Release|x64
		{3C77F98D-CFDA-416E-8B59-6F866EE6C0AD}.Release|x64.Deploy.0 = Release|x64
		{3C77F98D-CFDA-416E-8B59-6F866EE6C0AD}.Release|x86.ActiveCfg = Release|x86
		{3C77F98D-CFDA-416E-8B59-6F866EE6C0AD}.Release|x86.Build.0 = Release|x86
		{3C77F98D-CFDA-416E-8B59-6F866EE6C0AD}.Release|x86.Deploy.0 = Release|x86
		{B6D4F82A-CDE3-4797-B2C3-45A18FDADC85}.Debug|Any CPU.ActiveCfg = Debug|Any CPU
		{B6D4F82A-CDE3-4797-B2C3-45A18FDADC85}.Debug|Any CPU.Build.0 = Debug|Any CPU
		{B6D4F82A-CDE3-4797-B2C3-45A18FDADC85}.Debug|ARM.ActiveCfg = Debug|Any CPU
		{B6D4F82A-CDE3-4797-B2C3-45A18FDADC85}.Debug|ARM.Build.0 = Debug|Any CPU
		{B6D4F82A-CDE3-4797-B2C3-45A18FDADC85}.Debug|ARM64.ActiveCfg = Debug|Any CPU
		{B6D4F82A-CDE3-4797-B2C3-45A18FDADC85}.Debug|ARM64.Build.0 = Debug|Any CPU
		{B6D4F82A-CDE3-4797-B2C3-45A18FDADC85}.Debug|x64.ActiveCfg = Debug|Any CPU
		{B6D4F82A-CDE3-4797-B2C3-45A18FDADC85}.Debug|x64.Build.0 = Debug|Any CPU
		{B6D4F82A-CDE3-4797-B2C3-45A18FDADC85}.Debug|x86.ActiveCfg = Debug|Any CPU
		{B6D4F82A-CDE3-4797-B2C3-45A18FDADC85}.Debug|x86.Build.0 = Debug|Any CPU
		{B6D4F82A-CDE3-4797-B2C3-45A18FDADC85}.Release|Any CPU.ActiveCfg = Release|Any CPU
		{B6D4F82A-CDE3-4797-B2C3-45A18FDADC85}.Release|Any CPU.Build.0 = Release|Any CPU
		{B6D4F82A-CDE3-4797-B2C3-45A18FDADC85}.Release|ARM.ActiveCfg = Release|Any CPU
		{B6D4F82A-CDE3-4797-B2C3-45A18FDADC85}.Release|ARM.Build.0 = Release|Any CPU
		{B6D4F82A-CDE3-4797-B2C3-45A18FDADC85}.Release|ARM64.ActiveCfg = Release|Any CPU
		{B6D4F82A-CDE3-4797-B2C3-45A18FDADC85}.Release|ARM64.Build.0 = Release|Any CPU
		{B6D4F82A-CDE3-4797-B2C3-45A18FDADC85}.Release|x64.ActiveCfg = Release|Any CPU
		{B6D4F82A-CDE3-4797-B2C3-45A18FDADC85}.Release|x64.Build.0 = Release|Any CPU
		{B6D4F82A-CDE3-4797-B2C3-45A18FDADC85}.Release|x86.ActiveCfg = Release|Any CPU
		{B6D4F82A-CDE3-4797-B2C3-45A18FDADC85}.Release|x86.Build.0 = Release|Any CPU
		{627635C3-AD48-4CC1-960D-F3C60D8E3C3B}.Debug|Any CPU.ActiveCfg = Debug|Any CPU
		{627635C3-AD48-4CC1-960D-F3C60D8E3C3B}.Debug|Any CPU.Build.0 = Debug|Any CPU
		{627635C3-AD48-4CC1-960D-F3C60D8E3C3B}.Debug|ARM.ActiveCfg = Debug|Any CPU
		{627635C3-AD48-4CC1-960D-F3C60D8E3C3B}.Debug|ARM.Build.0 = Debug|Any CPU
		{627635C3-AD48-4CC1-960D-F3C60D8E3C3B}.Debug|ARM64.ActiveCfg = Debug|Any CPU
		{627635C3-AD48-4CC1-960D-F3C60D8E3C3B}.Debug|ARM64.Build.0 = Debug|Any CPU
		{627635C3-AD48-4CC1-960D-F3C60D8E3C3B}.Debug|x64.ActiveCfg = Debug|Any CPU
		{627635C3-AD48-4CC1-960D-F3C60D8E3C3B}.Debug|x64.Build.0 = Debug|Any CPU
		{627635C3-AD48-4CC1-960D-F3C60D8E3C3B}.Debug|x86.ActiveCfg = Debug|Any CPU
		{627635C3-AD48-4CC1-960D-F3C60D8E3C3B}.Debug|x86.Build.0 = Debug|Any CPU
		{627635C3-AD48-4CC1-960D-F3C60D8E3C3B}.Release|Any CPU.ActiveCfg = Release|Any CPU
		{627635C3-AD48-4CC1-960D-F3C60D8E3C3B}.Release|Any CPU.Build.0 = Release|Any CPU
		{627635C3-AD48-4CC1-960D-F3C60D8E3C3B}.Release|ARM.ActiveCfg = Release|Any CPU
		{627635C3-AD48-4CC1-960D-F3C60D8E3C3B}.Release|ARM.Build.0 = Release|Any CPU
		{627635C3-AD48-4CC1-960D-F3C60D8E3C3B}.Release|ARM64.ActiveCfg = Release|Any CPU
		{627635C3-AD48-4CC1-960D-F3C60D8E3C3B}.Release|ARM64.Build.0 = Release|Any CPU
		{627635C3-AD48-4CC1-960D-F3C60D8E3C3B}.Release|x64.ActiveCfg = Release|Any CPU
		{627635C3-AD48-4CC1-960D-F3C60D8E3C3B}.Release|x64.Build.0 = Release|Any CPU
		{627635C3-AD48-4CC1-960D-F3C60D8E3C3B}.Release|x86.ActiveCfg = Release|Any CPU
		{627635C3-AD48-4CC1-960D-F3C60D8E3C3B}.Release|x86.Build.0 = Release|Any CPU
		{21F1B8EE-FCA1-43F2-BC94-34D6E014F33F}.Debug|Any CPU.ActiveCfg = Debug|Any CPU
		{21F1B8EE-FCA1-43F2-BC94-34D6E014F33F}.Debug|Any CPU.Build.0 = Debug|Any CPU
		{21F1B8EE-FCA1-43F2-BC94-34D6E014F33F}.Debug|ARM.ActiveCfg = Debug|Any CPU
		{21F1B8EE-FCA1-43F2-BC94-34D6E014F33F}.Debug|ARM.Build.0 = Debug|Any CPU
		{21F1B8EE-FCA1-43F2-BC94-34D6E014F33F}.Debug|ARM64.ActiveCfg = Debug|Any CPU
		{21F1B8EE-FCA1-43F2-BC94-34D6E014F33F}.Debug|ARM64.Build.0 = Debug|Any CPU
		{21F1B8EE-FCA1-43F2-BC94-34D6E014F33F}.Debug|x64.ActiveCfg = Debug|Any CPU
		{21F1B8EE-FCA1-43F2-BC94-34D6E014F33F}.Debug|x64.Build.0 = Debug|Any CPU
		{21F1B8EE-FCA1-43F2-BC94-34D6E014F33F}.Debug|x86.ActiveCfg = Debug|Any CPU
		{21F1B8EE-FCA1-43F2-BC94-34D6E014F33F}.Debug|x86.Build.0 = Debug|Any CPU
		{21F1B8EE-FCA1-43F2-BC94-34D6E014F33F}.Release|Any CPU.ActiveCfg = Release|Any CPU
		{21F1B8EE-FCA1-43F2-BC94-34D6E014F33F}.Release|Any CPU.Build.0 = Release|Any CPU
		{21F1B8EE-FCA1-43F2-BC94-34D6E014F33F}.Release|ARM.ActiveCfg = Release|Any CPU
		{21F1B8EE-FCA1-43F2-BC94-34D6E014F33F}.Release|ARM.Build.0 = Release|Any CPU
		{21F1B8EE-FCA1-43F2-BC94-34D6E014F33F}.Release|ARM64.ActiveCfg = Release|Any CPU
		{21F1B8EE-FCA1-43F2-BC94-34D6E014F33F}.Release|ARM64.Build.0 = Release|Any CPU
		{21F1B8EE-FCA1-43F2-BC94-34D6E014F33F}.Release|x64.ActiveCfg = Release|Any CPU
		{21F1B8EE-FCA1-43F2-BC94-34D6E014F33F}.Release|x64.Build.0 = Release|Any CPU
		{21F1B8EE-FCA1-43F2-BC94-34D6E014F33F}.Release|x86.ActiveCfg = Release|Any CPU
		{21F1B8EE-FCA1-43F2-BC94-34D6E014F33F}.Release|x86.Build.0 = Release|Any CPU
		{42CB8100-9E7C-4F4F-9A99-1A1EC746AB09}.Debug|Any CPU.ActiveCfg = Debug|x86
		{42CB8100-9E7C-4F4F-9A99-1A1EC746AB09}.Debug|ARM.ActiveCfg = Debug|ARM
		{42CB8100-9E7C-4F4F-9A99-1A1EC746AB09}.Debug|ARM.Build.0 = Debug|ARM
		{42CB8100-9E7C-4F4F-9A99-1A1EC746AB09}.Debug|ARM.Deploy.0 = Debug|ARM
		{42CB8100-9E7C-4F4F-9A99-1A1EC746AB09}.Debug|ARM64.ActiveCfg = Debug|ARM64
		{42CB8100-9E7C-4F4F-9A99-1A1EC746AB09}.Debug|ARM64.Build.0 = Debug|ARM64
		{42CB8100-9E7C-4F4F-9A99-1A1EC746AB09}.Debug|ARM64.Deploy.0 = Debug|ARM64
		{42CB8100-9E7C-4F4F-9A99-1A1EC746AB09}.Debug|x64.ActiveCfg = Debug|x64
		{42CB8100-9E7C-4F4F-9A99-1A1EC746AB09}.Debug|x64.Build.0 = Debug|x64
		{42CB8100-9E7C-4F4F-9A99-1A1EC746AB09}.Debug|x64.Deploy.0 = Debug|x64
		{42CB8100-9E7C-4F4F-9A99-1A1EC746AB09}.Debug|x86.ActiveCfg = Debug|x86
		{42CB8100-9E7C-4F4F-9A99-1A1EC746AB09}.Debug|x86.Build.0 = Debug|x86
		{42CB8100-9E7C-4F4F-9A99-1A1EC746AB09}.Debug|x86.Deploy.0 = Debug|x86
		{42CB8100-9E7C-4F4F-9A99-1A1EC746AB09}.Release|Any CPU.ActiveCfg = Release|x86
		{42CB8100-9E7C-4F4F-9A99-1A1EC746AB09}.Release|ARM.ActiveCfg = Release|ARM
		{42CB8100-9E7C-4F4F-9A99-1A1EC746AB09}.Release|ARM.Build.0 = Release|ARM
		{42CB8100-9E7C-4F4F-9A99-1A1EC746AB09}.Release|ARM.Deploy.0 = Release|ARM
		{42CB8100-9E7C-4F4F-9A99-1A1EC746AB09}.Release|ARM64.ActiveCfg = Release|ARM64
		{42CB8100-9E7C-4F4F-9A99-1A1EC746AB09}.Release|ARM64.Build.0 = Release|ARM64
		{42CB8100-9E7C-4F4F-9A99-1A1EC746AB09}.Release|ARM64.Deploy.0 = Release|ARM64
		{42CB8100-9E7C-4F4F-9A99-1A1EC746AB09}.Release|x64.ActiveCfg = Release|x64
		{42CB8100-9E7C-4F4F-9A99-1A1EC746AB09}.Release|x64.Build.0 = Release|x64
		{42CB8100-9E7C-4F4F-9A99-1A1EC746AB09}.Release|x64.Deploy.0 = Release|x64
		{42CB8100-9E7C-4F4F-9A99-1A1EC746AB09}.Release|x86.ActiveCfg = Release|x86
		{42CB8100-9E7C-4F4F-9A99-1A1EC746AB09}.Release|x86.Build.0 = Release|x86
		{42CB8100-9E7C-4F4F-9A99-1A1EC746AB09}.Release|x86.Deploy.0 = Release|x86
		{D4C13232-6439-440F-912E-EAB8B5E93335}.Debug|Any CPU.ActiveCfg = Debug|Any CPU
		{D4C13232-6439-440F-912E-EAB8B5E93335}.Debug|Any CPU.Build.0 = Debug|Any CPU
		{D4C13232-6439-440F-912E-EAB8B5E93335}.Debug|ARM.ActiveCfg = Debug|Any CPU
		{D4C13232-6439-440F-912E-EAB8B5E93335}.Debug|ARM.Build.0 = Debug|Any CPU
		{D4C13232-6439-440F-912E-EAB8B5E93335}.Debug|ARM64.ActiveCfg = Debug|Any CPU
		{D4C13232-6439-440F-912E-EAB8B5E93335}.Debug|ARM64.Build.0 = Debug|Any CPU
		{D4C13232-6439-440F-912E-EAB8B5E93335}.Debug|x64.ActiveCfg = Debug|Any CPU
		{D4C13232-6439-440F-912E-EAB8B5E93335}.Debug|x64.Build.0 = Debug|Any CPU
		{D4C13232-6439-440F-912E-EAB8B5E93335}.Debug|x86.ActiveCfg = Debug|Any CPU
		{D4C13232-6439-440F-912E-EAB8B5E93335}.Debug|x86.Build.0 = Debug|Any CPU
		{D4C13232-6439-440F-912E-EAB8B5E93335}.Release|Any CPU.ActiveCfg = Release|Any CPU
		{D4C13232-6439-440F-912E-EAB8B5E93335}.Release|Any CPU.Build.0 = Release|Any CPU
		{D4C13232-6439-440F-912E-EAB8B5E93335}.Release|ARM.ActiveCfg = Release|Any CPU
		{D4C13232-6439-440F-912E-EAB8B5E93335}.Release|ARM.Build.0 = Release|Any CPU
		{D4C13232-6439-440F-912E-EAB8B5E93335}.Release|ARM64.ActiveCfg = Release|Any CPU
		{D4C13232-6439-440F-912E-EAB8B5E93335}.Release|ARM64.Build.0 = Release|Any CPU
		{D4C13232-6439-440F-912E-EAB8B5E93335}.Release|x64.ActiveCfg = Release|Any CPU
		{D4C13232-6439-440F-912E-EAB8B5E93335}.Release|x64.Build.0 = Release|Any CPU
		{D4C13232-6439-440F-912E-EAB8B5E93335}.Release|x86.ActiveCfg = Release|Any CPU
		{D4C13232-6439-440F-912E-EAB8B5E93335}.Release|x86.Build.0 = Release|Any CPU
		{345BA2CF-EA5C-4081-B5B4-E9DEED03DBF4}.Debug|Any CPU.ActiveCfg = Debug|x86
		{345BA2CF-EA5C-4081-B5B4-E9DEED03DBF4}.Debug|ARM.ActiveCfg = Debug|ARM
		{345BA2CF-EA5C-4081-B5B4-E9DEED03DBF4}.Debug|ARM.Build.0 = Debug|ARM
		{345BA2CF-EA5C-4081-B5B4-E9DEED03DBF4}.Debug|ARM.Deploy.0 = Debug|ARM
		{345BA2CF-EA5C-4081-B5B4-E9DEED03DBF4}.Debug|ARM64.ActiveCfg = Debug|ARM64
		{345BA2CF-EA5C-4081-B5B4-E9DEED03DBF4}.Debug|ARM64.Build.0 = Debug|ARM64
		{345BA2CF-EA5C-4081-B5B4-E9DEED03DBF4}.Debug|ARM64.Deploy.0 = Debug|ARM64
		{345BA2CF-EA5C-4081-B5B4-E9DEED03DBF4}.Debug|x64.ActiveCfg = Debug|x64
		{345BA2CF-EA5C-4081-B5B4-E9DEED03DBF4}.Debug|x64.Build.0 = Debug|x64
		{345BA2CF-EA5C-4081-B5B4-E9DEED03DBF4}.Debug|x64.Deploy.0 = Debug|x64
		{345BA2CF-EA5C-4081-B5B4-E9DEED03DBF4}.Debug|x86.ActiveCfg = Debug|x86
		{345BA2CF-EA5C-4081-B5B4-E9DEED03DBF4}.Debug|x86.Build.0 = Debug|x86
		{345BA2CF-EA5C-4081-B5B4-E9DEED03DBF4}.Debug|x86.Deploy.0 = Debug|x86
		{345BA2CF-EA5C-4081-B5B4-E9DEED03DBF4}.Release|Any CPU.ActiveCfg = Release|x86
		{345BA2CF-EA5C-4081-B5B4-E9DEED03DBF4}.Release|ARM.ActiveCfg = Release|ARM
		{345BA2CF-EA5C-4081-B5B4-E9DEED03DBF4}.Release|ARM.Build.0 = Release|ARM
		{345BA2CF-EA5C-4081-B5B4-E9DEED03DBF4}.Release|ARM.Deploy.0 = Release|ARM
		{345BA2CF-EA5C-4081-B5B4-E9DEED03DBF4}.Release|ARM64.ActiveCfg = Release|ARM64
		{345BA2CF-EA5C-4081-B5B4-E9DEED03DBF4}.Release|ARM64.Build.0 = Release|ARM64
		{345BA2CF-EA5C-4081-B5B4-E9DEED03DBF4}.Release|ARM64.Deploy.0 = Release|ARM64
		{345BA2CF-EA5C-4081-B5B4-E9DEED03DBF4}.Release|x64.ActiveCfg = Release|x64
		{345BA2CF-EA5C-4081-B5B4-E9DEED03DBF4}.Release|x64.Build.0 = Release|x64
		{345BA2CF-EA5C-4081-B5B4-E9DEED03DBF4}.Release|x64.Deploy.0 = Release|x64
		{345BA2CF-EA5C-4081-B5B4-E9DEED03DBF4}.Release|x86.ActiveCfg = Release|x86
		{345BA2CF-EA5C-4081-B5B4-E9DEED03DBF4}.Release|x86.Build.0 = Release|x86
		{345BA2CF-EA5C-4081-B5B4-E9DEED03DBF4}.Release|x86.Deploy.0 = Release|x86
		{85553A30-6C09-40F6-8CAF-9CE69F08B2C4}.Debug|Any CPU.ActiveCfg = Debug|Any CPU
		{85553A30-6C09-40F6-8CAF-9CE69F08B2C4}.Debug|Any CPU.Build.0 = Debug|Any CPU
		{85553A30-6C09-40F6-8CAF-9CE69F08B2C4}.Debug|ARM.ActiveCfg = Debug|Any CPU
		{85553A30-6C09-40F6-8CAF-9CE69F08B2C4}.Debug|ARM.Build.0 = Debug|Any CPU
		{85553A30-6C09-40F6-8CAF-9CE69F08B2C4}.Debug|ARM64.ActiveCfg = Debug|Any CPU
		{85553A30-6C09-40F6-8CAF-9CE69F08B2C4}.Debug|ARM64.Build.0 = Debug|Any CPU
		{85553A30-6C09-40F6-8CAF-9CE69F08B2C4}.Debug|x64.ActiveCfg = Debug|Any CPU
		{85553A30-6C09-40F6-8CAF-9CE69F08B2C4}.Debug|x64.Build.0 = Debug|Any CPU
		{85553A30-6C09-40F6-8CAF-9CE69F08B2C4}.Debug|x86.ActiveCfg = Debug|Any CPU
		{85553A30-6C09-40F6-8CAF-9CE69F08B2C4}.Debug|x86.Build.0 = Debug|Any CPU
		{85553A30-6C09-40F6-8CAF-9CE69F08B2C4}.Release|Any CPU.ActiveCfg = Release|Any CPU
		{85553A30-6C09-40F6-8CAF-9CE69F08B2C4}.Release|Any CPU.Build.0 = Release|Any CPU
		{85553A30-6C09-40F6-8CAF-9CE69F08B2C4}.Release|ARM.ActiveCfg = Release|Any CPU
		{85553A30-6C09-40F6-8CAF-9CE69F08B2C4}.Release|ARM.Build.0 = Release|Any CPU
		{85553A30-6C09-40F6-8CAF-9CE69F08B2C4}.Release|ARM64.ActiveCfg = Release|Any CPU
		{85553A30-6C09-40F6-8CAF-9CE69F08B2C4}.Release|ARM64.Build.0 = Release|Any CPU
		{85553A30-6C09-40F6-8CAF-9CE69F08B2C4}.Release|x64.ActiveCfg = Release|Any CPU
		{85553A30-6C09-40F6-8CAF-9CE69F08B2C4}.Release|x64.Build.0 = Release|Any CPU
		{85553A30-6C09-40F6-8CAF-9CE69F08B2C4}.Release|x86.ActiveCfg = Release|Any CPU
		{85553A30-6C09-40F6-8CAF-9CE69F08B2C4}.Release|x86.Build.0 = Release|Any CPU
		{0D154D72-5986-4689-BDF2-6A9262FD36DB}.Debug|Any CPU.ActiveCfg = Debug|x86
		{0D154D72-5986-4689-BDF2-6A9262FD36DB}.Debug|ARM.ActiveCfg = Debug|ARM
		{0D154D72-5986-4689-BDF2-6A9262FD36DB}.Debug|ARM.Build.0 = Debug|ARM
		{0D154D72-5986-4689-BDF2-6A9262FD36DB}.Debug|ARM.Deploy.0 = Debug|ARM
		{0D154D72-5986-4689-BDF2-6A9262FD36DB}.Debug|ARM64.ActiveCfg = Debug|ARM64
		{0D154D72-5986-4689-BDF2-6A9262FD36DB}.Debug|ARM64.Build.0 = Debug|ARM64
		{0D154D72-5986-4689-BDF2-6A9262FD36DB}.Debug|ARM64.Deploy.0 = Debug|ARM64
		{0D154D72-5986-4689-BDF2-6A9262FD36DB}.Debug|x64.ActiveCfg = Debug|x64
		{0D154D72-5986-4689-BDF2-6A9262FD36DB}.Debug|x64.Build.0 = Debug|x64
		{0D154D72-5986-4689-BDF2-6A9262FD36DB}.Debug|x64.Deploy.0 = Debug|x64
		{0D154D72-5986-4689-BDF2-6A9262FD36DB}.Debug|x86.ActiveCfg = Debug|x86
		{0D154D72-5986-4689-BDF2-6A9262FD36DB}.Debug|x86.Build.0 = Debug|x86
		{0D154D72-5986-4689-BDF2-6A9262FD36DB}.Debug|x86.Deploy.0 = Debug|x86
		{0D154D72-5986-4689-BDF2-6A9262FD36DB}.Release|Any CPU.ActiveCfg = Release|x86
		{0D154D72-5986-4689-BDF2-6A9262FD36DB}.Release|ARM.ActiveCfg = Release|ARM
		{0D154D72-5986-4689-BDF2-6A9262FD36DB}.Release|ARM.Build.0 = Release|ARM
		{0D154D72-5986-4689-BDF2-6A9262FD36DB}.Release|ARM.Deploy.0 = Release|ARM
		{0D154D72-5986-4689-BDF2-6A9262FD36DB}.Release|ARM64.ActiveCfg = Release|ARM64
		{0D154D72-5986-4689-BDF2-6A9262FD36DB}.Release|ARM64.Build.0 = Release|ARM64
		{0D154D72-5986-4689-BDF2-6A9262FD36DB}.Release|ARM64.Deploy.0 = Release|ARM64
		{0D154D72-5986-4689-BDF2-6A9262FD36DB}.Release|x64.ActiveCfg = Release|x64
		{0D154D72-5986-4689-BDF2-6A9262FD36DB}.Release|x64.Build.0 = Release|x64
		{0D154D72-5986-4689-BDF2-6A9262FD36DB}.Release|x64.Deploy.0 = Release|x64
		{0D154D72-5986-4689-BDF2-6A9262FD36DB}.Release|x86.ActiveCfg = Release|x86
		{0D154D72-5986-4689-BDF2-6A9262FD36DB}.Release|x86.Build.0 = Release|x86
		{0D154D72-5986-4689-BDF2-6A9262FD36DB}.Release|x86.Deploy.0 = Release|x86
		{C19A64CD-7662-4572-9FE7-573E7BEA90F4}.Debug|Any CPU.ActiveCfg = Debug|Any CPU
		{C19A64CD-7662-4572-9FE7-573E7BEA90F4}.Debug|Any CPU.Build.0 = Debug|Any CPU
		{C19A64CD-7662-4572-9FE7-573E7BEA90F4}.Debug|ARM.ActiveCfg = Debug|ARM
		{C19A64CD-7662-4572-9FE7-573E7BEA90F4}.Debug|ARM.Build.0 = Debug|ARM
		{C19A64CD-7662-4572-9FE7-573E7BEA90F4}.Debug|ARM64.ActiveCfg = Debug|ARM64
		{C19A64CD-7662-4572-9FE7-573E7BEA90F4}.Debug|ARM64.Build.0 = Debug|ARM64
		{C19A64CD-7662-4572-9FE7-573E7BEA90F4}.Debug|x64.ActiveCfg = Debug|x64
		{C19A64CD-7662-4572-9FE7-573E7BEA90F4}.Debug|x64.Build.0 = Debug|x64
		{C19A64CD-7662-4572-9FE7-573E7BEA90F4}.Debug|x86.ActiveCfg = Debug|x86
		{C19A64CD-7662-4572-9FE7-573E7BEA90F4}.Debug|x86.Build.0 = Debug|x86
		{C19A64CD-7662-4572-9FE7-573E7BEA90F4}.Release|Any CPU.ActiveCfg = Release|Any CPU
		{C19A64CD-7662-4572-9FE7-573E7BEA90F4}.Release|Any CPU.Build.0 = Release|Any CPU
		{C19A64CD-7662-4572-9FE7-573E7BEA90F4}.Release|ARM.ActiveCfg = Release|ARM
		{C19A64CD-7662-4572-9FE7-573E7BEA90F4}.Release|ARM.Build.0 = Release|ARM
		{C19A64CD-7662-4572-9FE7-573E7BEA90F4}.Release|ARM64.ActiveCfg = Release|ARM64
		{C19A64CD-7662-4572-9FE7-573E7BEA90F4}.Release|ARM64.Build.0 = Release|ARM64
		{C19A64CD-7662-4572-9FE7-573E7BEA90F4}.Release|x64.ActiveCfg = Release|x64
		{C19A64CD-7662-4572-9FE7-573E7BEA90F4}.Release|x64.Build.0 = Release|x64
		{C19A64CD-7662-4572-9FE7-573E7BEA90F4}.Release|x86.ActiveCfg = Release|x86
		{C19A64CD-7662-4572-9FE7-573E7BEA90F4}.Release|x86.Build.0 = Release|x86
	EndGlobalSection
	GlobalSection(SolutionProperties) = preSolution
		HideSolutionNode = FALSE
	EndGlobalSection
	GlobalSection(NestedProjects) = preSolution
		{80C65FA4-C269-470B-9499-0D26A549E2FA} = {892E4AFA-6526-4CA8-BB3F-B47C8F293C6C}
		{3C77F98D-CFDA-416E-8B59-6F866EE6C0AD} = {2ACD650E-2887-498C-AC90-17233B5AD306}
		{2ACD650E-2887-498C-AC90-17233B5AD306} = {381E6158-59BC-4D40-9F33-084C4140E44D}
		{B6D4F82A-CDE3-4797-B2C3-45A18FDADC85} = {2ACD650E-2887-498C-AC90-17233B5AD306}
		{627635C3-AD48-4CC1-960D-F3C60D8E3C3B} = {892E4AFA-6526-4CA8-BB3F-B47C8F293C6C}
		{21F1B8EE-FCA1-43F2-BC94-34D6E014F33F} = {2ACD650E-2887-498C-AC90-17233B5AD306}
		{ED8BB6C9-1ECB-46A3-8B42-47E7D765213B} = {381E6158-59BC-4D40-9F33-084C4140E44D}
		{42CB8100-9E7C-4F4F-9A99-1A1EC746AB09} = {ED8BB6C9-1ECB-46A3-8B42-47E7D765213B}
		{D4C13232-6439-440F-912E-EAB8B5E93335} = {ED8BB6C9-1ECB-46A3-8B42-47E7D765213B}
		{FC271327-552A-4F0E-90BD-4DF426E88F0B} = {381E6158-59BC-4D40-9F33-084C4140E44D}
		{345BA2CF-EA5C-4081-B5B4-E9DEED03DBF4} = {FC271327-552A-4F0E-90BD-4DF426E88F0B}
		{85553A30-6C09-40F6-8CAF-9CE69F08B2C4} = {FC271327-552A-4F0E-90BD-4DF426E88F0B}
		{0D154D72-5986-4689-BDF2-6A9262FD36DB} = {B5D566BC-D7FC-4658-ABDC-B6993A77EF0A}
		{C19A64CD-7662-4572-9FE7-573E7BEA90F4} = {B5D566BC-D7FC-4658-ABDC-B6993A77EF0A}
	EndGlobalSection
	GlobalSection(ExtensibilityGlobals) = postSolution
		SolutionGuid = {ED552938-F303-42AA-9225-9FC231B27BB4}
	EndGlobalSection
EndGlobal
