
Microsoft Visual Studio Solution File, Format Version 12.00
# Visual Studio Version 17
VisualStudioVersion = 17.0.31903.59
MinimumVisualStudioVersion = 10.0.40219.1
Project("{2150E333-8FDC-42A3-9474-1A3956D46DE8}") = "Shared", "Shared", "{45F58AF4-ED6E-48DC-96D1-2B189EF880D1}"
EndProject
Project("{2150E333-8FDC-42A3-9474-1A3956D46DE8}") = "Topics", "Topics", "{CBCBA4D1-7BCB-4F4C-BD8A-81BE12453EE4}"
EndProject
Project("{9A19103F-16F7-4668-BE54-9A1E7A4F7556}") = "Physics.Shared", "src\Shared\Physics.Shared.Logic\Physics.Shared.csproj", "{72C33AB0-2CC7-4C11-8792-B2233E64AF35}"
EndProject
Project("{FAE04EC0-301F-11D3-BF4B-00C04F79EFBC}") = "Physics.Shared.UI", "src\Shared\Physics.Shared\Physics.Shared.UI.csproj", "{80C65FA4-C269-470B-9499-0D26A549E2FA}"
EndProject
Project("{D954291E-2A0B-460D-934E-DC6B0785DB48}") = "Physics.LissajousCurves.Shared", "src\UnoPlatformTopics\Physics.LissajousCurves\Physics.LissajousCurves.Shared\Physics.LissajousCurves.Shared.shproj", "{6279C845-92F8-4333-AB99-3D213163593C}"
EndProject
Project("{2150E333-8FDC-42A3-9474-1A3956D46DE8}") = "Platforms", "Platforms", "{532D9FB8-589F-4774-BAFD-424EB454BEDD}"
EndProject
Project("{FAE04EC0-301F-11D3-BF4B-00C04F79EFBC}") = "Physics.LissajousCurves.Droid", "src\UnoPlatformTopics\Physics.LissajousCurves\Physics.LissajousCurves.Droid\Physics.LissajousCurves.Droid.csproj", "{D049B18A-AC62-43D5-8100-C1005A609FAB}"
EndProject
Project("{FAE04EC0-301F-11D3-BF4B-00C04F79EFBC}") = "Physics.LissajousCurves.iOS", "src\UnoPlatformTopics\Physics.LissajousCurves\Physics.LissajousCurves.iOS\Physics.LissajousCurves.iOS.csproj", "{3AEB9B5E-FF8D-46D6-8564-FAE16123B3FC}"
EndProject
Project("{FAE04EC0-301F-11D3-BF4B-00C04F79EFBC}") = "Physics.LissajousCurves.UWP", "src\UnoPlatformTopics\Physics.LissajousCurves\Physics.LissajousCurves.UWP\Physics.LissajousCurves.UWP.csproj", "{BB5F425C-55BE-4AEC-BA13-073AAE3A36A3}"
EndProject
Project("{FAE04EC0-301F-11D3-BF4B-00C04F79EFBC}") = "Physics.LissajousCurves.Wasm", "src\UnoPlatformTopics\Physics.LissajousCurves\Physics.LissajousCurves.Wasm\Physics.LissajousCurves.Wasm.csproj", "{39220689-E927-46BE-9E55-AA97490952BA}"
EndProject
Project("{FAE04EC0-301F-11D3-BF4B-00C04F79EFBC}") = "Physics.LissajousCurves.macOS", "src\UnoPlatformTopics\Physics.LissajousCurves\Physics.LissajousCurves.macOS\Physics.LissajousCurves.macOS.csproj", "{7BCCCAD5-0901-432F-9A10-CB75EA2744F6}"
EndProject
Project("{FAE04EC0-301F-11D3-BF4B-00C04F79EFBC}") = "Physics.LissajousCurves.Skia.Wpf.Host", "src\UnoPlatformTopics\Physics.LissajousCurves\Physics.LissajousCurves.Skia.Wpf.Host\Physics.LissajousCurves.Skia.Wpf.Host.csproj", "{FA1797D1-938D-4196-BB8C-F589FA4FB22C}"
EndProject
Project("{FAE04EC0-301F-11D3-BF4B-00C04F79EFBC}") = "Physics.LissajousCurves.Skia.Wpf", "src\UnoPlatformTopics\Physics.LissajousCurves\Physics.LissajousCurves.Skia.Wpf\Physics.LissajousCurves.Skia.Wpf.csproj", "{32CFEDA1-D720-41AB-9FAF-978696B1A5E9}"
EndProject
Project("{FAE04EC0-301F-11D3-BF4B-00C04F79EFBC}") = "Physics.LissajousCurves.Skia.Gtk", "src\UnoPlatformTopics\Physics.LissajousCurves\Physics.LissajousCurves.Skia.Gtk\Physics.LissajousCurves.Skia.Gtk.csproj", "{2AC42B5C-A47A-4AD8-BA60-39AEB2D33A5C}"
EndProject
Project("{FAE04EC0-301F-11D3-BF4B-00C04F79EFBC}") = "Physics.LissajousCurves.Skia.Tizen", "src\UnoPlatformTopics\Physics.LissajousCurves\Physics.LissajousCurves.Skia.Tizen\Physics.LissajousCurves.Skia.Tizen.csproj", "{7E6C5F49-D636-4C4F-84B2-DC4A017F44EC}"
EndProject
Global
	GlobalSection(SolutionConfigurationPlatforms) = preSolution
		Ad-Hoc|Any CPU = Ad-Hoc|Any CPU
		Ad-Hoc|ARM = Ad-Hoc|ARM
		Ad-Hoc|ARM64 = Ad-Hoc|ARM64
		Ad-Hoc|iPhone = Ad-Hoc|iPhone
		Ad-Hoc|iPhoneSimulator = Ad-Hoc|iPhoneSimulator
		Ad-Hoc|x64 = Ad-Hoc|x64
		Ad-Hoc|x86 = Ad-Hoc|x86
		AppStore|Any CPU = AppStore|Any CPU
		AppStore|ARM = AppStore|ARM
		AppStore|ARM64 = AppStore|ARM64
		AppStore|iPhone = AppStore|iPhone
		AppStore|iPhoneSimulator = AppStore|iPhoneSimulator
		AppStore|x64 = AppStore|x64
		AppStore|x86 = AppStore|x86
		Debug|Any CPU = Debug|Any CPU
		Debug|ARM = Debug|ARM
		Debug|ARM64 = Debug|ARM64
		Debug|iPhone = Debug|iPhone
		Debug|iPhoneSimulator = Debug|iPhoneSimulator
		Debug|x64 = Debug|x64
		Debug|x86 = Debug|x86
		Release|Any CPU = Release|Any CPU
		Release|ARM = Release|ARM
		Release|ARM64 = Release|ARM64
		Release|iPhone = Release|iPhone
		Release|iPhoneSimulator = Release|iPhoneSimulator
		Release|x64 = Release|x64
		Release|x86 = Release|x86
	EndGlobalSection
	GlobalSection(ProjectConfigurationPlatforms) = postSolution
		{72C33AB0-2CC7-4C11-8792-B2233E64AF35}.Ad-Hoc|Any CPU.ActiveCfg = Debug|Any CPU
		{72C33AB0-2CC7-4C11-8792-B2233E64AF35}.Ad-Hoc|Any CPU.Build.0 = Debug|Any CPU
		{72C33AB0-2CC7-4C11-8792-B2233E64AF35}.Ad-Hoc|ARM.ActiveCfg = Debug|Any CPU
		{72C33AB0-2CC7-4C11-8792-B2233E64AF35}.Ad-Hoc|ARM.Build.0 = Debug|Any CPU
		{72C33AB0-2CC7-4C11-8792-B2233E64AF35}.Ad-Hoc|ARM64.ActiveCfg = Debug|Any CPU
		{72C33AB0-2CC7-4C11-8792-B2233E64AF35}.Ad-Hoc|ARM64.Build.0 = Debug|Any CPU
		{72C33AB0-2CC7-4C11-8792-B2233E64AF35}.Ad-Hoc|iPhone.ActiveCfg = Debug|Any CPU
		{72C33AB0-2CC7-4C11-8792-B2233E64AF35}.Ad-Hoc|iPhone.Build.0 = Debug|Any CPU
		{72C33AB0-2CC7-4C11-8792-B2233E64AF35}.Ad-Hoc|iPhoneSimulator.ActiveCfg = Debug|Any CPU
		{72C33AB0-2CC7-4C11-8792-B2233E64AF35}.Ad-Hoc|iPhoneSimulator.Build.0 = Debug|Any CPU
		{72C33AB0-2CC7-4C11-8792-B2233E64AF35}.Ad-Hoc|x64.ActiveCfg = Debug|Any CPU
		{72C33AB0-2CC7-4C11-8792-B2233E64AF35}.Ad-Hoc|x64.Build.0 = Debug|Any CPU
		{72C33AB0-2CC7-4C11-8792-B2233E64AF35}.Ad-Hoc|x86.ActiveCfg = Debug|Any CPU
		{72C33AB0-2CC7-4C11-8792-B2233E64AF35}.Ad-Hoc|x86.Build.0 = Debug|Any CPU
		{72C33AB0-2CC7-4C11-8792-B2233E64AF35}.AppStore|Any CPU.ActiveCfg = Debug|Any CPU
		{72C33AB0-2CC7-4C11-8792-B2233E64AF35}.AppStore|Any CPU.Build.0 = Debug|Any CPU
		{72C33AB0-2CC7-4C11-8792-B2233E64AF35}.AppStore|ARM.ActiveCfg = Debug|Any CPU
		{72C33AB0-2CC7-4C11-8792-B2233E64AF35}.AppStore|ARM.Build.0 = Debug|Any CPU
		{72C33AB0-2CC7-4C11-8792-B2233E64AF35}.AppStore|ARM64.ActiveCfg = Debug|Any CPU
		{72C33AB0-2CC7-4C11-8792-B2233E64AF35}.AppStore|ARM64.Build.0 = Debug|Any CPU
		{72C33AB0-2CC7-4C11-8792-B2233E64AF35}.AppStore|iPhone.ActiveCfg = Debug|Any CPU
		{72C33AB0-2CC7-4C11-8792-B2233E64AF35}.AppStore|iPhone.Build.0 = Debug|Any CPU
		{72C33AB0-2CC7-4C11-8792-B2233E64AF35}.AppStore|iPhoneSimulator.ActiveCfg = Debug|Any CPU
		{72C33AB0-2CC7-4C11-8792-B2233E64AF35}.AppStore|iPhoneSimulator.Build.0 = Debug|Any CPU
		{72C33AB0-2CC7-4C11-8792-B2233E64AF35}.AppStore|x64.ActiveCfg = Debug|Any CPU
		{72C33AB0-2CC7-4C11-8792-B2233E64AF35}.AppStore|x64.Build.0 = Debug|Any CPU
		{72C33AB0-2CC7-4C11-8792-B2233E64AF35}.AppStore|x86.ActiveCfg = Debug|Any CPU
		{72C33AB0-2CC7-4C11-8792-B2233E64AF35}.AppStore|x86.Build.0 = Debug|Any CPU
		{72C33AB0-2CC7-4C11-8792-B2233E64AF35}.Debug|Any CPU.ActiveCfg = Debug|Any CPU
		{72C33AB0-2CC7-4C11-8792-B2233E64AF35}.Debug|Any CPU.Build.0 = Debug|Any CPU
		{72C33AB0-2CC7-4C11-8792-B2233E64AF35}.Debug|ARM.ActiveCfg = Debug|Any CPU
		{72C33AB0-2CC7-4C11-8792-B2233E64AF35}.Debug|ARM.Build.0 = Debug|Any CPU
		{72C33AB0-2CC7-4C11-8792-B2233E64AF35}.Debug|ARM64.ActiveCfg = Debug|Any CPU
		{72C33AB0-2CC7-4C11-8792-B2233E64AF35}.Debug|ARM64.Build.0 = Debug|Any CPU
		{72C33AB0-2CC7-4C11-8792-B2233E64AF35}.Debug|iPhone.ActiveCfg = Debug|Any CPU
		{72C33AB0-2CC7-4C11-8792-B2233E64AF35}.Debug|iPhone.Build.0 = Debug|Any CPU
		{72C33AB0-2CC7-4C11-8792-B2233E64AF35}.Debug|iPhoneSimulator.ActiveCfg = Debug|Any CPU
		{72C33AB0-2CC7-4C11-8792-B2233E64AF35}.Debug|iPhoneSimulator.Build.0 = Debug|Any CPU
		{72C33AB0-2CC7-4C11-8792-B2233E64AF35}.Debug|x64.ActiveCfg = Debug|Any CPU
		{72C33AB0-2CC7-4C11-8792-B2233E64AF35}.Debug|x64.Build.0 = Debug|Any CPU
		{72C33AB0-2CC7-4C11-8792-B2233E64AF35}.Debug|x86.ActiveCfg = Debug|Any CPU
		{72C33AB0-2CC7-4C11-8792-B2233E64AF35}.Debug|x86.Build.0 = Debug|Any CPU
		{72C33AB0-2CC7-4C11-8792-B2233E64AF35}.Release|Any CPU.ActiveCfg = Release|Any CPU
		{72C33AB0-2CC7-4C11-8792-B2233E64AF35}.Release|Any CPU.Build.0 = Release|Any CPU
		{72C33AB0-2CC7-4C11-8792-B2233E64AF35}.Release|ARM.ActiveCfg = Release|Any CPU
		{72C33AB0-2CC7-4C11-8792-B2233E64AF35}.Release|ARM.Build.0 = Release|Any CPU
		{72C33AB0-2CC7-4C11-8792-B2233E64AF35}.Release|ARM64.ActiveCfg = Release|Any CPU
		{72C33AB0-2CC7-4C11-8792-B2233E64AF35}.Release|ARM64.Build.0 = Release|Any CPU
		{72C33AB0-2CC7-4C11-8792-B2233E64AF35}.Release|iPhone.ActiveCfg = Release|Any CPU
		{72C33AB0-2CC7-4C11-8792-B2233E64AF35}.Release|iPhone.Build.0 = Release|Any CPU
		{72C33AB0-2CC7-4C11-8792-B2233E64AF35}.Release|iPhoneSimulator.ActiveCfg = Release|Any CPU
		{72C33AB0-2CC7-4C11-8792-B2233E64AF35}.Release|iPhoneSimulator.Build.0 = Release|Any CPU
		{72C33AB0-2CC7-4C11-8792-B2233E64AF35}.Release|x64.ActiveCfg = Release|Any CPU
		{72C33AB0-2CC7-4C11-8792-B2233E64AF35}.Release|x64.Build.0 = Release|Any CPU
		{72C33AB0-2CC7-4C11-8792-B2233E64AF35}.Release|x86.ActiveCfg = Release|Any CPU
		{72C33AB0-2CC7-4C11-8792-B2233E64AF35}.Release|x86.Build.0 = Release|Any CPU
		{80C65FA4-C269-470B-9499-0D26A549E2FA}.Ad-Hoc|Any CPU.ActiveCfg = Debug|Any CPU
		{80C65FA4-C269-470B-9499-0D26A549E2FA}.Ad-Hoc|Any CPU.Build.0 = Debug|Any CPU
		{80C65FA4-C269-470B-9499-0D26A549E2FA}.Ad-Hoc|ARM.ActiveCfg = Debug|ARM
		{80C65FA4-C269-470B-9499-0D26A549E2FA}.Ad-Hoc|ARM.Build.0 = Debug|ARM
		{80C65FA4-C269-470B-9499-0D26A549E2FA}.Ad-Hoc|ARM64.ActiveCfg = Debug|ARM64
		{80C65FA4-C269-470B-9499-0D26A549E2FA}.Ad-Hoc|ARM64.Build.0 = Debug|ARM64
		{80C65FA4-C269-470B-9499-0D26A549E2FA}.Ad-Hoc|iPhone.ActiveCfg = Debug|Any CPU
		{80C65FA4-C269-470B-9499-0D26A549E2FA}.Ad-Hoc|iPhone.Build.0 = Debug|Any CPU
		{80C65FA4-C269-470B-9499-0D26A549E2FA}.Ad-Hoc|iPhoneSimulator.ActiveCfg = Debug|Any CPU
		{80C65FA4-C269-470B-9499-0D26A549E2FA}.Ad-Hoc|iPhoneSimulator.Build.0 = Debug|Any CPU
		{80C65FA4-C269-470B-9499-0D26A549E2FA}.Ad-Hoc|x64.ActiveCfg = Debug|x64
		{80C65FA4-C269-470B-9499-0D26A549E2FA}.Ad-Hoc|x64.Build.0 = Debug|x64
		{80C65FA4-C269-470B-9499-0D26A549E2FA}.Ad-Hoc|x86.ActiveCfg = Debug|x86
		{80C65FA4-C269-470B-9499-0D26A549E2FA}.Ad-Hoc|x86.Build.0 = Debug|x86
		{80C65FA4-C269-470B-9499-0D26A549E2FA}.AppStore|Any CPU.ActiveCfg = Debug|Any CPU
		{80C65FA4-C269-470B-9499-0D26A549E2FA}.AppStore|Any CPU.Build.0 = Debug|Any CPU
		{80C65FA4-C269-470B-9499-0D26A549E2FA}.AppStore|ARM.ActiveCfg = Debug|ARM
		{80C65FA4-C269-470B-9499-0D26A549E2FA}.AppStore|ARM.Build.0 = Debug|ARM
		{80C65FA4-C269-470B-9499-0D26A549E2FA}.AppStore|ARM64.ActiveCfg = Debug|ARM64
		{80C65FA4-C269-470B-9499-0D26A549E2FA}.AppStore|ARM64.Build.0 = Debug|ARM64
		{80C65FA4-C269-470B-9499-0D26A549E2FA}.AppStore|iPhone.ActiveCfg = Debug|Any CPU
		{80C65FA4-C269-470B-9499-0D26A549E2FA}.AppStore|iPhone.Build.0 = Debug|Any CPU
		{80C65FA4-C269-470B-9499-0D26A549E2FA}.AppStore|iPhoneSimulator.ActiveCfg = Debug|Any CPU
		{80C65FA4-C269-470B-9499-0D26A549E2FA}.AppStore|iPhoneSimulator.Build.0 = Debug|Any CPU
		{80C65FA4-C269-470B-9499-0D26A549E2FA}.AppStore|x64.ActiveCfg = Debug|x64
		{80C65FA4-C269-470B-9499-0D26A549E2FA}.AppStore|x64.Build.0 = Debug|x64
		{80C65FA4-C269-470B-9499-0D26A549E2FA}.AppStore|x86.ActiveCfg = Debug|x86
		{80C65FA4-C269-470B-9499-0D26A549E2FA}.AppStore|x86.Build.0 = Debug|x86
		{80C65FA4-C269-470B-9499-0D26A549E2FA}.Debug|Any CPU.ActiveCfg = Debug|Any CPU
		{80C65FA4-C269-470B-9499-0D26A549E2FA}.Debug|Any CPU.Build.0 = Debug|Any CPU
		{80C65FA4-C269-470B-9499-0D26A549E2FA}.Debug|ARM.ActiveCfg = Debug|ARM
		{80C65FA4-C269-470B-9499-0D26A549E2FA}.Debug|ARM.Build.0 = Debug|ARM
		{80C65FA4-C269-470B-9499-0D26A549E2FA}.Debug|ARM64.ActiveCfg = Debug|Any CPU
		{80C65FA4-C269-470B-9499-0D26A549E2FA}.Debug|ARM64.Build.0 = Debug|Any CPU
		{80C65FA4-C269-470B-9499-0D26A549E2FA}.Debug|iPhone.ActiveCfg = Debug|Any CPU
		{80C65FA4-C269-470B-9499-0D26A549E2FA}.Debug|iPhone.Build.0 = Debug|Any CPU
		{80C65FA4-C269-470B-9499-0D26A549E2FA}.Debug|iPhoneSimulator.ActiveCfg = Debug|Any CPU
		{80C65FA4-C269-470B-9499-0D26A549E2FA}.Debug|iPhoneSimulator.Build.0 = Debug|Any CPU
		{80C65FA4-C269-470B-9499-0D26A549E2FA}.Debug|x64.ActiveCfg = Debug|x64
		{80C65FA4-C269-470B-9499-0D26A549E2FA}.Debug|x64.Build.0 = Debug|x64
		{80C65FA4-C269-470B-9499-0D26A549E2FA}.Debug|x86.ActiveCfg = Debug|Any CPU
		{80C65FA4-C269-470B-9499-0D26A549E2FA}.Debug|x86.Build.0 = Debug|Any CPU
		{80C65FA4-C269-470B-9499-0D26A549E2FA}.Release|Any CPU.ActiveCfg = Release|Any CPU
		{80C65FA4-C269-470B-9499-0D26A549E2FA}.Release|Any CPU.Build.0 = Release|Any CPU
		{80C65FA4-C269-470B-9499-0D26A549E2FA}.Release|ARM.ActiveCfg = Release|ARM
		{80C65FA4-C269-470B-9499-0D26A549E2FA}.Release|ARM.Build.0 = Release|ARM
		{80C65FA4-C269-470B-9499-0D26A549E2FA}.Release|ARM64.ActiveCfg = Release|ARM64
		{80C65FA4-C269-470B-9499-0D26A549E2FA}.Release|ARM64.Build.0 = Release|ARM64
		{80C65FA4-C269-470B-9499-0D26A549E2FA}.Release|iPhone.ActiveCfg = Release|Any CPU
		{80C65FA4-C269-470B-9499-0D26A549E2FA}.Release|iPhone.Build.0 = Release|Any CPU
		{80C65FA4-C269-470B-9499-0D26A549E2FA}.Release|iPhoneSimulator.ActiveCfg = Release|Any CPU
		{80C65FA4-C269-470B-9499-0D26A549E2FA}.Release|iPhoneSimulator.Build.0 = Release|Any CPU
		{80C65FA4-C269-470B-9499-0D26A549E2FA}.Release|x64.ActiveCfg = Release|x64
		{80C65FA4-C269-470B-9499-0D26A549E2FA}.Release|x64.Build.0 = Release|x64
		{80C65FA4-C269-470B-9499-0D26A549E2FA}.Release|x86.ActiveCfg = Release|Win32
		{80C65FA4-C269-470B-9499-0D26A549E2FA}.Release|x86.Build.0 = Release|Win32
		{D049B18A-AC62-43D5-8100-C1005A609FAB}.Ad-Hoc|Any CPU.ActiveCfg = Debug|Any CPU
		{D049B18A-AC62-43D5-8100-C1005A609FAB}.Ad-Hoc|Any CPU.Build.0 = Debug|Any CPU
		{D049B18A-AC62-43D5-8100-C1005A609FAB}.Ad-Hoc|Any CPU.Deploy.0 = Debug|Any CPU
		{D049B18A-AC62-43D5-8100-C1005A609FAB}.Ad-Hoc|ARM.ActiveCfg = Debug|Any CPU
		{D049B18A-AC62-43D5-8100-C1005A609FAB}.Ad-Hoc|ARM.Build.0 = Debug|Any CPU
		{D049B18A-AC62-43D5-8100-C1005A609FAB}.Ad-Hoc|ARM.Deploy.0 = Debug|Any CPU
		{D049B18A-AC62-43D5-8100-C1005A609FAB}.Ad-Hoc|ARM64.ActiveCfg = Debug|Any CPU
		{D049B18A-AC62-43D5-8100-C1005A609FAB}.Ad-Hoc|ARM64.Build.0 = Debug|Any CPU
		{D049B18A-AC62-43D5-8100-C1005A609FAB}.Ad-Hoc|ARM64.Deploy.0 = Debug|Any CPU
		{D049B18A-AC62-43D5-8100-C1005A609FAB}.Ad-Hoc|iPhone.ActiveCfg = Debug|Any CPU
		{D049B18A-AC62-43D5-8100-C1005A609FAB}.Ad-Hoc|iPhone.Build.0 = Debug|Any CPU
		{D049B18A-AC62-43D5-8100-C1005A609FAB}.Ad-Hoc|iPhone.Deploy.0 = Debug|Any CPU
		{D049B18A-AC62-43D5-8100-C1005A609FAB}.Ad-Hoc|iPhoneSimulator.ActiveCfg = Debug|Any CPU
		{D049B18A-AC62-43D5-8100-C1005A609FAB}.Ad-Hoc|iPhoneSimulator.Build.0 = Debug|Any CPU
		{D049B18A-AC62-43D5-8100-C1005A609FAB}.Ad-Hoc|iPhoneSimulator.Deploy.0 = Debug|Any CPU
		{D049B18A-AC62-43D5-8100-C1005A609FAB}.Ad-Hoc|x64.ActiveCfg = Debug|Any CPU
		{D049B18A-AC62-43D5-8100-C1005A609FAB}.Ad-Hoc|x64.Build.0 = Debug|Any CPU
		{D049B18A-AC62-43D5-8100-C1005A609FAB}.Ad-Hoc|x64.Deploy.0 = Debug|Any CPU
		{D049B18A-AC62-43D5-8100-C1005A609FAB}.Ad-Hoc|x86.ActiveCfg = Debug|Any CPU
		{D049B18A-AC62-43D5-8100-C1005A609FAB}.Ad-Hoc|x86.Build.0 = Debug|Any CPU
		{D049B18A-AC62-43D5-8100-C1005A609FAB}.Ad-Hoc|x86.Deploy.0 = Debug|Any CPU
		{D049B18A-AC62-43D5-8100-C1005A609FAB}.AppStore|Any CPU.ActiveCfg = Debug|Any CPU
		{D049B18A-AC62-43D5-8100-C1005A609FAB}.AppStore|Any CPU.Build.0 = Debug|Any CPU
		{D049B18A-AC62-43D5-8100-C1005A609FAB}.AppStore|Any CPU.Deploy.0 = Debug|Any CPU
		{D049B18A-AC62-43D5-8100-C1005A609FAB}.AppStore|ARM.ActiveCfg = Debug|Any CPU
		{D049B18A-AC62-43D5-8100-C1005A609FAB}.AppStore|ARM.Build.0 = Debug|Any CPU
		{D049B18A-AC62-43D5-8100-C1005A609FAB}.AppStore|ARM.Deploy.0 = Debug|Any CPU
		{D049B18A-AC62-43D5-8100-C1005A609FAB}.AppStore|ARM64.ActiveCfg = Debug|Any CPU
		{D049B18A-AC62-43D5-8100-C1005A609FAB}.AppStore|ARM64.Build.0 = Debug|Any CPU
		{D049B18A-AC62-43D5-8100-C1005A609FAB}.AppStore|ARM64.Deploy.0 = Debug|Any CPU
		{D049B18A-AC62-43D5-8100-C1005A609FAB}.AppStore|iPhone.ActiveCfg = Debug|Any CPU
		{D049B18A-AC62-43D5-8100-C1005A609FAB}.AppStore|iPhone.Build.0 = Debug|Any CPU
		{D049B18A-AC62-43D5-8100-C1005A609FAB}.AppStore|iPhone.Deploy.0 = Debug|Any CPU
		{D049B18A-AC62-43D5-8100-C1005A609FAB}.AppStore|iPhoneSimulator.ActiveCfg = Debug|Any CPU
		{D049B18A-AC62-43D5-8100-C1005A609FAB}.AppStore|iPhoneSimulator.Build.0 = Debug|Any CPU
		{D049B18A-AC62-43D5-8100-C1005A609FAB}.AppStore|iPhoneSimulator.Deploy.0 = Debug|Any CPU
		{D049B18A-AC62-43D5-8100-C1005A609FAB}.AppStore|x64.ActiveCfg = Debug|Any CPU
		{D049B18A-AC62-43D5-8100-C1005A609FAB}.AppStore|x64.Build.0 = Debug|Any CPU
		{D049B18A-AC62-43D5-8100-C1005A609FAB}.AppStore|x64.Deploy.0 = Debug|Any CPU
		{D049B18A-AC62-43D5-8100-C1005A609FAB}.AppStore|x86.ActiveCfg = Debug|Any CPU
		{D049B18A-AC62-43D5-8100-C1005A609FAB}.AppStore|x86.Build.0 = Debug|Any CPU
		{D049B18A-AC62-43D5-8100-C1005A609FAB}.AppStore|x86.Deploy.0 = Debug|Any CPU
		{D049B18A-AC62-43D5-8100-C1005A609FAB}.Debug|Any CPU.ActiveCfg = Debug|Any CPU
		{D049B18A-AC62-43D5-8100-C1005A609FAB}.Debug|Any CPU.Build.0 = Debug|Any CPU
		{D049B18A-AC62-43D5-8100-C1005A609FAB}.Debug|Any CPU.Deploy.0 = Debug|Any CPU
		{D049B18A-AC62-43D5-8100-C1005A609FAB}.Debug|ARM.ActiveCfg = Debug|Any CPU
		{D049B18A-AC62-43D5-8100-C1005A609FAB}.Debug|ARM.Build.0 = Debug|Any CPU
		{D049B18A-AC62-43D5-8100-C1005A609FAB}.Debug|ARM.Deploy.0 = Debug|Any CPU
		{D049B18A-AC62-43D5-8100-C1005A609FAB}.Debug|ARM64.ActiveCfg = Debug|Any CPU
		{D049B18A-AC62-43D5-8100-C1005A609FAB}.Debug|ARM64.Build.0 = Debug|Any CPU
		{D049B18A-AC62-43D5-8100-C1005A609FAB}.Debug|ARM64.Deploy.0 = Debug|Any CPU
		{D049B18A-AC62-43D5-8100-C1005A609FAB}.Debug|iPhone.ActiveCfg = Debug|Any CPU
		{D049B18A-AC62-43D5-8100-C1005A609FAB}.Debug|iPhone.Build.0 = Debug|Any CPU
		{D049B18A-AC62-43D5-8100-C1005A609FAB}.Debug|iPhone.Deploy.0 = Debug|Any CPU
		{D049B18A-AC62-43D5-8100-C1005A609FAB}.Debug|iPhoneSimulator.ActiveCfg = Debug|Any CPU
		{D049B18A-AC62-43D5-8100-C1005A609FAB}.Debug|iPhoneSimulator.Build.0 = Debug|Any CPU
		{D049B18A-AC62-43D5-8100-C1005A609FAB}.Debug|iPhoneSimulator.Deploy.0 = Debug|Any CPU
		{D049B18A-AC62-43D5-8100-C1005A609FAB}.Debug|x64.ActiveCfg = Debug|Any CPU
		{D049B18A-AC62-43D5-8100-C1005A609FAB}.Debug|x64.Build.0 = Debug|Any CPU
		{D049B18A-AC62-43D5-8100-C1005A609FAB}.Debug|x64.Deploy.0 = Debug|Any CPU
		{D049B18A-AC62-43D5-8100-C1005A609FAB}.Debug|x86.ActiveCfg = Debug|Any CPU
		{D049B18A-AC62-43D5-8100-C1005A609FAB}.Debug|x86.Build.0 = Debug|Any CPU
		{D049B18A-AC62-43D5-8100-C1005A609FAB}.Debug|x86.Deploy.0 = Debug|Any CPU
		{D049B18A-AC62-43D5-8100-C1005A609FAB}.Release|Any CPU.ActiveCfg = Release|Any CPU
		{D049B18A-AC62-43D5-8100-C1005A609FAB}.Release|Any CPU.Build.0 = Release|Any CPU
		{D049B18A-AC62-43D5-8100-C1005A609FAB}.Release|Any CPU.Deploy.0 = Release|Any CPU
		{D049B18A-AC62-43D5-8100-C1005A609FAB}.Release|ARM.ActiveCfg = Release|Any CPU
		{D049B18A-AC62-43D5-8100-C1005A609FAB}.Release|ARM.Build.0 = Release|Any CPU
		{D049B18A-AC62-43D5-8100-C1005A609FAB}.Release|ARM.Deploy.0 = Release|Any CPU
		{D049B18A-AC62-43D5-8100-C1005A609FAB}.Release|ARM64.ActiveCfg = Release|Any CPU
		{D049B18A-AC62-43D5-8100-C1005A609FAB}.Release|ARM64.Build.0 = Release|Any CPU
		{D049B18A-AC62-43D5-8100-C1005A609FAB}.Release|ARM64.Deploy.0 = Release|Any CPU
		{D049B18A-AC62-43D5-8100-C1005A609FAB}.Release|iPhone.ActiveCfg = Release|Any CPU
		{D049B18A-AC62-43D5-8100-C1005A609FAB}.Release|iPhone.Build.0 = Release|Any CPU
		{D049B18A-AC62-43D5-8100-C1005A609FAB}.Release|iPhone.Deploy.0 = Release|Any CPU
		{D049B18A-AC62-43D5-8100-C1005A609FAB}.Release|iPhoneSimulator.ActiveCfg = Release|Any CPU
		{D049B18A-AC62-43D5-8100-C1005A609FAB}.Release|iPhoneSimulator.Build.0 = Release|Any CPU
		{D049B18A-AC62-43D5-8100-C1005A609FAB}.Release|iPhoneSimulator.Deploy.0 = Release|Any CPU
		{D049B18A-AC62-43D5-8100-C1005A609FAB}.Release|x64.ActiveCfg = Release|Any CPU
		{D049B18A-AC62-43D5-8100-C1005A609FAB}.Release|x64.Build.0 = Release|Any CPU
		{D049B18A-AC62-43D5-8100-C1005A609FAB}.Release|x64.Deploy.0 = Release|Any CPU
		{D049B18A-AC62-43D5-8100-C1005A609FAB}.Release|x86.ActiveCfg = Release|Any CPU
		{D049B18A-AC62-43D5-8100-C1005A609FAB}.Release|x86.Build.0 = Release|Any CPU
		{D049B18A-AC62-43D5-8100-C1005A609FAB}.Release|x86.Deploy.0 = Release|Any CPU
		{3AEB9B5E-FF8D-46D6-8564-FAE16123B3FC}.Ad-Hoc|Any CPU.ActiveCfg = Ad-Hoc|iPhoneSimulator
		{3AEB9B5E-FF8D-46D6-8564-FAE16123B3FC}.Ad-Hoc|Any CPU.Build.0 = Ad-Hoc|iPhoneSimulator
		{3AEB9B5E-FF8D-46D6-8564-FAE16123B3FC}.Ad-Hoc|ARM.ActiveCfg = Ad-Hoc|iPhoneSimulator
		{3AEB9B5E-FF8D-46D6-8564-FAE16123B3FC}.Ad-Hoc|ARM.Build.0 = Ad-Hoc|iPhoneSimulator
		{3AEB9B5E-FF8D-46D6-8564-FAE16123B3FC}.Ad-Hoc|ARM64.ActiveCfg = Ad-Hoc|iPhoneSimulator
		{3AEB9B5E-FF8D-46D6-8564-FAE16123B3FC}.Ad-Hoc|ARM64.Build.0 = Ad-Hoc|iPhoneSimulator
		{3AEB9B5E-FF8D-46D6-8564-FAE16123B3FC}.Ad-Hoc|iPhone.ActiveCfg = Ad-Hoc|iPhone
		{3AEB9B5E-FF8D-46D6-8564-FAE16123B3FC}.Ad-Hoc|iPhone.Build.0 = Ad-Hoc|iPhone
		{3AEB9B5E-FF8D-46D6-8564-FAE16123B3FC}.Ad-Hoc|iPhoneSimulator.ActiveCfg = Ad-Hoc|iPhoneSimulator
		{3AEB9B5E-FF8D-46D6-8564-FAE16123B3FC}.Ad-Hoc|iPhoneSimulator.Build.0 = Ad-Hoc|iPhoneSimulator
		{3AEB9B5E-FF8D-46D6-8564-FAE16123B3FC}.Ad-Hoc|x64.ActiveCfg = Ad-Hoc|iPhoneSimulator
		{3AEB9B5E-FF8D-46D6-8564-FAE16123B3FC}.Ad-Hoc|x64.Build.0 = Ad-Hoc|iPhoneSimulator
		{3AEB9B5E-FF8D-46D6-8564-FAE16123B3FC}.Ad-Hoc|x86.ActiveCfg = Ad-Hoc|iPhoneSimulator
		{3AEB9B5E-FF8D-46D6-8564-FAE16123B3FC}.Ad-Hoc|x86.Build.0 = Ad-Hoc|iPhoneSimulator
		{3AEB9B5E-FF8D-46D6-8564-FAE16123B3FC}.AppStore|Any CPU.ActiveCfg = AppStore|iPhoneSimulator
		{3AEB9B5E-FF8D-46D6-8564-FAE16123B3FC}.AppStore|Any CPU.Build.0 = AppStore|iPhoneSimulator
		{3AEB9B5E-FF8D-46D6-8564-FAE16123B3FC}.AppStore|ARM.ActiveCfg = AppStore|iPhoneSimulator
		{3AEB9B5E-FF8D-46D6-8564-FAE16123B3FC}.AppStore|ARM.Build.0 = AppStore|iPhoneSimulator
		{3AEB9B5E-FF8D-46D6-8564-FAE16123B3FC}.AppStore|ARM64.ActiveCfg = AppStore|iPhoneSimulator
		{3AEB9B5E-FF8D-46D6-8564-FAE16123B3FC}.AppStore|ARM64.Build.0 = AppStore|iPhoneSimulator
		{3AEB9B5E-FF8D-46D6-8564-FAE16123B3FC}.AppStore|iPhone.ActiveCfg = AppStore|iPhone
		{3AEB9B5E-FF8D-46D6-8564-FAE16123B3FC}.AppStore|iPhone.Build.0 = AppStore|iPhone
		{3AEB9B5E-FF8D-46D6-8564-FAE16123B3FC}.AppStore|iPhoneSimulator.ActiveCfg = AppStore|iPhoneSimulator
		{3AEB9B5E-FF8D-46D6-8564-FAE16123B3FC}.AppStore|iPhoneSimulator.Build.0 = AppStore|iPhoneSimulator
		{3AEB9B5E-FF8D-46D6-8564-FAE16123B3FC}.AppStore|x64.ActiveCfg = AppStore|iPhoneSimulator
		{3AEB9B5E-FF8D-46D6-8564-FAE16123B3FC}.AppStore|x64.Build.0 = AppStore|iPhoneSimulator
		{3AEB9B5E-FF8D-46D6-8564-FAE16123B3FC}.AppStore|x86.ActiveCfg = AppStore|iPhoneSimulator
		{3AEB9B5E-FF8D-46D6-8564-FAE16123B3FC}.AppStore|x86.Build.0 = AppStore|iPhoneSimulator
		{3AEB9B5E-FF8D-46D6-8564-FAE16123B3FC}.Debug|Any CPU.ActiveCfg = Debug|iPhoneSimulator
		{3AEB9B5E-FF8D-46D6-8564-FAE16123B3FC}.Debug|Any CPU.Build.0 = Debug|iPhoneSimulator
		{3AEB9B5E-FF8D-46D6-8564-FAE16123B3FC}.Debug|ARM.ActiveCfg = Debug|iPhoneSimulator
		{3AEB9B5E-FF8D-46D6-8564-FAE16123B3FC}.Debug|ARM.Build.0 = Debug|iPhoneSimulator
		{3AEB9B5E-FF8D-46D6-8564-FAE16123B3FC}.Debug|ARM64.ActiveCfg = Debug|iPhoneSimulator
		{3AEB9B5E-FF8D-46D6-8564-FAE16123B3FC}.Debug|ARM64.Build.0 = Debug|iPhoneSimulator
		{3AEB9B5E-FF8D-46D6-8564-FAE16123B3FC}.Debug|iPhone.ActiveCfg = Debug|iPhone
		{3AEB9B5E-FF8D-46D6-8564-FAE16123B3FC}.Debug|iPhone.Build.0 = Debug|iPhone
		{3AEB9B5E-FF8D-46D6-8564-FAE16123B3FC}.Debug|iPhone.Deploy.0 = Debug|iPhone
		{3AEB9B5E-FF8D-46D6-8564-FAE16123B3FC}.Debug|iPhoneSimulator.ActiveCfg = Debug|iPhoneSimulator
		{3AEB9B5E-FF8D-46D6-8564-FAE16123B3FC}.Debug|iPhoneSimulator.Build.0 = Debug|iPhoneSimulator
		{3AEB9B5E-FF8D-46D6-8564-FAE16123B3FC}.Debug|iPhoneSimulator.Deploy.0 = Debug|iPhoneSimulator
		{3AEB9B5E-FF8D-46D6-8564-FAE16123B3FC}.Debug|x64.ActiveCfg = Debug|iPhoneSimulator
		{3AEB9B5E-FF8D-46D6-8564-FAE16123B3FC}.Debug|x64.Build.0 = Debug|iPhoneSimulator
		{3AEB9B5E-FF8D-46D6-8564-FAE16123B3FC}.Debug|x86.ActiveCfg = Debug|iPhoneSimulator
		{3AEB9B5E-FF8D-46D6-8564-FAE16123B3FC}.Debug|x86.Build.0 = Debug|iPhoneSimulator
		{3AEB9B5E-FF8D-46D6-8564-FAE16123B3FC}.Release|Any CPU.ActiveCfg = Release|iPhoneSimulator
		{3AEB9B5E-FF8D-46D6-8564-FAE16123B3FC}.Release|Any CPU.Build.0 = Release|iPhoneSimulator
		{3AEB9B5E-FF8D-46D6-8564-FAE16123B3FC}.Release|ARM.ActiveCfg = Release|iPhoneSimulator
		{3AEB9B5E-FF8D-46D6-8564-FAE16123B3FC}.Release|ARM.Build.0 = Release|iPhoneSimulator
		{3AEB9B5E-FF8D-46D6-8564-FAE16123B3FC}.Release|ARM64.ActiveCfg = Release|iPhoneSimulator
		{3AEB9B5E-FF8D-46D6-8564-FAE16123B3FC}.Release|ARM64.Build.0 = Release|iPhoneSimulator
		{3AEB9B5E-FF8D-46D6-8564-FAE16123B3FC}.Release|iPhone.ActiveCfg = Release|iPhone
		{3AEB9B5E-FF8D-46D6-8564-FAE16123B3FC}.Release|iPhone.Build.0 = Release|iPhone
		{3AEB9B5E-FF8D-46D6-8564-FAE16123B3FC}.Release|iPhoneSimulator.ActiveCfg = Release|iPhoneSimulator
		{3AEB9B5E-FF8D-46D6-8564-FAE16123B3FC}.Release|iPhoneSimulator.Build.0 = Release|iPhoneSimulator
		{3AEB9B5E-FF8D-46D6-8564-FAE16123B3FC}.Release|x64.ActiveCfg = Release|iPhoneSimulator
		{3AEB9B5E-FF8D-46D6-8564-FAE16123B3FC}.Release|x64.Build.0 = Release|iPhoneSimulator
		{3AEB9B5E-FF8D-46D6-8564-FAE16123B3FC}.Release|x86.ActiveCfg = Release|iPhoneSimulator
		{3AEB9B5E-FF8D-46D6-8564-FAE16123B3FC}.Release|x86.Build.0 = Release|iPhoneSimulator
		{BB5F425C-55BE-4AEC-BA13-073AAE3A36A3}.Ad-Hoc|Any CPU.ActiveCfg = Debug|x64
		{BB5F425C-55BE-4AEC-BA13-073AAE3A36A3}.Ad-Hoc|Any CPU.Build.0 = Debug|x64
		{BB5F425C-55BE-4AEC-BA13-073AAE3A36A3}.Ad-Hoc|Any CPU.Deploy.0 = Debug|x64
		{BB5F425C-55BE-4AEC-BA13-073AAE3A36A3}.Ad-Hoc|ARM.ActiveCfg = Debug|ARM
		{BB5F425C-55BE-4AEC-BA13-073AAE3A36A3}.Ad-Hoc|ARM.Build.0 = Debug|ARM
		{BB5F425C-55BE-4AEC-BA13-073AAE3A36A3}.Ad-Hoc|ARM.Deploy.0 = Debug|ARM
		{BB5F425C-55BE-4AEC-BA13-073AAE3A36A3}.Ad-Hoc|ARM64.ActiveCfg = Debug|ARM64
		{BB5F425C-55BE-4AEC-BA13-073AAE3A36A3}.Ad-Hoc|ARM64.Build.0 = Debug|ARM64
		{BB5F425C-55BE-4AEC-BA13-073AAE3A36A3}.Ad-Hoc|ARM64.Deploy.0 = Debug|ARM64
		{BB5F425C-55BE-4AEC-BA13-073AAE3A36A3}.Ad-Hoc|iPhone.ActiveCfg = Debug|x64
		{BB5F425C-55BE-4AEC-BA13-073AAE3A36A3}.Ad-Hoc|iPhone.Build.0 = Debug|x64
		{BB5F425C-55BE-4AEC-BA13-073AAE3A36A3}.Ad-Hoc|iPhone.Deploy.0 = Debug|x64
		{BB5F425C-55BE-4AEC-BA13-073AAE3A36A3}.Ad-Hoc|iPhoneSimulator.ActiveCfg = Debug|x64
		{BB5F425C-55BE-4AEC-BA13-073AAE3A36A3}.Ad-Hoc|iPhoneSimulator.Build.0 = Debug|x64
		{BB5F425C-55BE-4AEC-BA13-073AAE3A36A3}.Ad-Hoc|iPhoneSimulator.Deploy.0 = Debug|x64
		{BB5F425C-55BE-4AEC-BA13-073AAE3A36A3}.Ad-Hoc|x64.ActiveCfg = Debug|x64
		{BB5F425C-55BE-4AEC-BA13-073AAE3A36A3}.Ad-Hoc|x64.Build.0 = Debug|x64
		{BB5F425C-55BE-4AEC-BA13-073AAE3A36A3}.Ad-Hoc|x64.Deploy.0 = Debug|x64
		{BB5F425C-55BE-4AEC-BA13-073AAE3A36A3}.Ad-Hoc|x86.ActiveCfg = Debug|x86
		{BB5F425C-55BE-4AEC-BA13-073AAE3A36A3}.Ad-Hoc|x86.Build.0 = Debug|x86
		{BB5F425C-55BE-4AEC-BA13-073AAE3A36A3}.Ad-Hoc|x86.Deploy.0 = Debug|x86
		{BB5F425C-55BE-4AEC-BA13-073AAE3A36A3}.AppStore|Any CPU.ActiveCfg = Debug|x64
		{BB5F425C-55BE-4AEC-BA13-073AAE3A36A3}.AppStore|Any CPU.Build.0 = Debug|x64
		{BB5F425C-55BE-4AEC-BA13-073AAE3A36A3}.AppStore|Any CPU.Deploy.0 = Debug|x64
		{BB5F425C-55BE-4AEC-BA13-073AAE3A36A3}.AppStore|ARM.ActiveCfg = Debug|ARM
		{BB5F425C-55BE-4AEC-BA13-073AAE3A36A3}.AppStore|ARM.Build.0 = Debug|ARM
		{BB5F425C-55BE-4AEC-BA13-073AAE3A36A3}.AppStore|ARM.Deploy.0 = Debug|ARM
		{BB5F425C-55BE-4AEC-BA13-073AAE3A36A3}.AppStore|ARM64.ActiveCfg = Debug|ARM64
		{BB5F425C-55BE-4AEC-BA13-073AAE3A36A3}.AppStore|ARM64.Build.0 = Debug|ARM64
		{BB5F425C-55BE-4AEC-BA13-073AAE3A36A3}.AppStore|ARM64.Deploy.0 = Debug|ARM64
		{BB5F425C-55BE-4AEC-BA13-073AAE3A36A3}.AppStore|iPhone.ActiveCfg = Debug|x64
		{BB5F425C-55BE-4AEC-BA13-073AAE3A36A3}.AppStore|iPhone.Build.0 = Debug|x64
		{BB5F425C-55BE-4AEC-BA13-073AAE3A36A3}.AppStore|iPhone.Deploy.0 = Debug|x64
		{BB5F425C-55BE-4AEC-BA13-073AAE3A36A3}.AppStore|iPhoneSimulator.ActiveCfg = Debug|x64
		{BB5F425C-55BE-4AEC-BA13-073AAE3A36A3}.AppStore|iPhoneSimulator.Build.0 = Debug|x64
		{BB5F425C-55BE-4AEC-BA13-073AAE3A36A3}.AppStore|iPhoneSimulator.Deploy.0 = Debug|x64
		{BB5F425C-55BE-4AEC-BA13-073AAE3A36A3}.AppStore|x64.ActiveCfg = Debug|x64
		{BB5F425C-55BE-4AEC-BA13-073AAE3A36A3}.AppStore|x64.Build.0 = Debug|x64
		{BB5F425C-55BE-4AEC-BA13-073AAE3A36A3}.AppStore|x64.Deploy.0 = Debug|x64
		{BB5F425C-55BE-4AEC-BA13-073AAE3A36A3}.AppStore|x86.ActiveCfg = Debug|x86
		{BB5F425C-55BE-4AEC-BA13-073AAE3A36A3}.AppStore|x86.Build.0 = Debug|x86
		{BB5F425C-55BE-4AEC-BA13-073AAE3A36A3}.AppStore|x86.Deploy.0 = Debug|x86
		{BB5F425C-55BE-4AEC-BA13-073AAE3A36A3}.Debug|Any CPU.ActiveCfg = Debug|x64
		{BB5F425C-55BE-4AEC-BA13-073AAE3A36A3}.Debug|Any CPU.Build.0 = Debug|x64
		{BB5F425C-55BE-4AEC-BA13-073AAE3A36A3}.Debug|Any CPU.Deploy.0 = Debug|x64
		{BB5F425C-55BE-4AEC-BA13-073AAE3A36A3}.Debug|ARM.ActiveCfg = Debug|ARM
		{BB5F425C-55BE-4AEC-BA13-073AAE3A36A3}.Debug|ARM.Build.0 = Debug|ARM
		{BB5F425C-55BE-4AEC-BA13-073AAE3A36A3}.Debug|ARM.Deploy.0 = Debug|ARM
		{BB5F425C-55BE-4AEC-BA13-073AAE3A36A3}.Debug|ARM64.ActiveCfg = Debug|ARM64
		{BB5F425C-55BE-4AEC-BA13-073AAE3A36A3}.Debug|ARM64.Build.0 = Debug|ARM64
		{BB5F425C-55BE-4AEC-BA13-073AAE3A36A3}.Debug|ARM64.Deploy.0 = Debug|ARM64
		{BB5F425C-55BE-4AEC-BA13-073AAE3A36A3}.Debug|iPhone.ActiveCfg = Debug|x64
		{BB5F425C-55BE-4AEC-BA13-073AAE3A36A3}.Debug|iPhone.Build.0 = Debug|x64
		{BB5F425C-55BE-4AEC-BA13-073AAE3A36A3}.Debug|iPhone.Deploy.0 = Debug|x64
		{BB5F425C-55BE-4AEC-BA13-073AAE3A36A3}.Debug|iPhoneSimulator.ActiveCfg = Debug|x64
		{BB5F425C-55BE-4AEC-BA13-073AAE3A36A3}.Debug|iPhoneSimulator.Build.0 = Debug|x64
		{BB5F425C-55BE-4AEC-BA13-073AAE3A36A3}.Debug|iPhoneSimulator.Deploy.0 = Debug|x64
		{BB5F425C-55BE-4AEC-BA13-073AAE3A36A3}.Debug|x64.ActiveCfg = Debug|x64
		{BB5F425C-55BE-4AEC-BA13-073AAE3A36A3}.Debug|x64.Build.0 = Debug|x64
		{BB5F425C-55BE-4AEC-BA13-073AAE3A36A3}.Debug|x64.Deploy.0 = Debug|x64
		{BB5F425C-55BE-4AEC-BA13-073AAE3A36A3}.Debug|x86.ActiveCfg = Debug|x86
		{BB5F425C-55BE-4AEC-BA13-073AAE3A36A3}.Debug|x86.Build.0 = Debug|x86
		{BB5F425C-55BE-4AEC-BA13-073AAE3A36A3}.Debug|x86.Deploy.0 = Debug|x86
		{BB5F425C-55BE-4AEC-BA13-073AAE3A36A3}.Release|Any CPU.ActiveCfg = Release|x64
		{BB5F425C-55BE-4AEC-BA13-073AAE3A36A3}.Release|Any CPU.Build.0 = Release|x64
		{BB5F425C-55BE-4AEC-BA13-073AAE3A36A3}.Release|Any CPU.Deploy.0 = Release|x64
		{BB5F425C-55BE-4AEC-BA13-073AAE3A36A3}.Release|ARM.ActiveCfg = Release|ARM
		{BB5F425C-55BE-4AEC-BA13-073AAE3A36A3}.Release|ARM.Build.0 = Release|ARM
		{BB5F425C-55BE-4AEC-BA13-073AAE3A36A3}.Release|ARM.Deploy.0 = Release|ARM
		{BB5F425C-55BE-4AEC-BA13-073AAE3A36A3}.Release|ARM64.ActiveCfg = Release|ARM64
		{BB5F425C-55BE-4AEC-BA13-073AAE3A36A3}.Release|ARM64.Build.0 = Release|ARM64
		{BB5F425C-55BE-4AEC-BA13-073AAE3A36A3}.Release|ARM64.Deploy.0 = Release|ARM64
		{BB5F425C-55BE-4AEC-BA13-073AAE3A36A3}.Release|iPhone.ActiveCfg = Release|x64
		{BB5F425C-55BE-4AEC-BA13-073AAE3A36A3}.Release|iPhone.Build.0 = Release|x64
		{BB5F425C-55BE-4AEC-BA13-073AAE3A36A3}.Release|iPhone.Deploy.0 = Release|x64
		{BB5F425C-55BE-4AEC-BA13-073AAE3A36A3}.Release|iPhoneSimulator.ActiveCfg = Release|x64
		{BB5F425C-55BE-4AEC-BA13-073AAE3A36A3}.Release|iPhoneSimulator.Build.0 = Release|x64
		{BB5F425C-55BE-4AEC-BA13-073AAE3A36A3}.Release|iPhoneSimulator.Deploy.0 = Release|x64
		{BB5F425C-55BE-4AEC-BA13-073AAE3A36A3}.Release|x64.ActiveCfg = Release|x64
		{BB5F425C-55BE-4AEC-BA13-073AAE3A36A3}.Release|x64.Build.0 = Release|x64
		{BB5F425C-55BE-4AEC-BA13-073AAE3A36A3}.Release|x64.Deploy.0 = Release|x64
		{BB5F425C-55BE-4AEC-BA13-073AAE3A36A3}.Release|x86.ActiveCfg = Release|x86
		{BB5F425C-55BE-4AEC-BA13-073AAE3A36A3}.Release|x86.Build.0 = Release|x86
		{BB5F425C-55BE-4AEC-BA13-073AAE3A36A3}.Release|x86.Deploy.0 = Release|x86
		{39220689-E927-46BE-9E55-AA97490952BA}.Ad-Hoc|Any CPU.ActiveCfg = Debug|Any CPU
		{39220689-E927-46BE-9E55-AA97490952BA}.Ad-Hoc|Any CPU.Build.0 = Debug|Any CPU
		{39220689-E927-46BE-9E55-AA97490952BA}.Ad-Hoc|ARM.ActiveCfg = Debug|Any CPU
		{39220689-E927-46BE-9E55-AA97490952BA}.Ad-Hoc|ARM.Build.0 = Debug|Any CPU
		{39220689-E927-46BE-9E55-AA97490952BA}.Ad-Hoc|ARM64.ActiveCfg = Debug|Any CPU
		{39220689-E927-46BE-9E55-AA97490952BA}.Ad-Hoc|ARM64.Build.0 = Debug|Any CPU
		{39220689-E927-46BE-9E55-AA97490952BA}.Ad-Hoc|iPhone.ActiveCfg = Debug|Any CPU
		{39220689-E927-46BE-9E55-AA97490952BA}.Ad-Hoc|iPhone.Build.0 = Debug|Any CPU
		{39220689-E927-46BE-9E55-AA97490952BA}.Ad-Hoc|iPhoneSimulator.ActiveCfg = Debug|Any CPU
		{39220689-E927-46BE-9E55-AA97490952BA}.Ad-Hoc|iPhoneSimulator.Build.0 = Debug|Any CPU
		{39220689-E927-46BE-9E55-AA97490952BA}.Ad-Hoc|x64.ActiveCfg = Debug|Any CPU
		{39220689-E927-46BE-9E55-AA97490952BA}.Ad-Hoc|x64.Build.0 = Debug|Any CPU
		{39220689-E927-46BE-9E55-AA97490952BA}.Ad-Hoc|x86.ActiveCfg = Debug|Any CPU
		{39220689-E927-46BE-9E55-AA97490952BA}.Ad-Hoc|x86.Build.0 = Debug|Any CPU
		{39220689-E927-46BE-9E55-AA97490952BA}.AppStore|Any CPU.ActiveCfg = Debug|Any CPU
		{39220689-E927-46BE-9E55-AA97490952BA}.AppStore|Any CPU.Build.0 = Debug|Any CPU
		{39220689-E927-46BE-9E55-AA97490952BA}.AppStore|ARM.ActiveCfg = Debug|Any CPU
		{39220689-E927-46BE-9E55-AA97490952BA}.AppStore|ARM.Build.0 = Debug|Any CPU
		{39220689-E927-46BE-9E55-AA97490952BA}.AppStore|ARM64.ActiveCfg = Debug|Any CPU
		{39220689-E927-46BE-9E55-AA97490952BA}.AppStore|ARM64.Build.0 = Debug|Any CPU
		{39220689-E927-46BE-9E55-AA97490952BA}.AppStore|iPhone.ActiveCfg = Debug|Any CPU
		{39220689-E927-46BE-9E55-AA97490952BA}.AppStore|iPhone.Build.0 = Debug|Any CPU
		{39220689-E927-46BE-9E55-AA97490952BA}.AppStore|iPhoneSimulator.ActiveCfg = Debug|Any CPU
		{39220689-E927-46BE-9E55-AA97490952BA}.AppStore|iPhoneSimulator.Build.0 = Debug|Any CPU
		{39220689-E927-46BE-9E55-AA97490952BA}.AppStore|x64.ActiveCfg = Debug|Any CPU
		{39220689-E927-46BE-9E55-AA97490952BA}.AppStore|x64.Build.0 = Debug|Any CPU
		{39220689-E927-46BE-9E55-AA97490952BA}.AppStore|x86.ActiveCfg = Debug|Any CPU
		{39220689-E927-46BE-9E55-AA97490952BA}.AppStore|x86.Build.0 = Debug|Any CPU
		{39220689-E927-46BE-9E55-AA97490952BA}.Debug|Any CPU.ActiveCfg = Debug|Any CPU
		{39220689-E927-46BE-9E55-AA97490952BA}.Debug|Any CPU.Build.0 = Debug|Any CPU
		{39220689-E927-46BE-9E55-AA97490952BA}.Debug|ARM.ActiveCfg = Debug|Any CPU
		{39220689-E927-46BE-9E55-AA97490952BA}.Debug|ARM.Build.0 = Debug|Any CPU
		{39220689-E927-46BE-9E55-AA97490952BA}.Debug|ARM64.ActiveCfg = Debug|Any CPU
		{39220689-E927-46BE-9E55-AA97490952BA}.Debug|ARM64.Build.0 = Debug|Any CPU
		{39220689-E927-46BE-9E55-AA97490952BA}.Debug|iPhone.ActiveCfg = Debug|Any CPU
		{39220689-E927-46BE-9E55-AA97490952BA}.Debug|iPhone.Build.0 = Debug|Any CPU
		{39220689-E927-46BE-9E55-AA97490952BA}.Debug|iPhoneSimulator.ActiveCfg = Debug|Any CPU
		{39220689-E927-46BE-9E55-AA97490952BA}.Debug|iPhoneSimulator.Build.0 = Debug|Any CPU
		{39220689-E927-46BE-9E55-AA97490952BA}.Debug|x64.ActiveCfg = Debug|Any CPU
		{39220689-E927-46BE-9E55-AA97490952BA}.Debug|x64.Build.0 = Debug|Any CPU
		{39220689-E927-46BE-9E55-AA97490952BA}.Debug|x86.ActiveCfg = Debug|Any CPU
		{39220689-E927-46BE-9E55-AA97490952BA}.Debug|x86.Build.0 = Debug|Any CPU
		{39220689-E927-46BE-9E55-AA97490952BA}.Release|Any CPU.ActiveCfg = Release|Any CPU
		{39220689-E927-46BE-9E55-AA97490952BA}.Release|Any CPU.Build.0 = Release|Any CPU
		{39220689-E927-46BE-9E55-AA97490952BA}.Release|ARM.ActiveCfg = Release|Any CPU
		{39220689-E927-46BE-9E55-AA97490952BA}.Release|ARM.Build.0 = Release|Any CPU
		{39220689-E927-46BE-9E55-AA97490952BA}.Release|ARM64.ActiveCfg = Release|Any CPU
		{39220689-E927-46BE-9E55-AA97490952BA}.Release|ARM64.Build.0 = Release|Any CPU
		{39220689-E927-46BE-9E55-AA97490952BA}.Release|iPhone.ActiveCfg = Release|Any CPU
		{39220689-E927-46BE-9E55-AA97490952BA}.Release|iPhone.Build.0 = Release|Any CPU
		{39220689-E927-46BE-9E55-AA97490952BA}.Release|iPhoneSimulator.ActiveCfg = Release|Any CPU
		{39220689-E927-46BE-9E55-AA97490952BA}.Release|iPhoneSimulator.Build.0 = Release|Any CPU
		{39220689-E927-46BE-9E55-AA97490952BA}.Release|x64.ActiveCfg = Release|Any CPU
		{39220689-E927-46BE-9E55-AA97490952BA}.Release|x64.Build.0 = Release|Any CPU
		{39220689-E927-46BE-9E55-AA97490952BA}.Release|x86.ActiveCfg = Release|Any CPU
		{39220689-E927-46BE-9E55-AA97490952BA}.Release|x86.Build.0 = Release|Any CPU
		{7BCCCAD5-0901-432F-9A10-CB75EA2744F6}.Ad-Hoc|Any CPU.ActiveCfg = Debug|iPhoneSimulator
		{7BCCCAD5-0901-432F-9A10-CB75EA2744F6}.Ad-Hoc|Any CPU.Build.0 = Debug|iPhoneSimulator
		{7BCCCAD5-0901-432F-9A10-CB75EA2744F6}.Ad-Hoc|ARM.ActiveCfg = Debug|iPhoneSimulator
		{7BCCCAD5-0901-432F-9A10-CB75EA2744F6}.Ad-Hoc|ARM.Build.0 = Debug|iPhoneSimulator
		{7BCCCAD5-0901-432F-9A10-CB75EA2744F6}.Ad-Hoc|ARM64.ActiveCfg = Debug|iPhoneSimulator
		{7BCCCAD5-0901-432F-9A10-CB75EA2744F6}.Ad-Hoc|ARM64.Build.0 = Debug|iPhoneSimulator
		{7BCCCAD5-0901-432F-9A10-CB75EA2744F6}.Ad-Hoc|iPhone.ActiveCfg = Debug|iPhoneSimulator
		{7BCCCAD5-0901-432F-9A10-CB75EA2744F6}.Ad-Hoc|iPhone.Build.0 = Debug|iPhoneSimulator
		{7BCCCAD5-0901-432F-9A10-CB75EA2744F6}.Ad-Hoc|iPhoneSimulator.ActiveCfg = Debug|iPhoneSimulator
		{7BCCCAD5-0901-432F-9A10-CB75EA2744F6}.Ad-Hoc|iPhoneSimulator.Build.0 = Debug|iPhoneSimulator
		{7BCCCAD5-0901-432F-9A10-CB75EA2744F6}.Ad-Hoc|x64.ActiveCfg = Debug|iPhoneSimulator
		{7BCCCAD5-0901-432F-9A10-CB75EA2744F6}.Ad-Hoc|x64.Build.0 = Debug|iPhoneSimulator
		{7BCCCAD5-0901-432F-9A10-CB75EA2744F6}.Ad-Hoc|x86.ActiveCfg = Debug|iPhoneSimulator
		{7BCCCAD5-0901-432F-9A10-CB75EA2744F6}.Ad-Hoc|x86.Build.0 = Debug|iPhoneSimulator
		{7BCCCAD5-0901-432F-9A10-CB75EA2744F6}.AppStore|Any CPU.ActiveCfg = Debug|iPhoneSimulator
		{7BCCCAD5-0901-432F-9A10-CB75EA2744F6}.AppStore|Any CPU.Build.0 = Debug|iPhoneSimulator
		{7BCCCAD5-0901-432F-9A10-CB75EA2744F6}.AppStore|ARM.ActiveCfg = Debug|iPhoneSimulator
		{7BCCCAD5-0901-432F-9A10-CB75EA2744F6}.AppStore|ARM.Build.0 = Debug|iPhoneSimulator
		{7BCCCAD5-0901-432F-9A10-CB75EA2744F6}.AppStore|ARM64.ActiveCfg = Debug|iPhoneSimulator
		{7BCCCAD5-0901-432F-9A10-CB75EA2744F6}.AppStore|ARM64.Build.0 = Debug|iPhoneSimulator
		{7BCCCAD5-0901-432F-9A10-CB75EA2744F6}.AppStore|iPhone.ActiveCfg = Debug|iPhoneSimulator
		{7BCCCAD5-0901-432F-9A10-CB75EA2744F6}.AppStore|iPhone.Build.0 = Debug|iPhoneSimulator
		{7BCCCAD5-0901-432F-9A10-CB75EA2744F6}.AppStore|iPhoneSimulator.ActiveCfg = Debug|iPhoneSimulator
		{7BCCCAD5-0901-432F-9A10-CB75EA2744F6}.AppStore|iPhoneSimulator.Build.0 = Debug|iPhoneSimulator
		{7BCCCAD5-0901-432F-9A10-CB75EA2744F6}.AppStore|x64.ActiveCfg = Debug|iPhoneSimulator
		{7BCCCAD5-0901-432F-9A10-CB75EA2744F6}.AppStore|x64.Build.0 = Debug|iPhoneSimulator
		{7BCCCAD5-0901-432F-9A10-CB75EA2744F6}.AppStore|x86.ActiveCfg = Debug|iPhoneSimulator
		{7BCCCAD5-0901-432F-9A10-CB75EA2744F6}.AppStore|x86.Build.0 = Debug|iPhoneSimulator
		{7BCCCAD5-0901-432F-9A10-CB75EA2744F6}.Debug|Any CPU.ActiveCfg = Debug|iPhoneSimulator
		{7BCCCAD5-0901-432F-9A10-CB75EA2744F6}.Debug|Any CPU.Build.0 = Debug|iPhoneSimulator
		{7BCCCAD5-0901-432F-9A10-CB75EA2744F6}.Debug|ARM.ActiveCfg = Debug|iPhoneSimulator
		{7BCCCAD5-0901-432F-9A10-CB75EA2744F6}.Debug|ARM.Build.0 = Debug|iPhoneSimulator
		{7BCCCAD5-0901-432F-9A10-CB75EA2744F6}.Debug|ARM64.ActiveCfg = Debug|iPhoneSimulator
		{7BCCCAD5-0901-432F-9A10-CB75EA2744F6}.Debug|ARM64.Build.0 = Debug|iPhoneSimulator
		{7BCCCAD5-0901-432F-9A10-CB75EA2744F6}.Debug|iPhone.ActiveCfg = Debug|iPhoneSimulator
		{7BCCCAD5-0901-432F-9A10-CB75EA2744F6}.Debug|iPhone.Build.0 = Debug|iPhoneSimulator
		{7BCCCAD5-0901-432F-9A10-CB75EA2744F6}.Debug|iPhoneSimulator.ActiveCfg = Debug|iPhoneSimulator
		{7BCCCAD5-0901-432F-9A10-CB75EA2744F6}.Debug|iPhoneSimulator.Build.0 = Debug|iPhoneSimulator
		{7BCCCAD5-0901-432F-9A10-CB75EA2744F6}.Debug|x64.ActiveCfg = Debug|iPhoneSimulator
		{7BCCCAD5-0901-432F-9A10-CB75EA2744F6}.Debug|x64.Build.0 = Debug|iPhoneSimulator
		{7BCCCAD5-0901-432F-9A10-CB75EA2744F6}.Debug|x86.ActiveCfg = Debug|iPhoneSimulator
		{7BCCCAD5-0901-432F-9A10-CB75EA2744F6}.Debug|x86.Build.0 = Debug|iPhoneSimulator
		{7BCCCAD5-0901-432F-9A10-CB75EA2744F6}.Release|Any CPU.ActiveCfg = Release|iPhoneSimulator
		{7BCCCAD5-0901-432F-9A10-CB75EA2744F6}.Release|Any CPU.Build.0 = Release|iPhoneSimulator
		{7BCCCAD5-0901-432F-9A10-CB75EA2744F6}.Release|ARM.ActiveCfg = Release|iPhoneSimulator
		{7BCCCAD5-0901-432F-9A10-CB75EA2744F6}.Release|ARM.Build.0 = Release|iPhoneSimulator
		{7BCCCAD5-0901-432F-9A10-CB75EA2744F6}.Release|ARM64.ActiveCfg = Release|iPhoneSimulator
		{7BCCCAD5-0901-432F-9A10-CB75EA2744F6}.Release|ARM64.Build.0 = Release|iPhoneSimulator
		{7BCCCAD5-0901-432F-9A10-CB75EA2744F6}.Release|iPhone.ActiveCfg = Release|iPhoneSimulator
		{7BCCCAD5-0901-432F-9A10-CB75EA2744F6}.Release|iPhone.Build.0 = Release|iPhoneSimulator
		{7BCCCAD5-0901-432F-9A10-CB75EA2744F6}.Release|iPhoneSimulator.ActiveCfg = Release|iPhoneSimulator
		{7BCCCAD5-0901-432F-9A10-CB75EA2744F6}.Release|iPhoneSimulator.Build.0 = Release|iPhoneSimulator
		{7BCCCAD5-0901-432F-9A10-CB75EA2744F6}.Release|x64.ActiveCfg = Release|iPhoneSimulator
		{7BCCCAD5-0901-432F-9A10-CB75EA2744F6}.Release|x64.Build.0 = Release|iPhoneSimulator
		{7BCCCAD5-0901-432F-9A10-CB75EA2744F6}.Release|x86.ActiveCfg = Release|iPhoneSimulator
		{7BCCCAD5-0901-432F-9A10-CB75EA2744F6}.Release|x86.Build.0 = Release|iPhoneSimulator
		{FA1797D1-938D-4196-BB8C-F589FA4FB22C}.Ad-Hoc|Any CPU.ActiveCfg = Debug|Any CPU
		{FA1797D1-938D-4196-BB8C-F589FA4FB22C}.Ad-Hoc|Any CPU.Build.0 = Debug|Any CPU
		{FA1797D1-938D-4196-BB8C-F589FA4FB22C}.Ad-Hoc|ARM.ActiveCfg = Debug|Any CPU
		{FA1797D1-938D-4196-BB8C-F589FA4FB22C}.Ad-Hoc|ARM.Build.0 = Debug|Any CPU
		{FA1797D1-938D-4196-BB8C-F589FA4FB22C}.Ad-Hoc|ARM64.ActiveCfg = Debug|Any CPU
		{FA1797D1-938D-4196-BB8C-F589FA4FB22C}.Ad-Hoc|ARM64.Build.0 = Debug|Any CPU
		{FA1797D1-938D-4196-BB8C-F589FA4FB22C}.Ad-Hoc|iPhone.ActiveCfg = Debug|Any CPU
		{FA1797D1-938D-4196-BB8C-F589FA4FB22C}.Ad-Hoc|iPhone.Build.0 = Debug|Any CPU
		{FA1797D1-938D-4196-BB8C-F589FA4FB22C}.Ad-Hoc|iPhoneSimulator.ActiveCfg = Debug|Any CPU
		{FA1797D1-938D-4196-BB8C-F589FA4FB22C}.Ad-Hoc|iPhoneSimulator.Build.0 = Debug|Any CPU
		{FA1797D1-938D-4196-BB8C-F589FA4FB22C}.Ad-Hoc|x64.ActiveCfg = Debug|Any CPU
		{FA1797D1-938D-4196-BB8C-F589FA4FB22C}.Ad-Hoc|x64.Build.0 = Debug|Any CPU
		{FA1797D1-938D-4196-BB8C-F589FA4FB22C}.Ad-Hoc|x86.ActiveCfg = Debug|Any CPU
		{FA1797D1-938D-4196-BB8C-F589FA4FB22C}.Ad-Hoc|x86.Build.0 = Debug|Any CPU
		{FA1797D1-938D-4196-BB8C-F589FA4FB22C}.AppStore|Any CPU.ActiveCfg = Debug|Any CPU
		{FA1797D1-938D-4196-BB8C-F589FA4FB22C}.AppStore|Any CPU.Build.0 = Debug|Any CPU
		{FA1797D1-938D-4196-BB8C-F589FA4FB22C}.AppStore|ARM.ActiveCfg = Debug|Any CPU
		{FA1797D1-938D-4196-BB8C-F589FA4FB22C}.AppStore|ARM.Build.0 = Debug|Any CPU
		{FA1797D1-938D-4196-BB8C-F589FA4FB22C}.AppStore|ARM64.ActiveCfg = Debug|Any CPU
		{FA1797D1-938D-4196-BB8C-F589FA4FB22C}.AppStore|ARM64.Build.0 = Debug|Any CPU
		{FA1797D1-938D-4196-BB8C-F589FA4FB22C}.AppStore|iPhone.ActiveCfg = Debug|Any CPU
		{FA1797D1-938D-4196-BB8C-F589FA4FB22C}.AppStore|iPhone.Build.0 = Debug|Any CPU
		{FA1797D1-938D-4196-BB8C-F589FA4FB22C}.AppStore|iPhoneSimulator.ActiveCfg = Debug|Any CPU
		{FA1797D1-938D-4196-BB8C-F589FA4FB22C}.AppStore|iPhoneSimulator.Build.0 = Debug|Any CPU
		{FA1797D1-938D-4196-BB8C-F589FA4FB22C}.AppStore|x64.ActiveCfg = Debug|Any CPU
		{FA1797D1-938D-4196-BB8C-F589FA4FB22C}.AppStore|x64.Build.0 = Debug|Any CPU
		{FA1797D1-938D-4196-BB8C-F589FA4FB22C}.AppStore|x86.ActiveCfg = Debug|Any CPU
		{FA1797D1-938D-4196-BB8C-F589FA4FB22C}.AppStore|x86.Build.0 = Debug|Any CPU
		{FA1797D1-938D-4196-BB8C-F589FA4FB22C}.Debug|Any CPU.ActiveCfg = Debug|Any CPU
		{FA1797D1-938D-4196-BB8C-F589FA4FB22C}.Debug|Any CPU.Build.0 = Debug|Any CPU
		{FA1797D1-938D-4196-BB8C-F589FA4FB22C}.Debug|ARM.ActiveCfg = Debug|Any CPU
		{FA1797D1-938D-4196-BB8C-F589FA4FB22C}.Debug|ARM.Build.0 = Debug|Any CPU
		{FA1797D1-938D-4196-BB8C-F589FA4FB22C}.Debug|ARM64.ActiveCfg = Debug|Any CPU
		{FA1797D1-938D-4196-BB8C-F589FA4FB22C}.Debug|ARM64.Build.0 = Debug|Any CPU
		{FA1797D1-938D-4196-BB8C-F589FA4FB22C}.Debug|iPhone.ActiveCfg = Debug|Any CPU
		{FA1797D1-938D-4196-BB8C-F589FA4FB22C}.Debug|iPhone.Build.0 = Debug|Any CPU
		{FA1797D1-938D-4196-BB8C-F589FA4FB22C}.Debug|iPhoneSimulator.ActiveCfg = Debug|Any CPU
		{FA1797D1-938D-4196-BB8C-F589FA4FB22C}.Debug|iPhoneSimulator.Build.0 = Debug|Any CPU
		{FA1797D1-938D-4196-BB8C-F589FA4FB22C}.Debug|x64.ActiveCfg = Debug|Any CPU
		{FA1797D1-938D-4196-BB8C-F589FA4FB22C}.Debug|x64.Build.0 = Debug|Any CPU
		{FA1797D1-938D-4196-BB8C-F589FA4FB22C}.Debug|x86.ActiveCfg = Debug|Any CPU
		{FA1797D1-938D-4196-BB8C-F589FA4FB22C}.Debug|x86.Build.0 = Debug|Any CPU
		{FA1797D1-938D-4196-BB8C-F589FA4FB22C}.Release|Any CPU.ActiveCfg = Release|Any CPU
		{FA1797D1-938D-4196-BB8C-F589FA4FB22C}.Release|Any CPU.Build.0 = Release|Any CPU
		{FA1797D1-938D-4196-BB8C-F589FA4FB22C}.Release|ARM.ActiveCfg = Release|Any CPU
		{FA1797D1-938D-4196-BB8C-F589FA4FB22C}.Release|ARM.Build.0 = Release|Any CPU
		{FA1797D1-938D-4196-BB8C-F589FA4FB22C}.Release|ARM64.ActiveCfg = Release|Any CPU
		{FA1797D1-938D-4196-BB8C-F589FA4FB22C}.Release|ARM64.Build.0 = Release|Any CPU
		{FA1797D1-938D-4196-BB8C-F589FA4FB22C}.Release|iPhone.ActiveCfg = Release|Any CPU
		{FA1797D1-938D-4196-BB8C-F589FA4FB22C}.Release|iPhone.Build.0 = Release|Any CPU
		{FA1797D1-938D-4196-BB8C-F589FA4FB22C}.Release|iPhoneSimulator.ActiveCfg = Release|Any CPU
		{FA1797D1-938D-4196-BB8C-F589FA4FB22C}.Release|iPhoneSimulator.Build.0 = Release|Any CPU
		{FA1797D1-938D-4196-BB8C-F589FA4FB22C}.Release|x64.ActiveCfg = Release|Any CPU
		{FA1797D1-938D-4196-BB8C-F589FA4FB22C}.Release|x64.Build.0 = Release|Any CPU
		{FA1797D1-938D-4196-BB8C-F589FA4FB22C}.Release|x86.ActiveCfg = Release|Any CPU
		{FA1797D1-938D-4196-BB8C-F589FA4FB22C}.Release|x86.Build.0 = Release|Any CPU
		{32CFEDA1-D720-41AB-9FAF-978696B1A5E9}.Ad-Hoc|Any CPU.ActiveCfg = Debug|Any CPU
		{32CFEDA1-D720-41AB-9FAF-978696B1A5E9}.Ad-Hoc|Any CPU.Build.0 = Debug|Any CPU
		{32CFEDA1-D720-41AB-9FAF-978696B1A5E9}.Ad-Hoc|ARM.ActiveCfg = Debug|Any CPU
		{32CFEDA1-D720-41AB-9FAF-978696B1A5E9}.Ad-Hoc|ARM.Build.0 = Debug|Any CPU
		{32CFEDA1-D720-41AB-9FAF-978696B1A5E9}.Ad-Hoc|ARM64.ActiveCfg = Debug|Any CPU
		{32CFEDA1-D720-41AB-9FAF-978696B1A5E9}.Ad-Hoc|ARM64.Build.0 = Debug|Any CPU
		{32CFEDA1-D720-41AB-9FAF-978696B1A5E9}.Ad-Hoc|iPhone.ActiveCfg = Debug|Any CPU
		{32CFEDA1-D720-41AB-9FAF-978696B1A5E9}.Ad-Hoc|iPhone.Build.0 = Debug|Any CPU
		{32CFEDA1-D720-41AB-9FAF-978696B1A5E9}.Ad-Hoc|iPhoneSimulator.ActiveCfg = Debug|Any CPU
		{32CFEDA1-D720-41AB-9FAF-978696B1A5E9}.Ad-Hoc|iPhoneSimulator.Build.0 = Debug|Any CPU
		{32CFEDA1-D720-41AB-9FAF-978696B1A5E9}.Ad-Hoc|x64.ActiveCfg = Debug|Any CPU
		{32CFEDA1-D720-41AB-9FAF-978696B1A5E9}.Ad-Hoc|x64.Build.0 = Debug|Any CPU
		{32CFEDA1-D720-41AB-9FAF-978696B1A5E9}.Ad-Hoc|x86.ActiveCfg = Debug|Any CPU
		{32CFEDA1-D720-41AB-9FAF-978696B1A5E9}.Ad-Hoc|x86.Build.0 = Debug|Any CPU
		{32CFEDA1-D720-41AB-9FAF-978696B1A5E9}.AppStore|Any CPU.ActiveCfg = Debug|Any CPU
		{32CFEDA1-D720-41AB-9FAF-978696B1A5E9}.AppStore|Any CPU.Build.0 = Debug|Any CPU
		{32CFEDA1-D720-41AB-9FAF-978696B1A5E9}.AppStore|ARM.ActiveCfg = Debug|Any CPU
		{32CFEDA1-D720-41AB-9FAF-978696B1A5E9}.AppStore|ARM.Build.0 = Debug|Any CPU
		{32CFEDA1-D720-41AB-9FAF-978696B1A5E9}.AppStore|ARM64.ActiveCfg = Debug|Any CPU
		{32CFEDA1-D720-41AB-9FAF-978696B1A5E9}.AppStore|ARM64.Build.0 = Debug|Any CPU
		{32CFEDA1-D720-41AB-9FAF-978696B1A5E9}.AppStore|iPhone.ActiveCfg = Debug|Any CPU
		{32CFEDA1-D720-41AB-9FAF-978696B1A5E9}.AppStore|iPhone.Build.0 = Debug|Any CPU
		{32CFEDA1-D720-41AB-9FAF-978696B1A5E9}.AppStore|iPhoneSimulator.ActiveCfg = Debug|Any CPU
		{32CFEDA1-D720-41AB-9FAF-978696B1A5E9}.AppStore|iPhoneSimulator.Build.0 = Debug|Any CPU
		{32CFEDA1-D720-41AB-9FAF-978696B1A5E9}.AppStore|x64.ActiveCfg = Debug|Any CPU
		{32CFEDA1-D720-41AB-9FAF-978696B1A5E9}.AppStore|x64.Build.0 = Debug|Any CPU
		{32CFEDA1-D720-41AB-9FAF-978696B1A5E9}.AppStore|x86.ActiveCfg = Debug|Any CPU
		{32CFEDA1-D720-41AB-9FAF-978696B1A5E9}.AppStore|x86.Build.0 = Debug|Any CPU
		{32CFEDA1-D720-41AB-9FAF-978696B1A5E9}.Debug|Any CPU.ActiveCfg = Debug|Any CPU
		{32CFEDA1-D720-41AB-9FAF-978696B1A5E9}.Debug|Any CPU.Build.0 = Debug|Any CPU
		{32CFEDA1-D720-41AB-9FAF-978696B1A5E9}.Debug|ARM.ActiveCfg = Debug|Any CPU
		{32CFEDA1-D720-41AB-9FAF-978696B1A5E9}.Debug|ARM.Build.0 = Debug|Any CPU
		{32CFEDA1-D720-41AB-9FAF-978696B1A5E9}.Debug|ARM64.ActiveCfg = Debug|Any CPU
		{32CFEDA1-D720-41AB-9FAF-978696B1A5E9}.Debug|ARM64.Build.0 = Debug|Any CPU
		{32CFEDA1-D720-41AB-9FAF-978696B1A5E9}.Debug|iPhone.ActiveCfg = Debug|Any CPU
		{32CFEDA1-D720-41AB-9FAF-978696B1A5E9}.Debug|iPhone.Build.0 = Debug|Any CPU
		{32CFEDA1-D720-41AB-9FAF-978696B1A5E9}.Debug|iPhoneSimulator.ActiveCfg = Debug|Any CPU
		{32CFEDA1-D720-41AB-9FAF-978696B1A5E9}.Debug|iPhoneSimulator.Build.0 = Debug|Any CPU
		{32CFEDA1-D720-41AB-9FAF-978696B1A5E9}.Debug|x64.ActiveCfg = Debug|Any CPU
		{32CFEDA1-D720-41AB-9FAF-978696B1A5E9}.Debug|x64.Build.0 = Debug|Any CPU
		{32CFEDA1-D720-41AB-9FAF-978696B1A5E9}.Debug|x86.ActiveCfg = Debug|Any CPU
		{32CFEDA1-D720-41AB-9FAF-978696B1A5E9}.Debug|x86.Build.0 = Debug|Any CPU
		{32CFEDA1-D720-41AB-9FAF-978696B1A5E9}.Release|Any CPU.ActiveCfg = Release|Any CPU
		{32CFEDA1-D720-41AB-9FAF-978696B1A5E9}.Release|Any CPU.Build.0 = Release|Any CPU
		{32CFEDA1-D720-41AB-9FAF-978696B1A5E9}.Release|ARM.ActiveCfg = Release|Any CPU
		{32CFEDA1-D720-41AB-9FAF-978696B1A5E9}.Release|ARM.Build.0 = Release|Any CPU
		{32CFEDA1-D720-41AB-9FAF-978696B1A5E9}.Release|ARM64.ActiveCfg = Release|Any CPU
		{32CFEDA1-D720-41AB-9FAF-978696B1A5E9}.Release|ARM64.Build.0 = Release|Any CPU
		{32CFEDA1-D720-41AB-9FAF-978696B1A5E9}.Release|iPhone.ActiveCfg = Release|Any CPU
		{32CFEDA1-D720-41AB-9FAF-978696B1A5E9}.Release|iPhone.Build.0 = Release|Any CPU
		{32CFEDA1-D720-41AB-9FAF-978696B1A5E9}.Release|iPhoneSimulator.ActiveCfg = Release|Any CPU
		{32CFEDA1-D720-41AB-9FAF-978696B1A5E9}.Release|iPhoneSimulator.Build.0 = Release|Any CPU
		{32CFEDA1-D720-41AB-9FAF-978696B1A5E9}.Release|x64.ActiveCfg = Release|Any CPU
		{32CFEDA1-D720-41AB-9FAF-978696B1A5E9}.Release|x64.Build.0 = Release|Any CPU
		{32CFEDA1-D720-41AB-9FAF-978696B1A5E9}.Release|x86.ActiveCfg = Release|Any CPU
		{32CFEDA1-D720-41AB-9FAF-978696B1A5E9}.Release|x86.Build.0 = Release|Any CPU
		{2AC42B5C-A47A-4AD8-BA60-39AEB2D33A5C}.Ad-Hoc|Any CPU.ActiveCfg = Debug|Any CPU
		{2AC42B5C-A47A-4AD8-BA60-39AEB2D33A5C}.Ad-Hoc|Any CPU.Build.0 = Debug|Any CPU
		{2AC42B5C-A47A-4AD8-BA60-39AEB2D33A5C}.Ad-Hoc|ARM.ActiveCfg = Debug|Any CPU
		{2AC42B5C-A47A-4AD8-BA60-39AEB2D33A5C}.Ad-Hoc|ARM.Build.0 = Debug|Any CPU
		{2AC42B5C-A47A-4AD8-BA60-39AEB2D33A5C}.Ad-Hoc|ARM64.ActiveCfg = Debug|Any CPU
		{2AC42B5C-A47A-4AD8-BA60-39AEB2D33A5C}.Ad-Hoc|ARM64.Build.0 = Debug|Any CPU
		{2AC42B5C-A47A-4AD8-BA60-39AEB2D33A5C}.Ad-Hoc|iPhone.ActiveCfg = Debug|Any CPU
		{2AC42B5C-A47A-4AD8-BA60-39AEB2D33A5C}.Ad-Hoc|iPhone.Build.0 = Debug|Any CPU
		{2AC42B5C-A47A-4AD8-BA60-39AEB2D33A5C}.Ad-Hoc|iPhoneSimulator.ActiveCfg = Debug|Any CPU
		{2AC42B5C-A47A-4AD8-BA60-39AEB2D33A5C}.Ad-Hoc|iPhoneSimulator.Build.0 = Debug|Any CPU
		{2AC42B5C-A47A-4AD8-BA60-39AEB2D33A5C}.Ad-Hoc|x64.ActiveCfg = Debug|Any CPU
		{2AC42B5C-A47A-4AD8-BA60-39AEB2D33A5C}.Ad-Hoc|x64.Build.0 = Debug|Any CPU
		{2AC42B5C-A47A-4AD8-BA60-39AEB2D33A5C}.Ad-Hoc|x86.ActiveCfg = Debug|Any CPU
		{2AC42B5C-A47A-4AD8-BA60-39AEB2D33A5C}.Ad-Hoc|x86.Build.0 = Debug|Any CPU
		{2AC42B5C-A47A-4AD8-BA60-39AEB2D33A5C}.AppStore|Any CPU.ActiveCfg = Debug|Any CPU
		{2AC42B5C-A47A-4AD8-BA60-39AEB2D33A5C}.AppStore|Any CPU.Build.0 = Debug|Any CPU
		{2AC42B5C-A47A-4AD8-BA60-39AEB2D33A5C}.AppStore|ARM.ActiveCfg = Debug|Any CPU
		{2AC42B5C-A47A-4AD8-BA60-39AEB2D33A5C}.AppStore|ARM.Build.0 = Debug|Any CPU
		{2AC42B5C-A47A-4AD8-BA60-39AEB2D33A5C}.AppStore|ARM64.ActiveCfg = Debug|Any CPU
		{2AC42B5C-A47A-4AD8-BA60-39AEB2D33A5C}.AppStore|ARM64.Build.0 = Debug|Any CPU
		{2AC42B5C-A47A-4AD8-BA60-39AEB2D33A5C}.AppStore|iPhone.ActiveCfg = Debug|Any CPU
		{2AC42B5C-A47A-4AD8-BA60-39AEB2D33A5C}.AppStore|iPhone.Build.0 = Debug|Any CPU
		{2AC42B5C-A47A-4AD8-BA60-39AEB2D33A5C}.AppStore|iPhoneSimulator.ActiveCfg = Debug|Any CPU
		{2AC42B5C-A47A-4AD8-BA60-39AEB2D33A5C}.AppStore|iPhoneSimulator.Build.0 = Debug|Any CPU
		{2AC42B5C-A47A-4AD8-BA60-39AEB2D33A5C}.AppStore|x64.ActiveCfg = Debug|Any CPU
		{2AC42B5C-A47A-4AD8-BA60-39AEB2D33A5C}.AppStore|x64.Build.0 = Debug|Any CPU
		{2AC42B5C-A47A-4AD8-BA60-39AEB2D33A5C}.AppStore|x86.ActiveCfg = Debug|Any CPU
		{2AC42B5C-A47A-4AD8-BA60-39AEB2D33A5C}.AppStore|x86.Build.0 = Debug|Any CPU
		{2AC42B5C-A47A-4AD8-BA60-39AEB2D33A5C}.Debug|Any CPU.ActiveCfg = Debug|Any CPU
		{2AC42B5C-A47A-4AD8-BA60-39AEB2D33A5C}.Debug|Any CPU.Build.0 = Debug|Any CPU
		{2AC42B5C-A47A-4AD8-BA60-39AEB2D33A5C}.Debug|ARM.ActiveCfg = Debug|Any CPU
		{2AC42B5C-A47A-4AD8-BA60-39AEB2D33A5C}.Debug|ARM.Build.0 = Debug|Any CPU
		{2AC42B5C-A47A-4AD8-BA60-39AEB2D33A5C}.Debug|ARM64.ActiveCfg = Debug|Any CPU
		{2AC42B5C-A47A-4AD8-BA60-39AEB2D33A5C}.Debug|ARM64.Build.0 = Debug|Any CPU
		{2AC42B5C-A47A-4AD8-BA60-39AEB2D33A5C}.Debug|iPhone.ActiveCfg = Debug|Any CPU
		{2AC42B5C-A47A-4AD8-BA60-39AEB2D33A5C}.Debug|iPhone.Build.0 = Debug|Any CPU
		{2AC42B5C-A47A-4AD8-BA60-39AEB2D33A5C}.Debug|iPhoneSimulator.ActiveCfg = Debug|Any CPU
		{2AC42B5C-A47A-4AD8-BA60-39AEB2D33A5C}.Debug|iPhoneSimulator.Build.0 = Debug|Any CPU
		{2AC42B5C-A47A-4AD8-BA60-39AEB2D33A5C}.Debug|x64.ActiveCfg = Debug|Any CPU
		{2AC42B5C-A47A-4AD8-BA60-39AEB2D33A5C}.Debug|x64.Build.0 = Debug|Any CPU
		{2AC42B5C-A47A-4AD8-BA60-39AEB2D33A5C}.Debug|x86.ActiveCfg = Debug|Any CPU
		{2AC42B5C-A47A-4AD8-BA60-39AEB2D33A5C}.Debug|x86.Build.0 = Debug|Any CPU
		{2AC42B5C-A47A-4AD8-BA60-39AEB2D33A5C}.Release|Any CPU.ActiveCfg = Release|Any CPU
		{2AC42B5C-A47A-4AD8-BA60-39AEB2D33A5C}.Release|Any CPU.Build.0 = Release|Any CPU
		{2AC42B5C-A47A-4AD8-BA60-39AEB2D33A5C}.Release|ARM.ActiveCfg = Release|Any CPU
		{2AC42B5C-A47A-4AD8-BA60-39AEB2D33A5C}.Release|ARM.Build.0 = Release|Any CPU
		{2AC42B5C-A47A-4AD8-BA60-39AEB2D33A5C}.Release|ARM64.ActiveCfg = Release|Any CPU
		{2AC42B5C-A47A-4AD8-BA60-39AEB2D33A5C}.Release|ARM64.Build.0 = Release|Any CPU
		{2AC42B5C-A47A-4AD8-BA60-39AEB2D33A5C}.Release|iPhone.ActiveCfg = Release|Any CPU
		{2AC42B5C-A47A-4AD8-BA60-39AEB2D33A5C}.Release|iPhone.Build.0 = Release|Any CPU
		{2AC42B5C-A47A-4AD8-BA60-39AEB2D33A5C}.Release|iPhoneSimulator.ActiveCfg = Release|Any CPU
		{2AC42B5C-A47A-4AD8-BA60-39AEB2D33A5C}.Release|iPhoneSimulator.Build.0 = Release|Any CPU
		{2AC42B5C-A47A-4AD8-BA60-39AEB2D33A5C}.Release|x64.ActiveCfg = Release|Any CPU
		{2AC42B5C-A47A-4AD8-BA60-39AEB2D33A5C}.Release|x64.Build.0 = Release|Any CPU
		{2AC42B5C-A47A-4AD8-BA60-39AEB2D33A5C}.Release|x86.ActiveCfg = Release|Any CPU
		{2AC42B5C-A47A-4AD8-BA60-39AEB2D33A5C}.Release|x86.Build.0 = Release|Any CPU
		{7E6C5F49-D636-4C4F-84B2-DC4A017F44EC}.Ad-Hoc|Any CPU.ActiveCfg = Debug|Any CPU
		{7E6C5F49-D636-4C4F-84B2-DC4A017F44EC}.Ad-Hoc|Any CPU.Build.0 = Debug|Any CPU
		{7E6C5F49-D636-4C4F-84B2-DC4A017F44EC}.Ad-Hoc|ARM.ActiveCfg = Debug|Any CPU
		{7E6C5F49-D636-4C4F-84B2-DC4A017F44EC}.Ad-Hoc|ARM.Build.0 = Debug|Any CPU
		{7E6C5F49-D636-4C4F-84B2-DC4A017F44EC}.Ad-Hoc|ARM64.ActiveCfg = Debug|Any CPU
		{7E6C5F49-D636-4C4F-84B2-DC4A017F44EC}.Ad-Hoc|ARM64.Build.0 = Debug|Any CPU
		{7E6C5F49-D636-4C4F-84B2-DC4A017F44EC}.Ad-Hoc|iPhone.ActiveCfg = Debug|Any CPU
		{7E6C5F49-D636-4C4F-84B2-DC4A017F44EC}.Ad-Hoc|iPhone.Build.0 = Debug|Any CPU
		{7E6C5F49-D636-4C4F-84B2-DC4A017F44EC}.Ad-Hoc|iPhoneSimulator.ActiveCfg = Debug|Any CPU
		{7E6C5F49-D636-4C4F-84B2-DC4A017F44EC}.Ad-Hoc|iPhoneSimulator.Build.0 = Debug|Any CPU
		{7E6C5F49-D636-4C4F-84B2-DC4A017F44EC}.Ad-Hoc|x64.ActiveCfg = Debug|Any CPU
		{7E6C5F49-D636-4C4F-84B2-DC4A017F44EC}.Ad-Hoc|x64.Build.0 = Debug|Any CPU
		{7E6C5F49-D636-4C4F-84B2-DC4A017F44EC}.Ad-Hoc|x86.ActiveCfg = Debug|Any CPU
		{7E6C5F49-D636-4C4F-84B2-DC4A017F44EC}.Ad-Hoc|x86.Build.0 = Debug|Any CPU
		{7E6C5F49-D636-4C4F-84B2-DC4A017F44EC}.AppStore|Any CPU.ActiveCfg = Debug|Any CPU
		{7E6C5F49-D636-4C4F-84B2-DC4A017F44EC}.AppStore|Any CPU.Build.0 = Debug|Any CPU
		{7E6C5F49-D636-4C4F-84B2-DC4A017F44EC}.AppStore|ARM.ActiveCfg = Debug|Any CPU
		{7E6C5F49-D636-4C4F-84B2-DC4A017F44EC}.AppStore|ARM.Build.0 = Debug|Any CPU
		{7E6C5F49-D636-4C4F-84B2-DC4A017F44EC}.AppStore|ARM64.ActiveCfg = Debug|Any CPU
		{7E6C5F49-D636-4C4F-84B2-DC4A017F44EC}.AppStore|ARM64.Build.0 = Debug|Any CPU
		{7E6C5F49-D636-4C4F-84B2-DC4A017F44EC}.AppStore|iPhone.ActiveCfg = Debug|Any CPU
		{7E6C5F49-D636-4C4F-84B2-DC4A017F44EC}.AppStore|iPhone.Build.0 = Debug|Any CPU
		{7E6C5F49-D636-4C4F-84B2-DC4A017F44EC}.AppStore|iPhoneSimulator.ActiveCfg = Debug|Any CPU
		{7E6C5F49-D636-4C4F-84B2-DC4A017F44EC}.AppStore|iPhoneSimulator.Build.0 = Debug|Any CPU
		{7E6C5F49-D636-4C4F-84B2-DC4A017F44EC}.AppStore|x64.ActiveCfg = Debug|Any CPU
		{7E6C5F49-D636-4C4F-84B2-DC4A017F44EC}.AppStore|x64.Build.0 = Debug|Any CPU
		{7E6C5F49-D636-4C4F-84B2-DC4A017F44EC}.AppStore|x86.ActiveCfg = Debug|Any CPU
		{7E6C5F49-D636-4C4F-84B2-DC4A017F44EC}.AppStore|x86.Build.0 = Debug|Any CPU
		{7E6C5F49-D636-4C4F-84B2-DC4A017F44EC}.Debug|Any CPU.ActiveCfg = Debug|Any CPU
		{7E6C5F49-D636-4C4F-84B2-DC4A017F44EC}.Debug|Any CPU.Build.0 = Debug|Any CPU
		{7E6C5F49-D636-4C4F-84B2-DC4A017F44EC}.Debug|ARM.ActiveCfg = Debug|Any CPU
		{7E6C5F49-D636-4C4F-84B2-DC4A017F44EC}.Debug|ARM.Build.0 = Debug|Any CPU
		{7E6C5F49-D636-4C4F-84B2-DC4A017F44EC}.Debug|ARM64.ActiveCfg = Debug|Any CPU
		{7E6C5F49-D636-4C4F-84B2-DC4A017F44EC}.Debug|ARM64.Build.0 = Debug|Any CPU
		{7E6C5F49-D636-4C4F-84B2-DC4A017F44EC}.Debug|iPhone.ActiveCfg = Debug|Any CPU
		{7E6C5F49-D636-4C4F-84B2-DC4A017F44EC}.Debug|iPhone.Build.0 = Debug|Any CPU
		{7E6C5F49-D636-4C4F-84B2-DC4A017F44EC}.Debug|iPhoneSimulator.ActiveCfg = Debug|Any CPU
		{7E6C5F49-D636-4C4F-84B2-DC4A017F44EC}.Debug|iPhoneSimulator.Build.0 = Debug|Any CPU
		{7E6C5F49-D636-4C4F-84B2-DC4A017F44EC}.Debug|x64.ActiveCfg = Debug|Any CPU
		{7E6C5F49-D636-4C4F-84B2-DC4A017F44EC}.Debug|x64.Build.0 = Debug|Any CPU
		{7E6C5F49-D636-4C4F-84B2-DC4A017F44EC}.Debug|x86.ActiveCfg = Debug|Any CPU
		{7E6C5F49-D636-4C4F-84B2-DC4A017F44EC}.Debug|x86.Build.0 = Debug|Any CPU
		{7E6C5F49-D636-4C4F-84B2-DC4A017F44EC}.Release|Any CPU.ActiveCfg = Release|Any CPU
		{7E6C5F49-D636-4C4F-84B2-DC4A017F44EC}.Release|Any CPU.Build.0 = Release|Any CPU
		{7E6C5F49-D636-4C4F-84B2-DC4A017F44EC}.Release|ARM.ActiveCfg = Release|Any CPU
		{7E6C5F49-D636-4C4F-84B2-DC4A017F44EC}.Release|ARM.Build.0 = Release|Any CPU
		{7E6C5F49-D636-4C4F-84B2-DC4A017F44EC}.Release|ARM64.ActiveCfg = Release|Any CPU
		{7E6C5F49-D636-4C4F-84B2-DC4A017F44EC}.Release|ARM64.Build.0 = Release|Any CPU
		{7E6C5F49-D636-4C4F-84B2-DC4A017F44EC}.Release|iPhone.ActiveCfg = Release|Any CPU
		{7E6C5F49-D636-4C4F-84B2-DC4A017F44EC}.Release|iPhone.Build.0 = Release|Any CPU
		{7E6C5F49-D636-4C4F-84B2-DC4A017F44EC}.Release|iPhoneSimulator.ActiveCfg = Release|Any CPU
		{7E6C5F49-D636-4C4F-84B2-DC4A017F44EC}.Release|iPhoneSimulator.Build.0 = Release|Any CPU
		{7E6C5F49-D636-4C4F-84B2-DC4A017F44EC}.Release|x64.ActiveCfg = Release|Any CPU
		{7E6C5F49-D636-4C4F-84B2-DC4A017F44EC}.Release|x64.Build.0 = Release|Any CPU
		{7E6C5F49-D636-4C4F-84B2-DC4A017F44EC}.Release|x86.ActiveCfg = Release|Any CPU
		{7E6C5F49-D636-4C4F-84B2-DC4A017F44EC}.Release|x86.Build.0 = Release|Any CPU
	EndGlobalSection
	GlobalSection(SolutionProperties) = preSolution
		HideSolutionNode = FALSE
	EndGlobalSection
	GlobalSection(NestedProjects) = preSolution
		{72C33AB0-2CC7-4C11-8792-B2233E64AF35} = {45F58AF4-ED6E-48DC-96D1-2B189EF880D1}
		{80C65FA4-C269-470B-9499-0D26A549E2FA} = {45F58AF4-ED6E-48DC-96D1-2B189EF880D1}
		{6279C845-92F8-4333-AB99-3D213163593C} = {CBCBA4D1-7BCB-4F4C-BD8A-81BE12453EE4}
		{532D9FB8-589F-4774-BAFD-424EB454BEDD} = {CBCBA4D1-7BCB-4F4C-BD8A-81BE12453EE4}
		{D049B18A-AC62-43D5-8100-C1005A609FAB} = {532D9FB8-589F-4774-BAFD-424EB454BEDD}
		{3AEB9B5E-FF8D-46D6-8564-FAE16123B3FC} = {532D9FB8-589F-4774-BAFD-424EB454BEDD}
		{BB5F425C-55BE-4AEC-BA13-073AAE3A36A3} = {532D9FB8-589F-4774-BAFD-424EB454BEDD}
		{39220689-E927-46BE-9E55-AA97490952BA} = {532D9FB8-589F-4774-BAFD-424EB454BEDD}
		{7BCCCAD5-0901-432F-9A10-CB75EA2744F6} = {532D9FB8-589F-4774-BAFD-424EB454BEDD}
		{FA1797D1-938D-4196-BB8C-F589FA4FB22C} = {532D9FB8-589F-4774-BAFD-424EB454BEDD}
		{32CFEDA1-D720-41AB-9FAF-978696B1A5E9} = {532D9FB8-589F-4774-BAFD-424EB454BEDD}
		{2AC42B5C-A47A-4AD8-BA60-39AEB2D33A5C} = {532D9FB8-589F-4774-BAFD-424EB454BEDD}
		{7E6C5F49-D636-4C4F-84B2-DC4A017F44EC} = {532D9FB8-589F-4774-BAFD-424EB454BEDD}
	EndGlobalSection
	GlobalSection(ExtensibilityGlobals) = postSolution
		SolutionGuid = {D09CE096-ED7C-427B-80BD-0648DEEB3FFB}
	EndGlobalSection
	GlobalSection(SharedMSBuildProjectFiles) = preSolution
		src\UnoPlatformTopics\Physics.LissajousCurves\Physics.LissajousCurves.Shared\Physics.LissajousCurves.Shared.projitems*{2ac42b5c-a47a-4ad8-ba60-39aeb2d33a5c}*SharedItemsImports = 5
		src\UnoPlatformTopics\Physics.LissajousCurves\Physics.LissajousCurves.Shared\Physics.LissajousCurves.Shared.projitems*{32cfeda1-d720-41ab-9faf-978696b1a5e9}*SharedItemsImports = 5
		src\UnoPlatformTopics\Physics.LissajousCurves\Physics.LissajousCurves.Shared\Physics.LissajousCurves.Shared.projitems*{39220689-e927-46be-9e55-aa97490952ba}*SharedItemsImports = 5
		src\UnoPlatformTopics\Physics.LissajousCurves\Physics.LissajousCurves.Shared\Physics.LissajousCurves.Shared.projitems*{3aeb9b5e-ff8d-46d6-8564-fae16123b3fc}*SharedItemsImports = 4
		src\UnoPlatformTopics\Physics.LissajousCurves\Physics.LissajousCurves.Shared\Physics.LissajousCurves.Shared.projitems*{6279c845-92f8-4333-ab99-3d213163593c}*SharedItemsImports = 13
		src\UnoPlatformTopics\Physics.LissajousCurves\Physics.LissajousCurves.Shared\Physics.LissajousCurves.Shared.projitems*{7bcccad5-0901-432f-9a10-cb75ea2744f6}*SharedItemsImports = 4
		src\UnoPlatformTopics\Physics.LissajousCurves\Physics.LissajousCurves.Shared\Physics.LissajousCurves.Shared.projitems*{7e6c5f49-d636-4c4f-84b2-dc4a017f44ec}*SharedItemsImports = 5
		src\UnoPlatformTopics\Physics.LissajousCurves\Physics.LissajousCurves.Shared\Physics.LissajousCurves.Shared.projitems*{bb5f425c-55be-4aec-ba13-073aae3a36a3}*SharedItemsImports = 4
		src\UnoPlatformTopics\Physics.LissajousCurves\Physics.LissajousCurves.Shared\Physics.LissajousCurves.Shared.projitems*{d049b18a-ac62-43d5-8100-c1005a609fab}*SharedItemsImports = 4
	EndGlobalSection
EndGlobal
