
Microsoft Visual Studio Solution File, Format Version 12.00
# Visual Studio Version 16
VisualStudioVersion = 16.0.29318.209
MinimumVisualStudioVersion = 10.0.40219.1
Project("{2150E333-8FDC-42A3-9474-1A3956D46DE8}") = "Topics", "Topics", "{381E6158-59BC-4D40-9F33-084C4140E44D}"
EndProject
Project("{2150E333-8FDC-42A3-9474-1A3956D46DE8}") = "Shared", "Shared", "{892E4AFA-6526-4CA8-BB3F-B47C8F293C6C}"
EndProject
Project("{FAE04EC0-301F-11D3-BF4B-00C04F79EFBC}") = "Physics.Shared.UI", "src\Shared\Physics.Shared\Physics.Shared.UI.csproj", "{80C65FA4-C269-470B-9499-0D26A549E2FA}"
EndProject
Project("{FAE04EC0-301F-11D3-BF4B-00C04F79EFBC}") = "Physics.HomogenousMovement", "src\Topics\Physics.HomogenousMovement\Physics.HomogenousMovement.csproj", "{3C77F98D-CFDA-416E-8B59-6F866EE6C0AD}"
EndProject
Project("{2150E333-8FDC-42A3-9474-1A3956D46DE8}") = "01_HomogenousMovement", "01_HomogenousMovement", "{2ACD650E-2887-498C-AC90-17233B5AD306}"
EndProject
Project("{9A19103F-16F7-4668-BE54-9A1E7A4F7556}") = "Physics.HomogenousMovement.Logic", "src\Topics\Physics.HomogenousMovements.Logic\Physics.HomogenousMovement.Logic.csproj", "{B6D4F82A-CDE3-4797-B2C3-45A18FDADC85}"
EndProject
Project("{9A19103F-16F7-4668-BE54-9A1E7A4F7556}") = "Physics.Shared", "src\Shared\Physics.Shared.Logic\Physics.Shared.csproj", "{627635C3-AD48-4CC1-960D-F3C60D8E3C3B}"
EndProject
Project("{9A19103F-16F7-4668-BE54-9A1E7A4F7556}") = "Physics.HomogenousMovement.Logic.Tests", "tests\Topics\Physics.HomogenousMovement.Logic.Tests\Physics.HomogenousMovement.Logic.Tests.csproj", "{21F1B8EE-FCA1-43F2-BC94-34D6E014F33F}"
EndProject
Project("{2150E333-8FDC-42A3-9474-1A3956D46DE8}") = "04_InclinedPlane", "04_InclinedPlane", "{ED8BB6C9-1ECB-46A3-8B42-47E7D765213B}"
EndProject
Project("{FAE04EC0-301F-11D3-BF4B-00C04F79EFBC}") = "Physics.InclinedPlane", "src\Topics\Physics.InclinedPlane\Physics.InclinedPlane.csproj", "{42CB8100-9E7C-4F4F-9A99-1A1EC746AB09}"
EndProject
Project("{2150E333-8FDC-42A3-9474-1A3956D46DE8}") = "14_HomogenousParticle", "14_HomogenousParticle", "{FC271327-552A-4F0E-90BD-4DF426E88F0B}"
EndProject
Project("{FAE04EC0-301F-11D3-BF4B-00C04F79EFBC}") = "Physics.HomogenousParticle", "src\Topics\Physics.HomogenousParticle\Physics.HomogenousParticle.csproj", "{345BA2CF-EA5C-4081-B5B4-E9DEED03DBF4}"
EndProject
Project("{9A19103F-16F7-4668-BE54-9A1E7A4F7556}") = "Physics.HomongenousParticle.Logic", "src\Topics\Physics.HomongenousParticle.Logic\Physics.HomongenousParticle.Logic.csproj", "{85553A30-6C09-40F6-8CAF-9CE69F08B2C4}"
EndProject
Project("{2150E333-8FDC-42A3-9474-1A3956D46DE8}") = "SelfStudy", "SelfStudy", "{B5D566BC-D7FC-4658-ABDC-B6993A77EF0A}"
EndProject
Project("{FAE04EC0-301F-11D3-BF4B-00C04F79EFBC}") = "Physics.SelfStudy.Editor", "src\SelfStudy\Physics.Shared.SelfStudyEditor\Physics.SelfStudy.Editor.csproj", "{0D154D72-5986-4689-BDF2-6A9262FD36DB}"
EndProject
Project("{FAE04EC0-301F-11D3-BF4B-00C04F79EFBC}") = "Physics.SelfStudy", "src\SelfStudy\Physics.SelfStudy\Physics.SelfStudy.csproj", "{C19A64CD-7662-4572-9FE7-573E7BEA90F4}"
EndProject
Project("{9A19103F-16F7-4668-BE54-9A1E7A4F7556}") = "Physics.HomogenousParticle.Logic.Tests", "tests\Topics\Physics.HomogenousParticle.Logic.Tests\Physics.HomogenousParticle.Logic.Tests.csproj", "{AA3712F8-2705-4E93-A1E3-AAA660DFFDCC}"
EndProject
Project("{9A19103F-16F7-4668-BE54-9A1E7A4F7556}") = "Physics.InclinedPlane.Logic", "src\Topics\Physics.InclinedPlane.Logic\Physics.InclinedPlane.Logic.csproj", "{6EE0E550-A7D5-4D7D-9F55-812AA129E1A0}"
EndProject
Project("{9A19103F-16F7-4668-BE54-9A1E7A4F7556}") = "Physics.InclinedPlane.Logic.Tests", "tests\Topics\Physics.InclinedPlane.Logic.Tests\Physics.InclinedPlane.Logic.Tests.csproj", "{13D1782A-7437-4D03-BB7C-C12B04179D39}"
EndProject
Project("{2150E333-8FDC-42A3-9474-1A3956D46DE8}") = "02_DragMovement", "02_DragMovement", "{CAA4C5B3-531D-43B7-80D4-446C7470FADE}"
EndProject
Project("{2150E333-8FDC-42A3-9474-1A3956D46DE8}") = "17_RadiationHalflife", "17_RadiationHalflife", "{15016863-3F9C-4A66-BD38-A0CEE5B63AB5}"
EndProject
Project("{FAE04EC0-301F-11D3-BF4B-00C04F79EFBC}") = "Physics.DragMovement", "src\Topics\Physics.DragMovement\Physics.DragMovement.csproj", "{EE431788-2009-4183-B6F0-A8C786A69D44}"
EndProject
Project("{9A19103F-16F7-4668-BE54-9A1E7A4F7556}") = "Physics.DragMovement.Logic", "src\Topics\Physics.DragMovement.Logic\Physics.DragMovement.Logic.csproj", "{E660F80E-DDE3-4A82-8947-DF5998C659F3}"
EndProject
Project("{FAE04EC0-301F-11D3-BF4B-00C04F79EFBC}") = "Physics.RadiationHalflife", "src\Topics\Physics.RadiationHalflife\Physics.RadiationHalflife.csproj", "{2036925F-ADA7-47A4-A8C7-449FBB347B4D}"
EndProject
Project("{9A19103F-16F7-4668-BE54-9A1E7A4F7556}") = "Physics.RadiationHalflife.Logic", "src\Topics\Physics.RadiationHalflife.Logic\Physics.RadiationHalflife.Logic.csproj", "{33B7C06E-0653-4F6B-9697-BB26258C9949}"
EndProject
Project("{2150E333-8FDC-42A3-9474-1A3956D46DE8}") = "13_ElectricParticle", "13_ElectricParticle", "{D2140C16-7982-44BA-92A1-463036E33C9A}"
EndProject
Project("{FAE04EC0-301F-11D3-BF4B-00C04F79EFBC}") = "Physics.ElectricParticle", "src\Topics\Physics.ElectricParticle\Physics.ElectricParticle\Physics.ElectricParticle.csproj", "{AC097E73-EAA6-4EFC-8C3C-4714A8E8FE98}"
EndProject
Project("{9A19103F-16F7-4668-BE54-9A1E7A4F7556}") = "Physics.ElectricParticle.Logic", "src\Topics\Physics.ElectricParticle.Logic\Physics.ElectricParticle.Logic\Physics.ElectricParticle.Logic.csproj", "{2A6B7826-AC41-46AC-ABF4-434182638D2E}"
EndProject
Project("{2150E333-8FDC-42A3-9474-1A3956D46DE8}") = "Solution Items", "Solution Items", "{93BA8D05-79B5-47B6-81FF-18FFC9228396}"
	ProjectSection(SolutionItems) = preProject
		.editorconfig = .editorconfig
	EndProjectSection
EndProject
Global
	GlobalSection(SolutionConfigurationPlatforms) = preSolution
		Debug|Any CPU = Debug|Any CPU
		Debug|ARM = Debug|ARM
		Debug|ARM64 = Debug|ARM64
		Debug|x64 = Debug|x64
		Debug|x86 = Debug|x86
		Release|Any CPU = Release|Any CPU
		Release|ARM = Release|ARM
		Release|ARM64 = Release|ARM64
		Release|x64 = Release|x64
		Release|x86 = Release|x86
	EndGlobalSection
	GlobalSection(ProjectConfigurationPlatforms) = postSolution
		{80C65FA4-C269-470B-9499-0D26A549E2FA}.Debug|Any CPU.ActiveCfg = Debug|Any CPU
		{80C65FA4-C269-470B-9499-0D26A549E2FA}.Debug|Any CPU.Build.0 = Debug|Any CPU
		{80C65FA4-C269-470B-9499-0D26A549E2FA}.Debug|ARM.ActiveCfg = Debug|ARM
		{80C65FA4-C269-470B-9499-0D26A549E2FA}.Debug|ARM.Build.0 = Debug|ARM
		{80C65FA4-C269-470B-9499-0D26A549E2FA}.Debug|ARM64.ActiveCfg = Debug|ARM64
		{80C65FA4-C269-470B-9499-0D26A549E2FA}.Debug|ARM64.Build.0 = Debug|ARM64
		{80C65FA4-C269-470B-9499-0D26A549E2FA}.Debug|x64.ActiveCfg = Debug|x64
		{80C65FA4-C269-470B-9499-0D26A549E2FA}.Debug|x64.Build.0 = Debug|x64
		{80C65FA4-C269-470B-9499-0D26A549E2FA}.Debug|x86.ActiveCfg = Debug|x86
		{80C65FA4-C269-470B-9499-0D26A549E2FA}.Debug|x86.Build.0 = Debug|x86
		{80C65FA4-C269-470B-9499-0D26A549E2FA}.Release|Any CPU.ActiveCfg = Release|Any CPU
		{80C65FA4-C269-470B-9499-0D26A549E2FA}.Release|Any CPU.Build.0 = Release|Any CPU
		{80C65FA4-C269-470B-9499-0D26A549E2FA}.Release|ARM.ActiveCfg = Release|ARM
		{80C65FA4-C269-470B-9499-0D26A549E2FA}.Release|ARM.Build.0 = Release|ARM
		{80C65FA4-C269-470B-9499-0D26A549E2FA}.Release|ARM64.ActiveCfg = Release|ARM64
		{80C65FA4-C269-470B-9499-0D26A549E2FA}.Release|ARM64.Build.0 = Release|ARM64
		{80C65FA4-C269-470B-9499-0D26A549E2FA}.Release|x64.ActiveCfg = Release|x64
		{80C65FA4-C269-470B-9499-0D26A549E2FA}.Release|x64.Build.0 = Release|x64
		{80C65FA4-C269-470B-9499-0D26A549E2FA}.Release|x86.ActiveCfg = Release|x86
		{80C65FA4-C269-470B-9499-0D26A549E2FA}.Release|x86.Build.0 = Release|x86
		{3C77F98D-CFDA-416E-8B59-6F866EE6C0AD}.Debug|Any CPU.ActiveCfg = Debug|x86
		{3C77F98D-CFDA-416E-8B59-6F866EE6C0AD}.Debug|ARM.ActiveCfg = Debug|ARM
		{3C77F98D-CFDA-416E-8B59-6F866EE6C0AD}.Debug|ARM.Build.0 = Debug|ARM
		{3C77F98D-CFDA-416E-8B59-6F866EE6C0AD}.Debug|ARM.Deploy.0 = Debug|ARM
		{3C77F98D-CFDA-416E-8B59-6F866EE6C0AD}.Debug|ARM64.ActiveCfg = Debug|ARM64
		{3C77F98D-CFDA-416E-8B59-6F866EE6C0AD}.Debug|ARM64.Build.0 = Debug|ARM64
		{3C77F98D-CFDA-416E-8B59-6F866EE6C0AD}.Debug|ARM64.Deploy.0 = Debug|ARM64
		{3C77F98D-CFDA-416E-8B59-6F866EE6C0AD}.Debug|x64.ActiveCfg = Debug|x64
		{3C77F98D-CFDA-416E-8B59-6F866EE6C0AD}.Debug|x64.Build.0 = Debug|x64
		{3C77F98D-CFDA-416E-8B59-6F866EE6C0AD}.Debug|x64.Deploy.0 = Debug|x64
		{3C77F98D-CFDA-416E-8B59-6F866EE6C0AD}.Debug|x86.ActiveCfg = Debug|x86
		{3C77F98D-CFDA-416E-8B59-6F866EE6C0AD}.Debug|x86.Build.0 = Debug|x86
		{3C77F98D-CFDA-416E-8B59-6F866EE6C0AD}.Debug|x86.Deploy.0 = Debug|x86
		{3C77F98D-CFDA-416E-8B59-6F866EE6C0AD}.Release|Any CPU.ActiveCfg = Release|x86
		{3C77F98D-CFDA-416E-8B59-6F866EE6C0AD}.Release|ARM.ActiveCfg = Release|ARM
		{3C77F98D-CFDA-416E-8B59-6F866EE6C0AD}.Release|ARM.Build.0 = Release|ARM
		{3C77F98D-CFDA-416E-8B59-6F866EE6C0AD}.Release|ARM.Deploy.0 = Release|ARM
		{3C77F98D-CFDA-416E-8B59-6F866EE6C0AD}.Release|ARM64.ActiveCfg = Release|ARM64
		{3C77F98D-CFDA-416E-8B59-6F866EE6C0AD}.Release|ARM64.Build.0 = Release|ARM64
		{3C77F98D-CFDA-416E-8B59-6F866EE6C0AD}.Release|ARM64.Deploy.0 = Release|ARM64
		{3C77F98D-CFDA-416E-8B59-6F866EE6C0AD}.Release|x64.ActiveCfg = Release|x64
		{3C77F98D-CFDA-416E-8B59-6F866EE6C0AD}.Release|x64.Build.0 = Release|x64
		{3C77F98D-CFDA-416E-8B59-6F866EE6C0AD}.Release|x64.Deploy.0 = Release|x64
		{3C77F98D-CFDA-416E-8B59-6F866EE6C0AD}.Release|x86.ActiveCfg = Release|x86
		{3C77F98D-CFDA-416E-8B59-6F866EE6C0AD}.Release|x86.Build.0 = Release|x86
		{3C77F98D-CFDA-416E-8B59-6F866EE6C0AD}.Release|x86.Deploy.0 = Release|x86
		{B6D4F82A-CDE3-4797-B2C3-45A18FDADC85}.Debug|Any CPU.ActiveCfg = Debug|Any CPU
		{B6D4F82A-CDE3-4797-B2C3-45A18FDADC85}.Debug|Any CPU.Build.0 = Debug|Any CPU
		{B6D4F82A-CDE3-4797-B2C3-45A18FDADC85}.Debug|ARM.ActiveCfg = Debug|Any CPU
		{B6D4F82A-CDE3-4797-B2C3-45A18FDADC85}.Debug|ARM.Build.0 = Debug|Any CPU
		{B6D4F82A-CDE3-4797-B2C3-45A18FDADC85}.Debug|ARM64.ActiveCfg = Debug|Any CPU
		{B6D4F82A-CDE3-4797-B2C3-45A18FDADC85}.Debug|ARM64.Build.0 = Debug|Any CPU
		{B6D4F82A-CDE3-4797-B2C3-45A18FDADC85}.Debug|x64.ActiveCfg = Debug|Any CPU
		{B6D4F82A-CDE3-4797-B2C3-45A18FDADC85}.Debug|x64.Build.0 = Debug|Any CPU
		{B6D4F82A-CDE3-4797-B2C3-45A18FDADC85}.Debug|x86.ActiveCfg = Debug|Any CPU
		{B6D4F82A-CDE3-4797-B2C3-45A18FDADC85}.Debug|x86.Build.0 = Debug|Any CPU
		{B6D4F82A-CDE3-4797-B2C3-45A18FDADC85}.Release|Any CPU.ActiveCfg = Release|Any CPU
		{B6D4F82A-CDE3-4797-B2C3-45A18FDADC85}.Release|Any CPU.Build.0 = Release|Any CPU
		{B6D4F82A-CDE3-4797-B2C3-45A18FDADC85}.Release|ARM.ActiveCfg = Release|Any CPU
		{B6D4F82A-CDE3-4797-B2C3-45A18FDADC85}.Release|ARM.Build.0 = Release|Any CPU
		{B6D4F82A-CDE3-4797-B2C3-45A18FDADC85}.Release|ARM64.ActiveCfg = Release|Any CPU
		{B6D4F82A-CDE3-4797-B2C3-45A18FDADC85}.Release|ARM64.Build.0 = Release|Any CPU
		{B6D4F82A-CDE3-4797-B2C3-45A18FDADC85}.Release|x64.ActiveCfg = Release|Any CPU
		{B6D4F82A-CDE3-4797-B2C3-45A18FDADC85}.Release|x64.Build.0 = Release|Any CPU
		{B6D4F82A-CDE3-4797-B2C3-45A18FDADC85}.Release|x86.ActiveCfg = Release|Any CPU
		{B6D4F82A-CDE3-4797-B2C3-45A18FDADC85}.Release|x86.Build.0 = Release|Any CPU
		{627635C3-AD48-4CC1-960D-F3C60D8E3C3B}.Debug|Any CPU.ActiveCfg = Debug|Any CPU
		{627635C3-AD48-4CC1-960D-F3C60D8E3C3B}.Debug|Any CPU.Build.0 = Debug|Any CPU
		{627635C3-AD48-4CC1-960D-F3C60D8E3C3B}.Debug|ARM.ActiveCfg = Debug|Any CPU
		{627635C3-AD48-4CC1-960D-F3C60D8E3C3B}.Debug|ARM.Build.0 = Debug|Any CPU
		{627635C3-AD48-4CC1-960D-F3C60D8E3C3B}.Debug|ARM64.ActiveCfg = Debug|Any CPU
		{627635C3-AD48-4CC1-960D-F3C60D8E3C3B}.Debug|ARM64.Build.0 = Debug|Any CPU
		{627635C3-AD48-4CC1-960D-F3C60D8E3C3B}.Debug|x64.ActiveCfg = Debug|Any CPU
		{627635C3-AD48-4CC1-960D-F3C60D8E3C3B}.Debug|x64.Build.0 = Debug|Any CPU
		{627635C3-AD48-4CC1-960D-F3C60D8E3C3B}.Debug|x86.ActiveCfg = Debug|Any CPU
		{627635C3-AD48-4CC1-960D-F3C60D8E3C3B}.Debug|x86.Build.0 = Debug|Any CPU
		{627635C3-AD48-4CC1-960D-F3C60D8E3C3B}.Release|Any CPU.ActiveCfg = Release|Any CPU
		{627635C3-AD48-4CC1-960D-F3C60D8E3C3B}.Release|Any CPU.Build.0 = Release|Any CPU
		{627635C3-AD48-4CC1-960D-F3C60D8E3C3B}.Release|ARM.ActiveCfg = Release|Any CPU
		{627635C3-AD48-4CC1-960D-F3C60D8E3C3B}.Release|ARM.Build.0 = Release|Any CPU
		{627635C3-AD48-4CC1-960D-F3C60D8E3C3B}.Release|ARM64.ActiveCfg = Release|Any CPU
		{627635C3-AD48-4CC1-960D-F3C60D8E3C3B}.Release|ARM64.Build.0 = Release|Any CPU
		{627635C3-AD48-4CC1-960D-F3C60D8E3C3B}.Release|x64.ActiveCfg = Release|Any CPU
		{627635C3-AD48-4CC1-960D-F3C60D8E3C3B}.Release|x64.Build.0 = Release|Any CPU
		{627635C3-AD48-4CC1-960D-F3C60D8E3C3B}.Release|x86.ActiveCfg = Release|Any CPU
		{627635C3-AD48-4CC1-960D-F3C60D8E3C3B}.Release|x86.Build.0 = Release|Any CPU
		{21F1B8EE-FCA1-43F2-BC94-34D6E014F33F}.Debug|Any CPU.ActiveCfg = Debug|Any CPU
		{21F1B8EE-FCA1-43F2-BC94-34D6E014F33F}.Debug|Any CPU.Build.0 = Debug|Any CPU
		{21F1B8EE-FCA1-43F2-BC94-34D6E014F33F}.Debug|ARM.ActiveCfg = Debug|Any CPU
		{21F1B8EE-FCA1-43F2-BC94-34D6E014F33F}.Debug|ARM.Build.0 = Debug|Any CPU
		{21F1B8EE-FCA1-43F2-BC94-34D6E014F33F}.Debug|ARM64.ActiveCfg = Debug|Any CPU
		{21F1B8EE-FCA1-43F2-BC94-34D6E014F33F}.Debug|ARM64.Build.0 = Debug|Any CPU
		{21F1B8EE-FCA1-43F2-BC94-34D6E014F33F}.Debug|x64.ActiveCfg = Debug|Any CPU
		{21F1B8EE-FCA1-43F2-BC94-34D6E014F33F}.Debug|x64.Build.0 = Debug|Any CPU
		{21F1B8EE-FCA1-43F2-BC94-34D6E014F33F}.Debug|x86.ActiveCfg = Debug|Any CPU
		{21F1B8EE-FCA1-43F2-BC94-34D6E014F33F}.Debug|x86.Build.0 = Debug|Any CPU
		{21F1B8EE-FCA1-43F2-BC94-34D6E014F33F}.Release|Any CPU.ActiveCfg = Release|Any CPU
		{21F1B8EE-FCA1-43F2-BC94-34D6E014F33F}.Release|Any CPU.Build.0 = Release|Any CPU
		{21F1B8EE-FCA1-43F2-BC94-34D6E014F33F}.Release|ARM.ActiveCfg = Release|Any CPU
		{21F1B8EE-FCA1-43F2-BC94-34D6E014F33F}.Release|ARM.Build.0 = Release|Any CPU
		{21F1B8EE-FCA1-43F2-BC94-34D6E014F33F}.Release|ARM64.ActiveCfg = Release|Any CPU
		{21F1B8EE-FCA1-43F2-BC94-34D6E014F33F}.Release|ARM64.Build.0 = Release|Any CPU
		{21F1B8EE-FCA1-43F2-BC94-34D6E014F33F}.Release|x64.ActiveCfg = Release|Any CPU
		{21F1B8EE-FCA1-43F2-BC94-34D6E014F33F}.Release|x64.Build.0 = Release|Any CPU
		{21F1B8EE-FCA1-43F2-BC94-34D6E014F33F}.Release|x86.ActiveCfg = Release|Any CPU
		{21F1B8EE-FCA1-43F2-BC94-34D6E014F33F}.Release|x86.Build.0 = Release|Any CPU
		{42CB8100-9E7C-4F4F-9A99-1A1EC746AB09}.Debug|Any CPU.ActiveCfg = Debug|x86
		{42CB8100-9E7C-4F4F-9A99-1A1EC746AB09}.Debug|ARM.ActiveCfg = Debug|ARM
		{42CB8100-9E7C-4F4F-9A99-1A1EC746AB09}.Debug|ARM.Build.0 = Debug|ARM
		{42CB8100-9E7C-4F4F-9A99-1A1EC746AB09}.Debug|ARM.Deploy.0 = Debug|ARM
		{42CB8100-9E7C-4F4F-9A99-1A1EC746AB09}.Debug|ARM64.ActiveCfg = Debug|ARM64
		{42CB8100-9E7C-4F4F-9A99-1A1EC746AB09}.Debug|ARM64.Build.0 = Debug|ARM64
		{42CB8100-9E7C-4F4F-9A99-1A1EC746AB09}.Debug|ARM64.Deploy.0 = Debug|ARM64
		{42CB8100-9E7C-4F4F-9A99-1A1EC746AB09}.Debug|x64.ActiveCfg = Debug|x64
		{42CB8100-9E7C-4F4F-9A99-1A1EC746AB09}.Debug|x64.Build.0 = Debug|x64
		{42CB8100-9E7C-4F4F-9A99-1A1EC746AB09}.Debug|x64.Deploy.0 = Debug|x64
		{42CB8100-9E7C-4F4F-9A99-1A1EC746AB09}.Debug|x86.ActiveCfg = Debug|x86
		{42CB8100-9E7C-4F4F-9A99-1A1EC746AB09}.Debug|x86.Build.0 = Debug|x86
		{42CB8100-9E7C-4F4F-9A99-1A1EC746AB09}.Debug|x86.Deploy.0 = Debug|x86
		{42CB8100-9E7C-4F4F-9A99-1A1EC746AB09}.Release|Any CPU.ActiveCfg = Release|x86
		{42CB8100-9E7C-4F4F-9A99-1A1EC746AB09}.Release|ARM.ActiveCfg = Release|ARM
		{42CB8100-9E7C-4F4F-9A99-1A1EC746AB09}.Release|ARM.Build.0 = Release|ARM
		{42CB8100-9E7C-4F4F-9A99-1A1EC746AB09}.Release|ARM.Deploy.0 = Release|ARM
		{42CB8100-9E7C-4F4F-9A99-1A1EC746AB09}.Release|ARM64.ActiveCfg = Release|ARM64
		{42CB8100-9E7C-4F4F-9A99-1A1EC746AB09}.Release|ARM64.Build.0 = Release|ARM64
		{42CB8100-9E7C-4F4F-9A99-1A1EC746AB09}.Release|ARM64.Deploy.0 = Release|ARM64
		{42CB8100-9E7C-4F4F-9A99-1A1EC746AB09}.Release|x64.ActiveCfg = Release|x64
		{42CB8100-9E7C-4F4F-9A99-1A1EC746AB09}.Release|x64.Build.0 = Release|x64
		{42CB8100-9E7C-4F4F-9A99-1A1EC746AB09}.Release|x64.Deploy.0 = Release|x64
		{42CB8100-9E7C-4F4F-9A99-1A1EC746AB09}.Release|x86.ActiveCfg = Release|x86
		{42CB8100-9E7C-4F4F-9A99-1A1EC746AB09}.Release|x86.Build.0 = Release|x86
		{42CB8100-9E7C-4F4F-9A99-1A1EC746AB09}.Release|x86.Deploy.0 = Release|x86
		{345BA2CF-EA5C-4081-B5B4-E9DEED03DBF4}.Debug|Any CPU.ActiveCfg = Debug|x86
		{345BA2CF-EA5C-4081-B5B4-E9DEED03DBF4}.Debug|ARM.ActiveCfg = Debug|ARM
		{345BA2CF-EA5C-4081-B5B4-E9DEED03DBF4}.Debug|ARM.Build.0 = Debug|ARM
		{345BA2CF-EA5C-4081-B5B4-E9DEED03DBF4}.Debug|ARM.Deploy.0 = Debug|ARM
		{345BA2CF-EA5C-4081-B5B4-E9DEED03DBF4}.Debug|ARM64.ActiveCfg = Debug|ARM64
		{345BA2CF-EA5C-4081-B5B4-E9DEED03DBF4}.Debug|ARM64.Build.0 = Debug|ARM64
		{345BA2CF-EA5C-4081-B5B4-E9DEED03DBF4}.Debug|ARM64.Deploy.0 = Debug|ARM64
		{345BA2CF-EA5C-4081-B5B4-E9DEED03DBF4}.Debug|x64.ActiveCfg = Debug|x64
		{345BA2CF-EA5C-4081-B5B4-E9DEED03DBF4}.Debug|x64.Build.0 = Debug|x64
		{345BA2CF-EA5C-4081-B5B4-E9DEED03DBF4}.Debug|x64.Deploy.0 = Debug|x64
		{345BA2CF-EA5C-4081-B5B4-E9DEED03DBF4}.Debug|x86.ActiveCfg = Debug|x86
		{345BA2CF-EA5C-4081-B5B4-E9DEED03DBF4}.Debug|x86.Build.0 = Debug|x86
		{345BA2CF-EA5C-4081-B5B4-E9DEED03DBF4}.Debug|x86.Deploy.0 = Debug|x86
		{345BA2CF-EA5C-4081-B5B4-E9DEED03DBF4}.Release|Any CPU.ActiveCfg = Release|x86
		{345BA2CF-EA5C-4081-B5B4-E9DEED03DBF4}.Release|ARM.ActiveCfg = Release|ARM
		{345BA2CF-EA5C-4081-B5B4-E9DEED03DBF4}.Release|ARM.Build.0 = Release|ARM
		{345BA2CF-EA5C-4081-B5B4-E9DEED03DBF4}.Release|ARM.Deploy.0 = Release|ARM
		{345BA2CF-EA5C-4081-B5B4-E9DEED03DBF4}.Release|ARM64.ActiveCfg = Release|ARM64
		{345BA2CF-EA5C-4081-B5B4-E9DEED03DBF4}.Release|ARM64.Build.0 = Release|ARM64
		{345BA2CF-EA5C-4081-B5B4-E9DEED03DBF4}.Release|ARM64.Deploy.0 = Release|ARM64
		{345BA2CF-EA5C-4081-B5B4-E9DEED03DBF4}.Release|x64.ActiveCfg = Release|x64
		{345BA2CF-EA5C-4081-B5B4-E9DEED03DBF4}.Release|x64.Build.0 = Release|x64
		{345BA2CF-EA5C-4081-B5B4-E9DEED03DBF4}.Release|x64.Deploy.0 = Release|x64
		{345BA2CF-EA5C-4081-B5B4-E9DEED03DBF4}.Release|x86.ActiveCfg = Release|x86
		{345BA2CF-EA5C-4081-B5B4-E9DEED03DBF4}.Release|x86.Build.0 = Release|x86
		{345BA2CF-EA5C-4081-B5B4-E9DEED03DBF4}.Release|x86.Deploy.0 = Release|x86
		{85553A30-6C09-40F6-8CAF-9CE69F08B2C4}.Debug|Any CPU.ActiveCfg = Debug|Any CPU
		{85553A30-6C09-40F6-8CAF-9CE69F08B2C4}.Debug|Any CPU.Build.0 = Debug|Any CPU
		{85553A30-6C09-40F6-8CAF-9CE69F08B2C4}.Debug|ARM.ActiveCfg = Debug|Any CPU
		{85553A30-6C09-40F6-8CAF-9CE69F08B2C4}.Debug|ARM.Build.0 = Debug|Any CPU
		{85553A30-6C09-40F6-8CAF-9CE69F08B2C4}.Debug|ARM64.ActiveCfg = Debug|Any CPU
		{85553A30-6C09-40F6-8CAF-9CE69F08B2C4}.Debug|ARM64.Build.0 = Debug|Any CPU
		{85553A30-6C09-40F6-8CAF-9CE69F08B2C4}.Debug|x64.ActiveCfg = Debug|Any CPU
		{85553A30-6C09-40F6-8CAF-9CE69F08B2C4}.Debug|x64.Build.0 = Debug|Any CPU
		{85553A30-6C09-40F6-8CAF-9CE69F08B2C4}.Debug|x86.ActiveCfg = Debug|Any CPU
		{85553A30-6C09-40F6-8CAF-9CE69F08B2C4}.Debug|x86.Build.0 = Debug|Any CPU
		{85553A30-6C09-40F6-8CAF-9CE69F08B2C4}.Release|Any CPU.ActiveCfg = Release|Any CPU
		{85553A30-6C09-40F6-8CAF-9CE69F08B2C4}.Release|Any CPU.Build.0 = Release|Any CPU
		{85553A30-6C09-40F6-8CAF-9CE69F08B2C4}.Release|ARM.ActiveCfg = Release|Any CPU
		{85553A30-6C09-40F6-8CAF-9CE69F08B2C4}.Release|ARM.Build.0 = Release|Any CPU
		{85553A30-6C09-40F6-8CAF-9CE69F08B2C4}.Release|ARM64.ActiveCfg = Release|Any CPU
		{85553A30-6C09-40F6-8CAF-9CE69F08B2C4}.Release|ARM64.Build.0 = Release|Any CPU
		{85553A30-6C09-40F6-8CAF-9CE69F08B2C4}.Release|x64.ActiveCfg = Release|Any CPU
		{85553A30-6C09-40F6-8CAF-9CE69F08B2C4}.Release|x64.Build.0 = Release|Any CPU
		{85553A30-6C09-40F6-8CAF-9CE69F08B2C4}.Release|x86.ActiveCfg = Release|Any CPU
		{85553A30-6C09-40F6-8CAF-9CE69F08B2C4}.Release|x86.Build.0 = Release|Any CPU
		{0D154D72-5986-4689-BDF2-6A9262FD36DB}.Debug|Any CPU.ActiveCfg = Debug|x86
		{0D154D72-5986-4689-BDF2-6A9262FD36DB}.Debug|ARM.ActiveCfg = Debug|ARM
		{0D154D72-5986-4689-BDF2-6A9262FD36DB}.Debug|ARM.Build.0 = Debug|ARM
		{0D154D72-5986-4689-BDF2-6A9262FD36DB}.Debug|ARM.Deploy.0 = Debug|ARM
		{0D154D72-5986-4689-BDF2-6A9262FD36DB}.Debug|ARM64.ActiveCfg = Debug|ARM64
		{0D154D72-5986-4689-BDF2-6A9262FD36DB}.Debug|ARM64.Build.0 = Debug|ARM64
		{0D154D72-5986-4689-BDF2-6A9262FD36DB}.Debug|ARM64.Deploy.0 = Debug|ARM64
		{0D154D72-5986-4689-BDF2-6A9262FD36DB}.Debug|x64.ActiveCfg = Debug|x64
		{0D154D72-5986-4689-BDF2-6A9262FD36DB}.Debug|x64.Build.0 = Debug|x64
		{0D154D72-5986-4689-BDF2-6A9262FD36DB}.Debug|x64.Deploy.0 = Debug|x64
		{0D154D72-5986-4689-BDF2-6A9262FD36DB}.Debug|x86.ActiveCfg = Debug|x86
		{0D154D72-5986-4689-BDF2-6A9262FD36DB}.Debug|x86.Build.0 = Debug|x86
		{0D154D72-5986-4689-BDF2-6A9262FD36DB}.Debug|x86.Deploy.0 = Debug|x86
		{0D154D72-5986-4689-BDF2-6A9262FD36DB}.Release|Any CPU.ActiveCfg = Release|x86
		{0D154D72-5986-4689-BDF2-6A9262FD36DB}.Release|ARM.ActiveCfg = Release|ARM
		{0D154D72-5986-4689-BDF2-6A9262FD36DB}.Release|ARM.Build.0 = Release|ARM
		{0D154D72-5986-4689-BDF2-6A9262FD36DB}.Release|ARM.Deploy.0 = Release|ARM
		{0D154D72-5986-4689-BDF2-6A9262FD36DB}.Release|ARM64.ActiveCfg = Release|ARM64
		{0D154D72-5986-4689-BDF2-6A9262FD36DB}.Release|ARM64.Build.0 = Release|ARM64
		{0D154D72-5986-4689-BDF2-6A9262FD36DB}.Release|ARM64.Deploy.0 = Release|ARM64
		{0D154D72-5986-4689-BDF2-6A9262FD36DB}.Release|x64.ActiveCfg = Release|x64
		{0D154D72-5986-4689-BDF2-6A9262FD36DB}.Release|x64.Build.0 = Release|x64
		{0D154D72-5986-4689-BDF2-6A9262FD36DB}.Release|x64.Deploy.0 = Release|x64
		{0D154D72-5986-4689-BDF2-6A9262FD36DB}.Release|x86.ActiveCfg = Release|x86
		{0D154D72-5986-4689-BDF2-6A9262FD36DB}.Release|x86.Build.0 = Release|x86
		{0D154D72-5986-4689-BDF2-6A9262FD36DB}.Release|x86.Deploy.0 = Release|x86
		{C19A64CD-7662-4572-9FE7-573E7BEA90F4}.Debug|Any CPU.ActiveCfg = Debug|Any CPU
		{C19A64CD-7662-4572-9FE7-573E7BEA90F4}.Debug|Any CPU.Build.0 = Debug|Any CPU
		{C19A64CD-7662-4572-9FE7-573E7BEA90F4}.Debug|ARM.ActiveCfg = Debug|ARM
		{C19A64CD-7662-4572-9FE7-573E7BEA90F4}.Debug|ARM.Build.0 = Debug|ARM
		{C19A64CD-7662-4572-9FE7-573E7BEA90F4}.Debug|ARM64.ActiveCfg = Debug|ARM64
		{C19A64CD-7662-4572-9FE7-573E7BEA90F4}.Debug|ARM64.Build.0 = Debug|ARM64
		{C19A64CD-7662-4572-9FE7-573E7BEA90F4}.Debug|x64.ActiveCfg = Debug|x64
		{C19A64CD-7662-4572-9FE7-573E7BEA90F4}.Debug|x64.Build.0 = Debug|x64
		{C19A64CD-7662-4572-9FE7-573E7BEA90F4}.Debug|x86.ActiveCfg = Debug|x86
		{C19A64CD-7662-4572-9FE7-573E7BEA90F4}.Debug|x86.Build.0 = Debug|x86
		{C19A64CD-7662-4572-9FE7-573E7BEA90F4}.Release|Any CPU.ActiveCfg = Release|Any CPU
		{C19A64CD-7662-4572-9FE7-573E7BEA90F4}.Release|Any CPU.Build.0 = Release|Any CPU
		{C19A64CD-7662-4572-9FE7-573E7BEA90F4}.Release|ARM.ActiveCfg = Release|ARM
		{C19A64CD-7662-4572-9FE7-573E7BEA90F4}.Release|ARM.Build.0 = Release|ARM
		{C19A64CD-7662-4572-9FE7-573E7BEA90F4}.Release|ARM64.ActiveCfg = Release|ARM64
		{C19A64CD-7662-4572-9FE7-573E7BEA90F4}.Release|ARM64.Build.0 = Release|ARM64
		{C19A64CD-7662-4572-9FE7-573E7BEA90F4}.Release|x64.ActiveCfg = Release|x64
		{C19A64CD-7662-4572-9FE7-573E7BEA90F4}.Release|x64.Build.0 = Release|x64
		{C19A64CD-7662-4572-9FE7-573E7BEA90F4}.Release|x86.ActiveCfg = Release|x86
		{C19A64CD-7662-4572-9FE7-573E7BEA90F4}.Release|x86.Build.0 = Release|x86
		{AA3712F8-2705-4E93-A1E3-AAA660DFFDCC}.Debug|Any CPU.ActiveCfg = Debug|Any CPU
		{AA3712F8-2705-4E93-A1E3-AAA660DFFDCC}.Debug|Any CPU.Build.0 = Debug|Any CPU
		{AA3712F8-2705-4E93-A1E3-AAA660DFFDCC}.Debug|ARM.ActiveCfg = Debug|Any CPU
		{AA3712F8-2705-4E93-A1E3-AAA660DFFDCC}.Debug|ARM.Build.0 = Debug|Any CPU
		{AA3712F8-2705-4E93-A1E3-AAA660DFFDCC}.Debug|ARM64.ActiveCfg = Debug|Any CPU
		{AA3712F8-2705-4E93-A1E3-AAA660DFFDCC}.Debug|ARM64.Build.0 = Debug|Any CPU
		{AA3712F8-2705-4E93-A1E3-AAA660DFFDCC}.Debug|x64.ActiveCfg = Debug|Any CPU
		{AA3712F8-2705-4E93-A1E3-AAA660DFFDCC}.Debug|x64.Build.0 = Debug|Any CPU
		{AA3712F8-2705-4E93-A1E3-AAA660DFFDCC}.Debug|x86.ActiveCfg = Debug|Any CPU
		{AA3712F8-2705-4E93-A1E3-AAA660DFFDCC}.Debug|x86.Build.0 = Debug|Any CPU
		{AA3712F8-2705-4E93-A1E3-AAA660DFFDCC}.Release|Any CPU.ActiveCfg = Release|Any CPU
		{AA3712F8-2705-4E93-A1E3-AAA660DFFDCC}.Release|Any CPU.Build.0 = Release|Any CPU
		{AA3712F8-2705-4E93-A1E3-AAA660DFFDCC}.Release|ARM.ActiveCfg = Release|Any CPU
		{AA3712F8-2705-4E93-A1E3-AAA660DFFDCC}.Release|ARM.Build.0 = Release|Any CPU
		{AA3712F8-2705-4E93-A1E3-AAA660DFFDCC}.Release|ARM64.ActiveCfg = Release|Any CPU
		{AA3712F8-2705-4E93-A1E3-AAA660DFFDCC}.Release|ARM64.Build.0 = Release|Any CPU
		{AA3712F8-2705-4E93-A1E3-AAA660DFFDCC}.Release|x64.ActiveCfg = Release|Any CPU
		{AA3712F8-2705-4E93-A1E3-AAA660DFFDCC}.Release|x64.Build.0 = Release|Any CPU
		{AA3712F8-2705-4E93-A1E3-AAA660DFFDCC}.Release|x86.ActiveCfg = Release|Any CPU
		{AA3712F8-2705-4E93-A1E3-AAA660DFFDCC}.Release|x86.Build.0 = Release|Any CPU
		{6EE0E550-A7D5-4D7D-9F55-812AA129E1A0}.Debug|Any CPU.ActiveCfg = Debug|Any CPU
		{6EE0E550-A7D5-4D7D-9F55-812AA129E1A0}.Debug|Any CPU.Build.0 = Debug|Any CPU
		{6EE0E550-A7D5-4D7D-9F55-812AA129E1A0}.Debug|ARM.ActiveCfg = Debug|Any CPU
		{6EE0E550-A7D5-4D7D-9F55-812AA129E1A0}.Debug|ARM.Build.0 = Debug|Any CPU
		{6EE0E550-A7D5-4D7D-9F55-812AA129E1A0}.Debug|ARM64.ActiveCfg = Debug|Any CPU
		{6EE0E550-A7D5-4D7D-9F55-812AA129E1A0}.Debug|ARM64.Build.0 = Debug|Any CPU
		{6EE0E550-A7D5-4D7D-9F55-812AA129E1A0}.Debug|x64.ActiveCfg = Debug|Any CPU
		{6EE0E550-A7D5-4D7D-9F55-812AA129E1A0}.Debug|x64.Build.0 = Debug|Any CPU
		{6EE0E550-A7D5-4D7D-9F55-812AA129E1A0}.Debug|x86.ActiveCfg = Debug|Any CPU
		{6EE0E550-A7D5-4D7D-9F55-812AA129E1A0}.Debug|x86.Build.0 = Debug|Any CPU
		{6EE0E550-A7D5-4D7D-9F55-812AA129E1A0}.Release|Any CPU.ActiveCfg = Release|Any CPU
		{6EE0E550-A7D5-4D7D-9F55-812AA129E1A0}.Release|Any CPU.Build.0 = Release|Any CPU
		{6EE0E550-A7D5-4D7D-9F55-812AA129E1A0}.Release|ARM.ActiveCfg = Release|Any CPU
		{6EE0E550-A7D5-4D7D-9F55-812AA129E1A0}.Release|ARM.Build.0 = Release|Any CPU
		{6EE0E550-A7D5-4D7D-9F55-812AA129E1A0}.Release|ARM64.ActiveCfg = Release|Any CPU
		{6EE0E550-A7D5-4D7D-9F55-812AA129E1A0}.Release|ARM64.Build.0 = Release|Any CPU
		{6EE0E550-A7D5-4D7D-9F55-812AA129E1A0}.Release|x64.ActiveCfg = Release|Any CPU
		{6EE0E550-A7D5-4D7D-9F55-812AA129E1A0}.Release|x64.Build.0 = Release|Any CPU
		{6EE0E550-A7D5-4D7D-9F55-812AA129E1A0}.Release|x86.ActiveCfg = Release|Any CPU
		{6EE0E550-A7D5-4D7D-9F55-812AA129E1A0}.Release|x86.Build.0 = Release|Any CPU
		{13D1782A-7437-4D03-BB7C-C12B04179D39}.Debug|Any CPU.ActiveCfg = Debug|Any CPU
		{13D1782A-7437-4D03-BB7C-C12B04179D39}.Debug|Any CPU.Build.0 = Debug|Any CPU
		{13D1782A-7437-4D03-BB7C-C12B04179D39}.Debug|ARM.ActiveCfg = Debug|Any CPU
		{13D1782A-7437-4D03-BB7C-C12B04179D39}.Debug|ARM.Build.0 = Debug|Any CPU
		{13D1782A-7437-4D03-BB7C-C12B04179D39}.Debug|ARM64.ActiveCfg = Debug|Any CPU
		{13D1782A-7437-4D03-BB7C-C12B04179D39}.Debug|ARM64.Build.0 = Debug|Any CPU
		{13D1782A-7437-4D03-BB7C-C12B04179D39}.Debug|x64.ActiveCfg = Debug|Any CPU
		{13D1782A-7437-4D03-BB7C-C12B04179D39}.Debug|x64.Build.0 = Debug|Any CPU
		{13D1782A-7437-4D03-BB7C-C12B04179D39}.Debug|x86.ActiveCfg = Debug|Any CPU
		{13D1782A-7437-4D03-BB7C-C12B04179D39}.Debug|x86.Build.0 = Debug|Any CPU
		{13D1782A-7437-4D03-BB7C-C12B04179D39}.Release|Any CPU.ActiveCfg = Release|Any CPU
		{13D1782A-7437-4D03-BB7C-C12B04179D39}.Release|Any CPU.Build.0 = Release|Any CPU
		{13D1782A-7437-4D03-BB7C-C12B04179D39}.Release|ARM.ActiveCfg = Release|Any CPU
		{13D1782A-7437-4D03-BB7C-C12B04179D39}.Release|ARM.Build.0 = Release|Any CPU
		{13D1782A-7437-4D03-BB7C-C12B04179D39}.Release|ARM64.ActiveCfg = Release|Any CPU
		{13D1782A-7437-4D03-BB7C-C12B04179D39}.Release|ARM64.Build.0 = Release|Any CPU
		{13D1782A-7437-4D03-BB7C-C12B04179D39}.Release|x64.ActiveCfg = Release|Any CPU
		{13D1782A-7437-4D03-BB7C-C12B04179D39}.Release|x64.Build.0 = Release|Any CPU
		{13D1782A-7437-4D03-BB7C-C12B04179D39}.Release|x86.ActiveCfg = Release|Any CPU
		{13D1782A-7437-4D03-BB7C-C12B04179D39}.Release|x86.Build.0 = Release|Any CPU
		{EE431788-2009-4183-B6F0-A8C786A69D44}.Debug|Any CPU.ActiveCfg = Debug|x86
		{EE431788-2009-4183-B6F0-A8C786A69D44}.Debug|ARM.ActiveCfg = Debug|ARM
		{EE431788-2009-4183-B6F0-A8C786A69D44}.Debug|ARM.Build.0 = Debug|ARM
		{EE431788-2009-4183-B6F0-A8C786A69D44}.Debug|ARM.Deploy.0 = Debug|ARM
		{EE431788-2009-4183-B6F0-A8C786A69D44}.Debug|ARM64.ActiveCfg = Debug|ARM64
		{EE431788-2009-4183-B6F0-A8C786A69D44}.Debug|ARM64.Build.0 = Debug|ARM64
		{EE431788-2009-4183-B6F0-A8C786A69D44}.Debug|ARM64.Deploy.0 = Debug|ARM64
		{EE431788-2009-4183-B6F0-A8C786A69D44}.Debug|x64.ActiveCfg = Debug|x64
		{EE431788-2009-4183-B6F0-A8C786A69D44}.Debug|x64.Build.0 = Debug|x64
		{EE431788-2009-4183-B6F0-A8C786A69D44}.Debug|x64.Deploy.0 = Debug|x64
		{EE431788-2009-4183-B6F0-A8C786A69D44}.Debug|x86.ActiveCfg = Debug|x86
		{EE431788-2009-4183-B6F0-A8C786A69D44}.Debug|x86.Build.0 = Debug|x86
		{EE431788-2009-4183-B6F0-A8C786A69D44}.Debug|x86.Deploy.0 = Debug|x86
		{EE431788-2009-4183-B6F0-A8C786A69D44}.Release|Any CPU.ActiveCfg = Release|x86
		{EE431788-2009-4183-B6F0-A8C786A69D44}.Release|ARM.ActiveCfg = Release|ARM
		{EE431788-2009-4183-B6F0-A8C786A69D44}.Release|ARM.Build.0 = Release|ARM
		{EE431788-2009-4183-B6F0-A8C786A69D44}.Release|ARM.Deploy.0 = Release|ARM
		{EE431788-2009-4183-B6F0-A8C786A69D44}.Release|ARM64.ActiveCfg = Release|ARM64
		{EE431788-2009-4183-B6F0-A8C786A69D44}.Release|ARM64.Build.0 = Release|ARM64
		{EE431788-2009-4183-B6F0-A8C786A69D44}.Release|ARM64.Deploy.0 = Release|ARM64
		{EE431788-2009-4183-B6F0-A8C786A69D44}.Release|x64.ActiveCfg = Release|x64
		{EE431788-2009-4183-B6F0-A8C786A69D44}.Release|x64.Build.0 = Release|x64
		{EE431788-2009-4183-B6F0-A8C786A69D44}.Release|x64.Deploy.0 = Release|x64
		{EE431788-2009-4183-B6F0-A8C786A69D44}.Release|x86.ActiveCfg = Release|x86
		{EE431788-2009-4183-B6F0-A8C786A69D44}.Release|x86.Build.0 = Release|x86
		{EE431788-2009-4183-B6F0-A8C786A69D44}.Release|x86.Deploy.0 = Release|x86
		{E660F80E-DDE3-4A82-8947-DF5998C659F3}.Debug|Any CPU.ActiveCfg = Debug|Any CPU
		{E660F80E-DDE3-4A82-8947-DF5998C659F3}.Debug|Any CPU.Build.0 = Debug|Any CPU
		{E660F80E-DDE3-4A82-8947-DF5998C659F3}.Debug|ARM.ActiveCfg = Debug|Any CPU
		{E660F80E-DDE3-4A82-8947-DF5998C659F3}.Debug|ARM.Build.0 = Debug|Any CPU
		{E660F80E-DDE3-4A82-8947-DF5998C659F3}.Debug|ARM64.ActiveCfg = Debug|Any CPU
		{E660F80E-DDE3-4A82-8947-DF5998C659F3}.Debug|ARM64.Build.0 = Debug|Any CPU
		{E660F80E-DDE3-4A82-8947-DF5998C659F3}.Debug|x64.ActiveCfg = Debug|Any CPU
		{E660F80E-DDE3-4A82-8947-DF5998C659F3}.Debug|x64.Build.0 = Debug|Any CPU
		{E660F80E-DDE3-4A82-8947-DF5998C659F3}.Debug|x86.ActiveCfg = Debug|Any CPU
		{E660F80E-DDE3-4A82-8947-DF5998C659F3}.Debug|x86.Build.0 = Debug|Any CPU
		{E660F80E-DDE3-4A82-8947-DF5998C659F3}.Release|Any CPU.ActiveCfg = Release|Any CPU
		{E660F80E-DDE3-4A82-8947-DF5998C659F3}.Release|Any CPU.Build.0 = Release|Any CPU
		{E660F80E-DDE3-4A82-8947-DF5998C659F3}.Release|ARM.ActiveCfg = Release|Any CPU
		{E660F80E-DDE3-4A82-8947-DF5998C659F3}.Release|ARM.Build.0 = Release|Any CPU
		{E660F80E-DDE3-4A82-8947-DF5998C659F3}.Release|ARM64.ActiveCfg = Release|Any CPU
		{E660F80E-DDE3-4A82-8947-DF5998C659F3}.Release|ARM64.Build.0 = Release|Any CPU
		{E660F80E-DDE3-4A82-8947-DF5998C659F3}.Release|x64.ActiveCfg = Release|Any CPU
		{E660F80E-DDE3-4A82-8947-DF5998C659F3}.Release|x64.Build.0 = Release|Any CPU
		{E660F80E-DDE3-4A82-8947-DF5998C659F3}.Release|x86.ActiveCfg = Release|Any CPU
		{E660F80E-DDE3-4A82-8947-DF5998C659F3}.Release|x86.Build.0 = Release|Any CPU
		{2036925F-ADA7-47A4-A8C7-449FBB347B4D}.Debug|Any CPU.ActiveCfg = Debug|x86
		{2036925F-ADA7-47A4-A8C7-449FBB347B4D}.Debug|ARM.ActiveCfg = Debug|ARM
		{2036925F-ADA7-47A4-A8C7-449FBB347B4D}.Debug|ARM.Build.0 = Debug|ARM
		{2036925F-ADA7-47A4-A8C7-449FBB347B4D}.Debug|ARM.Deploy.0 = Debug|ARM
		{2036925F-ADA7-47A4-A8C7-449FBB347B4D}.Debug|ARM64.ActiveCfg = Debug|ARM64
		{2036925F-ADA7-47A4-A8C7-449FBB347B4D}.Debug|ARM64.Build.0 = Debug|ARM64
		{2036925F-ADA7-47A4-A8C7-449FBB347B4D}.Debug|ARM64.Deploy.0 = Debug|ARM64
		{2036925F-ADA7-47A4-A8C7-449FBB347B4D}.Debug|x64.ActiveCfg = Debug|x64
		{2036925F-ADA7-47A4-A8C7-449FBB347B4D}.Debug|x64.Build.0 = Debug|x64
		{2036925F-ADA7-47A4-A8C7-449FBB347B4D}.Debug|x64.Deploy.0 = Debug|x64
		{2036925F-ADA7-47A4-A8C7-449FBB347B4D}.Debug|x86.ActiveCfg = Debug|x86
		{2036925F-ADA7-47A4-A8C7-449FBB347B4D}.Debug|x86.Build.0 = Debug|x86
		{2036925F-ADA7-47A4-A8C7-449FBB347B4D}.Debug|x86.Deploy.0 = Debug|x86
		{2036925F-ADA7-47A4-A8C7-449FBB347B4D}.Release|Any CPU.ActiveCfg = Release|x86
		{2036925F-ADA7-47A4-A8C7-449FBB347B4D}.Release|ARM.ActiveCfg = Release|ARM
		{2036925F-ADA7-47A4-A8C7-449FBB347B4D}.Release|ARM.Build.0 = Release|ARM
		{2036925F-ADA7-47A4-A8C7-449FBB347B4D}.Release|ARM.Deploy.0 = Release|ARM
		{2036925F-ADA7-47A4-A8C7-449FBB347B4D}.Release|ARM64.ActiveCfg = Release|ARM64
		{2036925F-ADA7-47A4-A8C7-449FBB347B4D}.Release|ARM64.Build.0 = Release|ARM64
		{2036925F-ADA7-47A4-A8C7-449FBB347B4D}.Release|ARM64.Deploy.0 = Release|ARM64
		{2036925F-ADA7-47A4-A8C7-449FBB347B4D}.Release|x64.ActiveCfg = Release|x64
		{2036925F-ADA7-47A4-A8C7-449FBB347B4D}.Release|x64.Build.0 = Release|x64
		{2036925F-ADA7-47A4-A8C7-449FBB347B4D}.Release|x64.Deploy.0 = Release|x64
		{2036925F-ADA7-47A4-A8C7-449FBB347B4D}.Release|x86.ActiveCfg = Release|x86
		{2036925F-ADA7-47A4-A8C7-449FBB347B4D}.Release|x86.Build.0 = Release|x86
		{2036925F-ADA7-47A4-A8C7-449FBB347B4D}.Release|x86.Deploy.0 = Release|x86
		{33B7C06E-0653-4F6B-9697-BB26258C9949}.Debug|Any CPU.ActiveCfg = Debug|Any CPU
		{33B7C06E-0653-4F6B-9697-BB26258C9949}.Debug|Any CPU.Build.0 = Debug|Any CPU
		{33B7C06E-0653-4F6B-9697-BB26258C9949}.Debug|ARM.ActiveCfg = Debug|Any CPU
		{33B7C06E-0653-4F6B-9697-BB26258C9949}.Debug|ARM.Build.0 = Debug|Any CPU
		{33B7C06E-0653-4F6B-9697-BB26258C9949}.Debug|ARM64.ActiveCfg = Debug|Any CPU
		{33B7C06E-0653-4F6B-9697-BB26258C9949}.Debug|ARM64.Build.0 = Debug|Any CPU
		{33B7C06E-0653-4F6B-9697-BB26258C9949}.Debug|x64.ActiveCfg = Debug|Any CPU
		{33B7C06E-0653-4F6B-9697-BB26258C9949}.Debug|x64.Build.0 = Debug|Any CPU
		{33B7C06E-0653-4F6B-9697-BB26258C9949}.Debug|x86.ActiveCfg = Debug|Any CPU
		{33B7C06E-0653-4F6B-9697-BB26258C9949}.Debug|x86.Build.0 = Debug|Any CPU
		{33B7C06E-0653-4F6B-9697-BB26258C9949}.Release|Any CPU.ActiveCfg = Release|Any CPU
		{33B7C06E-0653-4F6B-9697-BB26258C9949}.Release|Any CPU.Build.0 = Release|Any CPU
		{33B7C06E-0653-4F6B-9697-BB26258C9949}.Release|ARM.ActiveCfg = Release|Any CPU
		{33B7C06E-0653-4F6B-9697-BB26258C9949}.Release|ARM.Build.0 = Release|Any CPU
		{33B7C06E-0653-4F6B-9697-BB26258C9949}.Release|ARM64.ActiveCfg = Release|Any CPU
		{33B7C06E-0653-4F6B-9697-BB26258C9949}.Release|ARM64.Build.0 = Release|Any CPU
		{33B7C06E-0653-4F6B-9697-BB26258C9949}.Release|x64.ActiveCfg = Release|Any CPU
		{33B7C06E-0653-4F6B-9697-BB26258C9949}.Release|x64.Build.0 = Release|Any CPU
		{33B7C06E-0653-4F6B-9697-BB26258C9949}.Release|x86.ActiveCfg = Release|Any CPU
		{33B7C06E-0653-4F6B-9697-BB26258C9949}.Release|x86.Build.0 = Release|Any CPU
		{AC097E73-EAA6-4EFC-8C3C-4714A8E8FE98}.Debug|Any CPU.ActiveCfg = Debug|x86
		{AC097E73-EAA6-4EFC-8C3C-4714A8E8FE98}.Debug|ARM.ActiveCfg = Debug|ARM
		{AC097E73-EAA6-4EFC-8C3C-4714A8E8FE98}.Debug|ARM.Build.0 = Debug|ARM
		{AC097E73-EAA6-4EFC-8C3C-4714A8E8FE98}.Debug|ARM.Deploy.0 = Debug|ARM
		{AC097E73-EAA6-4EFC-8C3C-4714A8E8FE98}.Debug|ARM64.ActiveCfg = Debug|ARM64
		{AC097E73-EAA6-4EFC-8C3C-4714A8E8FE98}.Debug|ARM64.Build.0 = Debug|ARM64
		{AC097E73-EAA6-4EFC-8C3C-4714A8E8FE98}.Debug|ARM64.Deploy.0 = Debug|ARM64
		{AC097E73-EAA6-4EFC-8C3C-4714A8E8FE98}.Debug|x64.ActiveCfg = Debug|x64
		{AC097E73-EAA6-4EFC-8C3C-4714A8E8FE98}.Debug|x64.Build.0 = Debug|x64
		{AC097E73-EAA6-4EFC-8C3C-4714A8E8FE98}.Debug|x64.Deploy.0 = Debug|x64
		{AC097E73-EAA6-4EFC-8C3C-4714A8E8FE98}.Debug|x86.ActiveCfg = Debug|x86
		{AC097E73-EAA6-4EFC-8C3C-4714A8E8FE98}.Debug|x86.Build.0 = Debug|x86
		{AC097E73-EAA6-4EFC-8C3C-4714A8E8FE98}.Debug|x86.Deploy.0 = Debug|x86
		{AC097E73-EAA6-4EFC-8C3C-4714A8E8FE98}.Release|Any CPU.ActiveCfg = Release|x86
		{AC097E73-EAA6-4EFC-8C3C-4714A8E8FE98}.Release|ARM.ActiveCfg = Release|ARM
		{AC097E73-EAA6-4EFC-8C3C-4714A8E8FE98}.Release|ARM.Build.0 = Release|ARM
		{AC097E73-EAA6-4EFC-8C3C-4714A8E8FE98}.Release|ARM.Deploy.0 = Release|ARM
		{AC097E73-EAA6-4EFC-8C3C-4714A8E8FE98}.Release|ARM64.ActiveCfg = Release|ARM64
		{AC097E73-EAA6-4EFC-8C3C-4714A8E8FE98}.Release|ARM64.Build.0 = Release|ARM64
		{AC097E73-EAA6-4EFC-8C3C-4714A8E8FE98}.Release|ARM64.Deploy.0 = Release|ARM64
		{AC097E73-EAA6-4EFC-8C3C-4714A8E8FE98}.Release|x64.ActiveCfg = Release|x64
		{AC097E73-EAA6-4EFC-8C3C-4714A8E8FE98}.Release|x64.Build.0 = Release|x64
		{AC097E73-EAA6-4EFC-8C3C-4714A8E8FE98}.Release|x64.Deploy.0 = Release|x64
		{AC097E73-EAA6-4EFC-8C3C-4714A8E8FE98}.Release|x86.ActiveCfg = Release|x86
		{AC097E73-EAA6-4EFC-8C3C-4714A8E8FE98}.Release|x86.Build.0 = Release|x86
		{AC097E73-EAA6-4EFC-8C3C-4714A8E8FE98}.Release|x86.Deploy.0 = Release|x86
		{2A6B7826-AC41-46AC-ABF4-434182638D2E}.Debug|Any CPU.ActiveCfg = Debug|Any CPU
		{2A6B7826-AC41-46AC-ABF4-434182638D2E}.Debug|Any CPU.Build.0 = Debug|Any CPU
		{2A6B7826-AC41-46AC-ABF4-434182638D2E}.Debug|ARM.ActiveCfg = Debug|Any CPU
		{2A6B7826-AC41-46AC-ABF4-434182638D2E}.Debug|ARM.Build.0 = Debug|Any CPU
		{2A6B7826-AC41-46AC-ABF4-434182638D2E}.Debug|ARM64.ActiveCfg = Debug|Any CPU
		{2A6B7826-AC41-46AC-ABF4-434182638D2E}.Debug|ARM64.Build.0 = Debug|Any CPU
		{2A6B7826-AC41-46AC-ABF4-434182638D2E}.Debug|x64.ActiveCfg = Debug|Any CPU
		{2A6B7826-AC41-46AC-ABF4-434182638D2E}.Debug|x64.Build.0 = Debug|Any CPU
		{2A6B7826-AC41-46AC-ABF4-434182638D2E}.Debug|x86.ActiveCfg = Debug|Any CPU
		{2A6B7826-AC41-46AC-ABF4-434182638D2E}.Debug|x86.Build.0 = Debug|Any CPU
		{2A6B7826-AC41-46AC-ABF4-434182638D2E}.Release|Any CPU.ActiveCfg = Release|Any CPU
		{2A6B7826-AC41-46AC-ABF4-434182638D2E}.Release|Any CPU.Build.0 = Release|Any CPU
		{2A6B7826-AC41-46AC-ABF4-434182638D2E}.Release|ARM.ActiveCfg = Release|Any CPU
		{2A6B7826-AC41-46AC-ABF4-434182638D2E}.Release|ARM.Build.0 = Release|Any CPU
		{2A6B7826-AC41-46AC-ABF4-434182638D2E}.Release|ARM64.ActiveCfg = Release|Any CPU
		{2A6B7826-AC41-46AC-ABF4-434182638D2E}.Release|ARM64.Build.0 = Release|Any CPU
		{2A6B7826-AC41-46AC-ABF4-434182638D2E}.Release|x64.ActiveCfg = Release|Any CPU
		{2A6B7826-AC41-46AC-ABF4-434182638D2E}.Release|x64.Build.0 = Release|Any CPU
		{2A6B7826-AC41-46AC-ABF4-434182638D2E}.Release|x86.ActiveCfg = Release|Any CPU
		{2A6B7826-AC41-46AC-ABF4-434182638D2E}.Release|x86.Build.0 = Release|Any CPU
	EndGlobalSection
	GlobalSection(SolutionProperties) = preSolution
		HideSolutionNode = FALSE
	EndGlobalSection
	GlobalSection(NestedProjects) = preSolution
		{80C65FA4-C269-470B-9499-0D26A549E2FA} = {892E4AFA-6526-4CA8-BB3F-B47C8F293C6C}
		{3C77F98D-CFDA-416E-8B59-6F866EE6C0AD} = {2ACD650E-2887-498C-AC90-17233B5AD306}
		{2ACD650E-2887-498C-AC90-17233B5AD306} = {381E6158-59BC-4D40-9F33-084C4140E44D}
		{B6D4F82A-CDE3-4797-B2C3-45A18FDADC85} = {2ACD650E-2887-498C-AC90-17233B5AD306}
		{627635C3-AD48-4CC1-960D-F3C60D8E3C3B} = {892E4AFA-6526-4CA8-BB3F-B47C8F293C6C}
		{21F1B8EE-FCA1-43F2-BC94-34D6E014F33F} = {2ACD650E-2887-498C-AC90-17233B5AD306}
		{ED8BB6C9-1ECB-46A3-8B42-47E7D765213B} = {381E6158-59BC-4D40-9F33-084C4140E44D}
		{42CB8100-9E7C-4F4F-9A99-1A1EC746AB09} = {ED8BB6C9-1ECB-46A3-8B42-47E7D765213B}
		{FC271327-552A-4F0E-90BD-4DF426E88F0B} = {381E6158-59BC-4D40-9F33-084C4140E44D}
		{345BA2CF-EA5C-4081-B5B4-E9DEED03DBF4} = {FC271327-552A-4F0E-90BD-4DF426E88F0B}
		{85553A30-6C09-40F6-8CAF-9CE69F08B2C4} = {FC271327-552A-4F0E-90BD-4DF426E88F0B}
		{0D154D72-5986-4689-BDF2-6A9262FD36DB} = {B5D566BC-D7FC-4658-ABDC-B6993A77EF0A}
		{C19A64CD-7662-4572-9FE7-573E7BEA90F4} = {B5D566BC-D7FC-4658-ABDC-B6993A77EF0A}
		{AA3712F8-2705-4E93-A1E3-AAA660DFFDCC} = {FC271327-552A-4F0E-90BD-4DF426E88F0B}
		{6EE0E550-A7D5-4D7D-9F55-812AA129E1A0} = {ED8BB6C9-1ECB-46A3-8B42-47E7D765213B}
		{13D1782A-7437-4D03-BB7C-C12B04179D39} = {ED8BB6C9-1ECB-46A3-8B42-47E7D765213B}
		{CAA4C5B3-531D-43B7-80D4-446C7470FADE} = {381E6158-59BC-4D40-9F33-084C4140E44D}
		{15016863-3F9C-4A66-BD38-A0CEE5B63AB5} = {381E6158-59BC-4D40-9F33-084C4140E44D}
		{EE431788-2009-4183-B6F0-A8C786A69D44} = {CAA4C5B3-531D-43B7-80D4-446C7470FADE}
		{E660F80E-DDE3-4A82-8947-DF5998C659F3} = {CAA4C5B3-531D-43B7-80D4-446C7470FADE}
		{2036925F-ADA7-47A4-A8C7-449FBB347B4D} = {15016863-3F9C-4A66-BD38-A0CEE5B63AB5}
		{33B7C06E-0653-4F6B-9697-BB26258C9949} = {15016863-3F9C-4A66-BD38-A0CEE5B63AB5}
		{D2140C16-7982-44BA-92A1-463036E33C9A} = {381E6158-59BC-4D40-9F33-084C4140E44D}
		{AC097E73-EAA6-4EFC-8C3C-4714A8E8FE98} = {D2140C16-7982-44BA-92A1-463036E33C9A}
		{2A6B7826-AC41-46AC-ABF4-434182638D2E} = {D2140C16-7982-44BA-92A1-463036E33C9A}
	EndGlobalSection
	GlobalSection(ExtensibilityGlobals) = postSolution
		SolutionGuid = {ED552938-F303-42AA-9225-9FC231B27BB4}
	EndGlobalSection
EndGlobal
