
Microsoft Visual Studio Solution File, Format Version 12.00
# Visual Studio Version 16
VisualStudioVersion = 16.0.30204.135
MinimumVisualStudioVersion = 10.0.40219.1
Project("{FAE04EC0-301F-11D3-BF4B-00C04F79EFBC}") = "Physics.DragMovement.Logic", "Physics.DragMovement.Logic\Physics.DragMovement.Logic.csproj", "{EF19DBE9-54A1-4CFD-9820-0973469BC14C}"
EndProject
Global
	GlobalSection(SolutionConfigurationPlatforms) = preSolution
		Debug|Any CPU = Debug|Any CPU
		Release|Any CPU = Release|Any CPU
	EndGlobalSection
	GlobalSection(ProjectConfigurationPlatforms) = postSolution
		{EF19DBE9-54A1-4CFD-9820-0973469BC14C}.Debug|Any CPU.ActiveCfg = Debug|Any CPU
		{EF19DBE9-54A1-4CFD-9820-0973469BC14C}.Debug|Any CPU.Build.0 = Debug|Any CPU
		{EF19DBE9-54A1-4CFD-9820-0973469BC14C}.Release|Any CPU.ActiveCfg = Release|Any CPU
		{EF19DBE9-54A1-4CFD-9820-0973469BC14C}.Release|Any CPU.Build.0 = Release|Any CPU
	EndGlobalSection
	GlobalSection(SolutionProperties) = preSolution
		HideSolutionNode = FALSE
	EndGlobalSection
	GlobalSection(ExtensibilityGlobals) = postSolution
		SolutionGuid = {22F65F85-F018-4CB1-B88F-3FACE8A672D8}
	EndGlobalSection
EndGlobal
