
Microsoft Visual Studio Solution File, Format Version 12.00
# Visual Studio Version 16
VisualStudioVersion = 16.0.31005.135
MinimumVisualStudioVersion = 10.0.40219.1
Project("{FAE04EC0-301F-11D3-BF4B-00C04F79EFBC}") = "Physics.RadioactiveDecay", "Physics.RadioactiveDecay\Physics.RadioactiveDecay.csproj", "{467B729B-1FD6-4F8C-BF1D-0AF87A36C465}"
EndProject
Global
	GlobalSection(SolutionConfigurationPlatforms) = preSolution
		Debug|ARM = Debug|ARM
		Debug|ARM64 = Debug|ARM64
		Debug|x64 = Debug|x64
		Debug|x86 = Debug|x86
		Release|ARM = Release|ARM
		Release|ARM64 = Release|ARM64
		Release|x64 = Release|x64
		Release|x86 = Release|x86
	EndGlobalSection
	GlobalSection(ProjectConfigurationPlatforms) = postSolution
		{467B729B-1FD6-4F8C-BF1D-0AF87A36C465}.Debug|ARM.ActiveCfg = Debug|ARM
		{467B729B-1FD6-4F8C-BF1D-0AF87A36C465}.Debug|ARM.Build.0 = Debug|ARM
		{467B729B-1FD6-4F8C-BF1D-0AF87A36C465}.Debug|ARM.Deploy.0 = Debug|ARM
		{467B729B-1FD6-4F8C-BF1D-0AF87A36C465}.Debug|ARM64.ActiveCfg = Debug|ARM64
		{467B729B-1FD6-4F8C-BF1D-0AF87A36C465}.Debug|ARM64.Build.0 = Debug|ARM64
		{467B729B-1FD6-4F8C-BF1D-0AF87A36C465}.Debug|ARM64.Deploy.0 = Debug|ARM64
		{467B729B-1FD6-4F8C-BF1D-0AF87A36C465}.Debug|x64.ActiveCfg = Debug|x64
		{467B729B-1FD6-4F8C-BF1D-0AF87A36C465}.Debug|x64.Build.0 = Debug|x64
		{467B729B-1FD6-4F8C-BF1D-0AF87A36C465}.Debug|x64.Deploy.0 = Debug|x64
		{467B729B-1FD6-4F8C-BF1D-0AF87A36C465}.Debug|x86.ActiveCfg = Debug|x86
		{467B729B-1FD6-4F8C-BF1D-0AF87A36C465}.Debug|x86.Build.0 = Debug|x86
		{467B729B-1FD6-4F8C-BF1D-0AF87A36C465}.Debug|x86.Deploy.0 = Debug|x86
		{467B729B-1FD6-4F8C-BF1D-0AF87A36C465}.Release|ARM.ActiveCfg = Release|ARM
		{467B729B-1FD6-4F8C-BF1D-0AF87A36C465}.Release|ARM.Build.0 = Release|ARM
		{467B729B-1FD6-4F8C-BF1D-0AF87A36C465}.Release|ARM.Deploy.0 = Release|ARM
		{467B729B-1FD6-4F8C-BF1D-0AF87A36C465}.Release|ARM64.ActiveCfg = Release|ARM64
		{467B729B-1FD6-4F8C-BF1D-0AF87A36C465}.Release|ARM64.Build.0 = Release|ARM64
		{467B729B-1FD6-4F8C-BF1D-0AF87A36C465}.Release|ARM64.Deploy.0 = Release|ARM64
		{467B729B-1FD6-4F8C-BF1D-0AF87A36C465}.Release|x64.ActiveCfg = Release|x64
		{467B729B-1FD6-4F8C-BF1D-0AF87A36C465}.Release|x64.Build.0 = Release|x64
		{467B729B-1FD6-4F8C-BF1D-0AF87A36C465}.Release|x64.Deploy.0 = Release|x64
		{467B729B-1FD6-4F8C-BF1D-0AF87A36C465}.Release|x86.ActiveCfg = Release|x86
		{467B729B-1FD6-4F8C-BF1D-0AF87A36C465}.Release|x86.Build.0 = Release|x86
		{467B729B-1FD6-4F8C-BF1D-0AF87A36C465}.Release|x86.Deploy.0 = Release|x86
	EndGlobalSection
	GlobalSection(SolutionProperties) = preSolution
		HideSolutionNode = FALSE
	EndGlobalSection
	GlobalSection(ExtensibilityGlobals) = postSolution
		SolutionGuid = {D721F454-EFFB-474C-80D8-7E1DC646AE89}
	EndGlobalSection
EndGlobal
